// !$*UTF8*$!
{
	archiveVersion = 1;
	classes = {
	};
	objectVersion = 51;
	objects = {

/* Begin PBXBuildFile section */
		090DF56B7522BB73D68AECE9 /* Pods_Storages.framework in Frameworks */ = {isa = PBXBuildFile; fileRef = AF29885AD661F4FFD3B166B2 /* Pods_Storages.framework */; };
		5639F5C57363B9D4E909B401 /* Pods_StoragesUnitTests.framework in Frameworks */ = {isa = PBXBuildFile; fileRef = 101E4EA4FCA187F0E61C9088 /* Pods_StoragesUnitTests.framework */; };
		BC3E79DD238521200052AF7A /* AuthStorageInput.swift in Sources */ = {isa = PBXBuildFile; fileRef = BC3E79DC238521200052AF7A /* AuthStorageInput.swift */; };
		BC3E79DF238521450052AF7A /* AuthStorageOutput.swift in Sources */ = {isa = PBXBuildFile; fileRef = BC3E79DE238521450052AF7A /* AuthStorageOutput.swift */; };
		BC3E79E12385215B0052AF7A /* AuthStorage.swift in Sources */ = {isa = PBXBuildFile; fileRef = BC3E79E02385215B0052AF7A /* AuthStorage.swift */; };
		BC3E7A0323852EF70052AF7A /* AuthUserIdHolder.swift in Sources */ = {isa = PBXBuildFile; fileRef = BC3E7A0223852EF70052AF7A /* AuthUserIdHolder.swift */; };
		BC45C64D2386D5C60096EBD2 /* CSUser+Import.swift in Sources */ = {isa = PBXBuildFile; fileRef = BC45C64C2386D5C60096EBD2 /* CSUser+Import.swift */; };
		BC45C64F2386D5E80096EBD2 /* CSUser+Export.swift in Sources */ = {isa = PBXBuildFile; fileRef = BC45C64E2386D5E80096EBD2 /* CSUser+Export.swift */; };
		BC5B4BBC23927E9500896A98 /* FakeAuthStorage.swift in Sources */ = {isa = PBXBuildFile; fileRef = BC5B4BBB23927E9500896A98 /* FakeAuthStorage.swift */; };
		BC604C052384E9C800FA5588 /* Storages.framework in Frameworks */ = {isa = PBXBuildFile; fileRef = BC604BFB2384E9C800FA5588 /* Storages.framework */; };
		BC604C0A2384E9C800FA5588 /* AuthStorageTests.swift in Sources */ = {isa = PBXBuildFile; fileRef = BC604C092384E9C800FA5588 /* AuthStorageTests.swift */; };
		BC604C0C2384E9C800FA5588 /* Storages.h in Headers */ = {isa = PBXBuildFile; fileRef = BC604BFE2384E9C800FA5588 /* Storages.h */; settings = {ATTRIBUTES = (Public, ); }; };
		BC8BF36B238900B000B754AF /* CSGame.swift in Sources */ = {isa = PBXBuildFile; fileRef = BC8BF36A238900B000B754AF /* CSGame.swift */; };
		BC8BF36D2389013100B754AF /* CSGameOwner.swift in Sources */ = {isa = PBXBuildFile; fileRef = BC8BF36C2389013100B754AF /* CSGameOwner.swift */; };
		BC8BF36F2389016500B754AF /* CSAchievement.swift in Sources */ = {isa = PBXBuildFile; fileRef = BC8BF36E2389016500B754AF /* CSAchievement.swift */; };
		BC8BF3712389017100B754AF /* CSStat.swift in Sources */ = {isa = PBXBuildFile; fileRef = BC8BF3702389017100B754AF /* CSStat.swift */; };
		BC8BF3732389069F00B754AF /* CSAchievementValue.swift in Sources */ = {isa = PBXBuildFile; fileRef = BC8BF3722389069F00B754AF /* CSAchievementValue.swift */; };
		BC8BF375238906A400B754AF /* CSStatValue.swift in Sources */ = {isa = PBXBuildFile; fileRef = BC8BF374238906A300B754AF /* CSStatValue.swift */; };
		BC8BF377238939CC00B754AF /* GamesStorageInput.swift in Sources */ = {isa = PBXBuildFile; fileRef = BC8BF376238939CC00B754AF /* GamesStorageInput.swift */; };
		BC8BF379238939D600B754AF /* GamesStorageOutput.swift in Sources */ = {isa = PBXBuildFile; fileRef = BC8BF378238939D600B754AF /* GamesStorageOutput.swift */; };
		BC8BF37B238939DC00B754AF /* GamesStorage.swift in Sources */ = {isa = PBXBuildFile; fileRef = BC8BF37A238939DC00B754AF /* GamesStorage.swift */; };
		BC8BF39723893CBC00B754AF /* Core.framework in Frameworks */ = {isa = PBXBuildFile; fileRef = BC8BF39623893CBC00B754AF /* Core.framework */; };
		BC8BF39823893CBC00B754AF /* Core.framework in Embed Frameworks */ = {isa = PBXBuildFile; fileRef = BC8BF39623893CBC00B754AF /* Core.framework */; settings = {ATTRIBUTES = (CodeSignOnCopy, RemoveHeadersOnCopy, ); }; };
		BC8C1B2523869A02000A80BA /* CSUser.swift in Sources */ = {isa = PBXBuildFile; fileRef = BC8C1B2423869A02000A80BA /* CSUser.swift */; };
		BC8C1B272386A7BB000A80BA /* UsersStorageInput.swift in Sources */ = {isa = PBXBuildFile; fileRef = BC8C1B262386A7BB000A80BA /* UsersStorageInput.swift */; };
		BC8C1B292386A7CF000A80BA /* UsersStorageOutput.swift in Sources */ = {isa = PBXBuildFile; fileRef = BC8C1B282386A7CF000A80BA /* UsersStorageOutput.swift */; };
		BC8C1B2B2386A7E4000A80BA /* UsersStorage.swift in Sources */ = {isa = PBXBuildFile; fileRef = BC8C1B2A2386A7E4000A80BA /* UsersStorage.swift */; };
		BCC0232523853DB200D59337 /* DataStackTestable.swift in Sources */ = {isa = PBXBuildFile; fileRef = BCC0232423853DB200D59337 /* DataStackTestable.swift */; };
		BCD22C3C238D5FE00020885E /* CSStat+Export.swift in Sources */ = {isa = PBXBuildFile; fileRef = BCD22C3B238D5FE00020885E /* CSStat+Export.swift */; };
		BCE32221238AF83200792F50 /* CSGame+Import.swift in Sources */ = {isa = PBXBuildFile; fileRef = BCE32220238AF83200792F50 /* CSGame+Import.swift */; };
		BCE32223238AF8BF00792F50 /* CSGame+Export.swift in Sources */ = {isa = PBXBuildFile; fileRef = BCE32222238AF8BF00792F50 /* CSGame+Export.swift */; };
		BCE32225238AFB1400792F50 /* CSStat+Import.swift in Sources */ = {isa = PBXBuildFile; fileRef = BCE32224238AFB1400792F50 /* CSStat+Import.swift */; };
		BCE32227238AFCB100792F50 /* CSStatValue+Import.swift in Sources */ = {isa = PBXBuildFile; fileRef = BCE32226238AFCB100792F50 /* CSStatValue+Import.swift */; };
		BCE32229238AFD2F00792F50 /* CSStatValue+Export.swift in Sources */ = {isa = PBXBuildFile; fileRef = BCE32228238AFD2F00792F50 /* CSStatValue+Export.swift */; };
		BCE3222B238AFFBF00792F50 /* CSAchievement+Import.swift in Sources */ = {isa = PBXBuildFile; fileRef = BCE3222A238AFFBF00792F50 /* CSAchievement+Import.swift */; };
		BCE3222D238B003D00792F50 /* CSAchievementValue+Import.swift in Sources */ = {isa = PBXBuildFile; fileRef = BCE3222C238B003D00792F50 /* CSAchievementValue+Import.swift */; };
		BCE3222F238B016700792F50 /* CSAchievement+Export.swift in Sources */ = {isa = PBXBuildFile; fileRef = BCE3222E238B016700792F50 /* CSAchievement+Export.swift */; };
/* End PBXBuildFile section */

/* Begin PBXContainerItemProxy section */
		BC604C062384E9C800FA5588 /* PBXContainerItemProxy */ = {
			isa = PBXContainerItemProxy;
			containerPortal = BC604BF22384E9C800FA5588 /* Project object */;
			proxyType = 1;
			remoteGlobalIDString = BC604BFA2384E9C800FA5588;
			remoteInfo = Storages;
		};
/* End PBXContainerItemProxy section */

/* Begin PBXCopyFilesBuildPhase section */
		BC8BF39923893CBC00B754AF /* Embed Frameworks */ = {
			isa = PBXCopyFilesBuildPhase;
			buildActionMask = 2147483647;
			dstPath = "";
			dstSubfolderSpec = 10;
			files = (
				BC8BF39823893CBC00B754AF /* Core.framework in Embed Frameworks */,
			);
			name = "Embed Frameworks";
			runOnlyForDeploymentPostprocessing = 0;
		};
/* End PBXCopyFilesBuildPhase section */

/* Begin PBXFileReference section */
		101E4EA4FCA187F0E61C9088 /* Pods_StoragesUnitTests.framework */ = {isa = PBXFileReference; explicitFileType = wrapper.framework; includeInIndex = 0; path = Pods_StoragesUnitTests.framework; sourceTree = BUILT_PRODUCTS_DIR; };
		502EC18D94D9F5A7E54DE3A9 /* Pods-StoragesUnitTests.release.xcconfig */ = {isa = PBXFileReference; includeInIndex = 1; lastKnownFileType = text.xcconfig; name = "Pods-StoragesUnitTests.release.xcconfig"; path = "Target Support Files/Pods-StoragesUnitTests/Pods-StoragesUnitTests.release.xcconfig"; sourceTree = "<group>"; };
		93608A8F0093FDAE842A2831 /* Pods-Storages.debug.xcconfig */ = {isa = PBXFileReference; includeInIndex = 1; lastKnownFileType = text.xcconfig; name = "Pods-Storages.debug.xcconfig"; path = "Target Support Files/Pods-Storages/Pods-Storages.debug.xcconfig"; sourceTree = "<group>"; };
		AF29885AD661F4FFD3B166B2 /* Pods_Storages.framework */ = {isa = PBXFileReference; explicitFileType = wrapper.framework; includeInIndex = 0; path = Pods_Storages.framework; sourceTree = BUILT_PRODUCTS_DIR; };
		BC3E79DC238521200052AF7A /* AuthStorageInput.swift */ = {isa = PBXFileReference; lastKnownFileType = sourcecode.swift; path = AuthStorageInput.swift; sourceTree = "<group>"; };
		BC3E79DE238521450052AF7A /* AuthStorageOutput.swift */ = {isa = PBXFileReference; lastKnownFileType = sourcecode.swift; path = AuthStorageOutput.swift; sourceTree = "<group>"; };
		BC3E79E02385215B0052AF7A /* AuthStorage.swift */ = {isa = PBXFileReference; lastKnownFileType = sourcecode.swift; path = AuthStorage.swift; sourceTree = "<group>"; };
		BC3E7A0223852EF70052AF7A /* AuthUserIdHolder.swift */ = {isa = PBXFileReference; lastKnownFileType = sourcecode.swift; path = AuthUserIdHolder.swift; sourceTree = "<group>"; };
		BC45C64C2386D5C60096EBD2 /* CSUser+Import.swift */ = {isa = PBXFileReference; lastKnownFileType = sourcecode.swift; path = "CSUser+Import.swift"; sourceTree = "<group>"; };
		BC45C64E2386D5E80096EBD2 /* CSUser+Export.swift */ = {isa = PBXFileReference; lastKnownFileType = sourcecode.swift; path = "CSUser+Export.swift"; sourceTree = "<group>"; };
		BC5B4BBB23927E9500896A98 /* FakeAuthStorage.swift */ = {isa = PBXFileReference; lastKnownFileType = sourcecode.swift; path = FakeAuthStorage.swift; sourceTree = "<group>"; };
		BC604BFB2384E9C800FA5588 /* Storages.framework */ = {isa = PBXFileReference; explicitFileType = wrapper.framework; includeInIndex = 0; path = Storages.framework; sourceTree = BUILT_PRODUCTS_DIR; };
		BC604BFE2384E9C800FA5588 /* Storages.h */ = {isa = PBXFileReference; lastKnownFileType = sourcecode.c.h; path = Storages.h; sourceTree = "<group>"; };
		BC604BFF2384E9C800FA5588 /* Info.plist */ = {isa = PBXFileReference; lastKnownFileType = text.plist.xml; path = Info.plist; sourceTree = "<group>"; };
		BC604C042384E9C800FA5588 /* StoragesUnitTests.xctest */ = {isa = PBXFileReference; explicitFileType = wrapper.cfbundle; includeInIndex = 0; path = StoragesUnitTests.xctest; sourceTree = BUILT_PRODUCTS_DIR; };
		BC604C092384E9C800FA5588 /* AuthStorageTests.swift */ = {isa = PBXFileReference; lastKnownFileType = sourcecode.swift; path = AuthStorageTests.swift; sourceTree = "<group>"; };
		BC604C0B2384E9C800FA5588 /* Info.plist */ = {isa = PBXFileReference; lastKnownFileType = text.plist.xml; path = Info.plist; sourceTree = "<group>"; };
		BC8BF36A238900B000B754AF /* CSGame.swift */ = {isa = PBXFileReference; lastKnownFileType = sourcecode.swift; path = CSGame.swift; sourceTree = "<group>"; };
		BC8BF36C2389013100B754AF /* CSGameOwner.swift */ = {isa = PBXFileReference; lastKnownFileType = sourcecode.swift; path = CSGameOwner.swift; sourceTree = "<group>"; };
		BC8BF36E2389016500B754AF /* CSAchievement.swift */ = {isa = PBXFileReference; lastKnownFileType = sourcecode.swift; path = CSAchievement.swift; sourceTree = "<group>"; };
		BC8BF3702389017100B754AF /* CSStat.swift */ = {isa = PBXFileReference; lastKnownFileType = sourcecode.swift; path = CSStat.swift; sourceTree = "<group>"; };
		BC8BF3722389069F00B754AF /* CSAchievementValue.swift */ = {isa = PBXFileReference; fileEncoding = 4; lastKnownFileType = sourcecode.swift; path = CSAchievementValue.swift; sourceTree = "<group>"; };
		BC8BF374238906A300B754AF /* CSStatValue.swift */ = {isa = PBXFileReference; fileEncoding = 4; lastKnownFileType = sourcecode.swift; path = CSStatValue.swift; sourceTree = "<group>"; };
		BC8BF376238939CC00B754AF /* GamesStorageInput.swift */ = {isa = PBXFileReference; lastKnownFileType = sourcecode.swift; path = GamesStorageInput.swift; sourceTree = "<group>"; };
		BC8BF378238939D600B754AF /* GamesStorageOutput.swift */ = {isa = PBXFileReference; lastKnownFileType = sourcecode.swift; path = GamesStorageOutput.swift; sourceTree = "<group>"; };
		BC8BF37A238939DC00B754AF /* GamesStorage.swift */ = {isa = PBXFileReference; lastKnownFileType = sourcecode.swift; path = GamesStorage.swift; sourceTree = "<group>"; };
		BC8BF39623893CBC00B754AF /* Core.framework */ = {isa = PBXFileReference; explicitFileType = wrapper.framework; path = Core.framework; sourceTree = BUILT_PRODUCTS_DIR; };
		BC8C1B2423869A02000A80BA /* CSUser.swift */ = {isa = PBXFileReference; lastKnownFileType = sourcecode.swift; path = CSUser.swift; sourceTree = "<group>"; };
		BC8C1B262386A7BB000A80BA /* UsersStorageInput.swift */ = {isa = PBXFileReference; lastKnownFileType = sourcecode.swift; path = UsersStorageInput.swift; sourceTree = "<group>"; };
		BC8C1B282386A7CF000A80BA /* UsersStorageOutput.swift */ = {isa = PBXFileReference; lastKnownFileType = sourcecode.swift; path = UsersStorageOutput.swift; sourceTree = "<group>"; };
		BC8C1B2A2386A7E4000A80BA /* UsersStorage.swift */ = {isa = PBXFileReference; lastKnownFileType = sourcecode.swift; path = UsersStorage.swift; sourceTree = "<group>"; };
		BCC0232423853DB200D59337 /* DataStackTestable.swift */ = {isa = PBXFileReference; lastKnownFileType = sourcecode.swift; path = DataStackTestable.swift; sourceTree = "<group>"; };
		BCD22C3B238D5FE00020885E /* CSStat+Export.swift */ = {isa = PBXFileReference; fileEncoding = 4; lastKnownFileType = sourcecode.swift; path = "CSStat+Export.swift"; sourceTree = "<group>"; };
		BCE32220238AF83200792F50 /* CSGame+Import.swift */ = {isa = PBXFileReference; lastKnownFileType = sourcecode.swift; path = "CSGame+Import.swift"; sourceTree = "<group>"; };
		BCE32222238AF8BF00792F50 /* CSGame+Export.swift */ = {isa = PBXFileReference; lastKnownFileType = sourcecode.swift; path = "CSGame+Export.swift"; sourceTree = "<group>"; };
		BCE32224238AFB1400792F50 /* CSStat+Import.swift */ = {isa = PBXFileReference; lastKnownFileType = sourcecode.swift; path = "CSStat+Import.swift"; sourceTree = "<group>"; };
		BCE32226238AFCB100792F50 /* CSStatValue+Import.swift */ = {isa = PBXFileReference; lastKnownFileType = sourcecode.swift; path = "CSStatValue+Import.swift"; sourceTree = "<group>"; };
		BCE32228238AFD2F00792F50 /* CSStatValue+Export.swift */ = {isa = PBXFileReference; lastKnownFileType = sourcecode.swift; path = "CSStatValue+Export.swift"; sourceTree = "<group>"; };
		BCE3222A238AFFBF00792F50 /* CSAchievement+Import.swift */ = {isa = PBXFileReference; lastKnownFileType = sourcecode.swift; path = "CSAchievement+Import.swift"; sourceTree = "<group>"; };
		BCE3222C238B003D00792F50 /* CSAchievementValue+Import.swift */ = {isa = PBXFileReference; lastKnownFileType = sourcecode.swift; path = "CSAchievementValue+Import.swift"; sourceTree = "<group>"; };
		BCE3222E238B016700792F50 /* CSAchievement+Export.swift */ = {isa = PBXFileReference; lastKnownFileType = sourcecode.swift; path = "CSAchievement+Export.swift"; sourceTree = "<group>"; };
		CE25D0EE90394E92E17CA869 /* Pods-Storages.release.xcconfig */ = {isa = PBXFileReference; includeInIndex = 1; lastKnownFileType = text.xcconfig; name = "Pods-Storages.release.xcconfig"; path = "Target Support Files/Pods-Storages/Pods-Storages.release.xcconfig"; sourceTree = "<group>"; };
		E02CC4AC8B8080D8FF3C8803 /* Pods-StoragesUnitTests.debug.xcconfig */ = {isa = PBXFileReference; includeInIndex = 1; lastKnownFileType = text.xcconfig; name = "Pods-StoragesUnitTests.debug.xcconfig"; path = "Target Support Files/Pods-StoragesUnitTests/Pods-StoragesUnitTests.debug.xcconfig"; sourceTree = "<group>"; };
/* End PBXFileReference section */

/* Begin PBXFrameworksBuildPhase section */
		BC604BF82384E9C800FA5588 /* Frameworks */ = {
			isa = PBXFrameworksBuildPhase;
			buildActionMask = 2147483647;
			files = (
				090DF56B7522BB73D68AECE9 /* Pods_Storages.framework in Frameworks */,
				BC8BF39723893CBC00B754AF /* Core.framework in Frameworks */,
			);
			runOnlyForDeploymentPostprocessing = 0;
		};
		BC604C012384E9C800FA5588 /* Frameworks */ = {
			isa = PBXFrameworksBuildPhase;
			buildActionMask = 2147483647;
			files = (
				BC604C052384E9C800FA5588 /* Storages.framework in Frameworks */,
				5639F5C57363B9D4E909B401 /* Pods_StoragesUnitTests.framework in Frameworks */,
			);
			runOnlyForDeploymentPostprocessing = 0;
		};
/* End PBXFrameworksBuildPhase section */

/* Begin PBXGroup section */
		6EEF09E8BE1121EBDB800202 /* Frameworks */ = {
			isa = PBXGroup;
			children = (
				BC8BF39623893CBC00B754AF /* Core.framework */,
				AF29885AD661F4FFD3B166B2 /* Pods_Storages.framework */,
				101E4EA4FCA187F0E61C9088 /* Pods_StoragesUnitTests.framework */,
			);
			name = Frameworks;
			sourceTree = "<group>";
		};
		9185D1FB3C50E19ADF72B86B /* Pods */ = {
			isa = PBXGroup;
			children = (
				93608A8F0093FDAE842A2831 /* Pods-Storages.debug.xcconfig */,
				CE25D0EE90394E92E17CA869 /* Pods-Storages.release.xcconfig */,
				E02CC4AC8B8080D8FF3C8803 /* Pods-StoragesUnitTests.debug.xcconfig */,
				502EC18D94D9F5A7E54DE3A9 /* Pods-StoragesUnitTests.release.xcconfig */,
			);
			name = Pods;
			path = ../Pods;
			sourceTree = "<group>";
		};
		BC3E79DB238521100052AF7A /* AuthStorage */ = {
			isa = PBXGroup;
			children = (
				BC3E7A0423852FC20052AF7A /* Objects */,
				BC3E79DC238521200052AF7A /* AuthStorageInput.swift */,
				BC3E79DE238521450052AF7A /* AuthStorageOutput.swift */,
				BC3E79E02385215B0052AF7A /* AuthStorage.swift */,
			);
			path = AuthStorage;
			sourceTree = "<group>";
		};
		BC3E7A0423852FC20052AF7A /* Objects */ = {
			isa = PBXGroup;
			children = (
				BC3E7A0223852EF70052AF7A /* AuthUserIdHolder.swift */,
			);
			path = Objects;
			sourceTree = "<group>";
		};
		BC5B4BBA23927E8100896A98 /* Mocks */ = {
			isa = PBXGroup;
			children = (
				BC5B4BBB23927E9500896A98 /* FakeAuthStorage.swift */,
			);
			path = Mocks;
			sourceTree = "<group>";
		};
		BC604BF12384E9C800FA5588 = {
			isa = PBXGroup;
			children = (
				BC604BFD2384E9C800FA5588 /* Main */,
				BC604C082384E9C800FA5588 /* UnitTests */,
				BC604BFC2384E9C800FA5588 /* Products */,
				9185D1FB3C50E19ADF72B86B /* Pods */,
				6EEF09E8BE1121EBDB800202 /* Frameworks */,
			);
			sourceTree = "<group>";
		};
		BC604BFC2384E9C800FA5588 /* Products */ = {
			isa = PBXGroup;
			children = (
				BC604BFB2384E9C800FA5588 /* Storages.framework */,
				BC604C042384E9C800FA5588 /* StoragesUnitTests.xctest */,
			);
			name = Products;
			sourceTree = "<group>";
		};
		BC604BFD2384E9C800FA5588 /* Main */ = {
			isa = PBXGroup;
			children = (
				BC5B4BBA23927E8100896A98 /* Mocks */,
				BC8BF3682388FEA300B754AF /* GamesStorage */,
				BC8C1B2223869937000A80BA /* UsersStorage */,
				BC3E79DB238521100052AF7A /* AuthStorage */,
				BC604BFE2384E9C800FA5588 /* Storages.h */,
				BC604BFF2384E9C800FA5588 /* Info.plist */,
			);
			path = Main;
			sourceTree = "<group>";
		};
		BC604C082384E9C800FA5588 /* UnitTests */ = {
			isa = PBXGroup;
			children = (
				BC604C092384E9C800FA5588 /* AuthStorageTests.swift */,
				BCC0232423853DB200D59337 /* DataStackTestable.swift */,
				BC604C0B2384E9C800FA5588 /* Info.plist */,
			);
			path = UnitTests;
			sourceTree = "<group>";
		};
		BC8BF3682388FEA300B754AF /* GamesStorage */ = {
			isa = PBXGroup;
			children = (
				BC8BF3692388FF9E00B754AF /* Objects */,
				BC8BF376238939CC00B754AF /* GamesStorageInput.swift */,
				BC8BF378238939D600B754AF /* GamesStorageOutput.swift */,
				BC8BF37A238939DC00B754AF /* GamesStorage.swift */,
			);
			path = GamesStorage;
			sourceTree = "<group>";
		};
		BC8BF3692388FF9E00B754AF /* Objects */ = {
			isa = PBXGroup;
			children = (
				BC8BF36C2389013100B754AF /* CSGameOwner.swift */,
				BC8BF36E2389016500B754AF /* CSAchievement.swift */,
				BCE3222A238AFFBF00792F50 /* CSAchievement+Import.swift */,
				BCE3222E238B016700792F50 /* CSAchievement+Export.swift */,
				BC8BF3722389069F00B754AF /* CSAchievementValue.swift */,
				BCE3222C238B003D00792F50 /* CSAchievementValue+Import.swift */,
				BC8BF3702389017100B754AF /* CSStat.swift */,
				BCE32224238AFB1400792F50 /* CSStat+Import.swift */,
				BCD22C3B238D5FE00020885E /* CSStat+Export.swift */,
				BC8BF374238906A300B754AF /* CSStatValue.swift */,
				BCE32226238AFCB100792F50 /* CSStatValue+Import.swift */,
				BCE32228238AFD2F00792F50 /* CSStatValue+Export.swift */,
				BC8BF36A238900B000B754AF /* CSGame.swift */,
				BCE32220238AF83200792F50 /* CSGame+Import.swift */,
				BCE32222238AF8BF00792F50 /* CSGame+Export.swift */,
			);
			path = Objects;
			sourceTree = "<group>";
		};
		BC8C1B2223869937000A80BA /* UsersStorage */ = {
			isa = PBXGroup;
			children = (
				BC8C1B232386996D000A80BA /* Objects */,
				BC8C1B262386A7BB000A80BA /* UsersStorageInput.swift */,
				BC8C1B282386A7CF000A80BA /* UsersStorageOutput.swift */,
				BC8C1B2A2386A7E4000A80BA /* UsersStorage.swift */,
			);
			path = UsersStorage;
			sourceTree = "<group>";
		};
		BC8C1B232386996D000A80BA /* Objects */ = {
			isa = PBXGroup;
			children = (
				BC8C1B2423869A02000A80BA /* CSUser.swift */,
				BC45C64C2386D5C60096EBD2 /* CSUser+Import.swift */,
				BC45C64E2386D5E80096EBD2 /* CSUser+Export.swift */,
			);
			path = Objects;
			sourceTree = "<group>";
		};
/* End PBXGroup section */

/* Begin PBXHeadersBuildPhase section */
		BC604BF62384E9C800FA5588 /* Headers */ = {
			isa = PBXHeadersBuildPhase;
			buildActionMask = 2147483647;
			files = (
				BC604C0C2384E9C800FA5588 /* Storages.h in Headers */,
			);
			runOnlyForDeploymentPostprocessing = 0;
		};
/* End PBXHeadersBuildPhase section */

/* Begin PBXNativeTarget section */
		BC604BFA2384E9C800FA5588 /* Storages */ = {
			isa = PBXNativeTarget;
			buildConfigurationList = BC604C0F2384E9C800FA5588 /* Build configuration list for PBXNativeTarget "Storages" */;
			buildPhases = (
				ECBBC23DE51C863D528A54C5 /* [CP] Check Pods Manifest.lock */,
				BC604BF62384E9C800FA5588 /* Headers */,
				BC604BF72384E9C800FA5588 /* Sources */,
				BC604BF82384E9C800FA5588 /* Frameworks */,
				BC604BF92384E9C800FA5588 /* Resources */,
				BC8BF39923893CBC00B754AF /* Embed Frameworks */,
			);
			buildRules = (
			);
			dependencies = (
			);
			name = Storages;
			productName = Storages;
			productReference = BC604BFB2384E9C800FA5588 /* Storages.framework */;
			productType = "com.apple.product-type.framework";
		};
		BC604C032384E9C800FA5588 /* StoragesUnitTests */ = {
			isa = PBXNativeTarget;
			buildConfigurationList = BC604C122384E9C800FA5588 /* Build configuration list for PBXNativeTarget "StoragesUnitTests" */;
			buildPhases = (
				1F3E3388C1B0DEB0ED27A876 /* [CP] Check Pods Manifest.lock */,
				BC604C002384E9C800FA5588 /* Sources */,
				BC604C012384E9C800FA5588 /* Frameworks */,
				BC604C022384E9C800FA5588 /* Resources */,
				2867B3E198B28B5C2F74078B /* [CP] Embed Pods Frameworks */,
			);
			buildRules = (
			);
			dependencies = (
				BC604C072384E9C800FA5588 /* PBXTargetDependency */,
			);
			name = StoragesUnitTests;
			productName = StoragesTests;
			productReference = BC604C042384E9C800FA5588 /* StoragesUnitTests.xctest */;
			productType = "com.apple.product-type.bundle.unit-test";
		};
/* End PBXNativeTarget section */

/* Begin PBXProject section */
		BC604BF22384E9C800FA5588 /* Project object */ = {
			isa = PBXProject;
			attributes = {
				LastSwiftUpdateCheck = 1120;
				LastUpgradeCheck = 1120;
				ORGANIZATIONNAME = FrozenApps;
				TargetAttributes = {
					BC604BFA2384E9C800FA5588 = {
						CreatedOnToolsVersion = 11.2.1;
						LastSwiftMigration = 1120;
					};
					BC604C032384E9C800FA5588 = {
						CreatedOnToolsVersion = 11.2.1;
					};
				};
			};
			buildConfigurationList = BC604BF52384E9C800FA5588 /* Build configuration list for PBXProject "Storages" */;
			compatibilityVersion = "Xcode 9.3";
			developmentRegion = en;
			hasScannedForEncodings = 0;
			knownRegions = (
				en,
				Base,
			);
			mainGroup = BC604BF12384E9C800FA5588;
			productRefGroup = BC604BFC2384E9C800FA5588 /* Products */;
			projectDirPath = "";
			projectRoot = "";
			targets = (
				BC604BFA2384E9C800FA5588 /* Storages */,
				BC604C032384E9C800FA5588 /* StoragesUnitTests */,
			);
		};
/* End PBXProject section */

/* Begin PBXResourcesBuildPhase section */
		BC604BF92384E9C800FA5588 /* Resources */ = {
			isa = PBXResourcesBuildPhase;
			buildActionMask = 2147483647;
			files = (
			);
			runOnlyForDeploymentPostprocessing = 0;
		};
		BC604C022384E9C800FA5588 /* Resources */ = {
			isa = PBXResourcesBuildPhase;
			buildActionMask = 2147483647;
			files = (
			);
			runOnlyForDeploymentPostprocessing = 0;
		};
/* End PBXResourcesBuildPhase section */

/* Begin PBXShellScriptBuildPhase section */
		1F3E3388C1B0DEB0ED27A876 /* [CP] Check Pods Manifest.lock */ = {
			isa = PBXShellScriptBuildPhase;
			buildActionMask = 2147483647;
			files = (
			);
			inputFileListPaths = (
			);
			inputPaths = (
				"${PODS_PODFILE_DIR_PATH}/Podfile.lock",
				"${PODS_ROOT}/Manifest.lock",
			);
			name = "[CP] Check Pods Manifest.lock";
			outputFileListPaths = (
			);
			outputPaths = (
				"$(DERIVED_FILE_DIR)/Pods-StoragesUnitTests-checkManifestLockResult.txt",
			);
			runOnlyForDeploymentPostprocessing = 0;
			shellPath = /bin/sh;
			shellScript = "diff \"${PODS_PODFILE_DIR_PATH}/Podfile.lock\" \"${PODS_ROOT}/Manifest.lock\" > /dev/null\nif [ $? != 0 ] ; then\n    # print error to STDERR\n    echo \"error: The sandbox is not in sync with the Podfile.lock. Run 'pod install' or update your CocoaPods installation.\" >&2\n    exit 1\nfi\n# This output is used by Xcode 'outputs' to avoid re-running this script phase.\necho \"SUCCESS\" > \"${SCRIPT_OUTPUT_FILE_0}\"\n";
			showEnvVarsInLog = 0;
		};
		2867B3E198B28B5C2F74078B /* [CP] Embed Pods Frameworks */ = {
			isa = PBXShellScriptBuildPhase;
			buildActionMask = 2147483647;
			files = (
			);
			inputFileListPaths = (
				"${PODS_ROOT}/Target Support Files/Pods-StoragesUnitTests/Pods-StoragesUnitTests-frameworks-${CONFIGURATION}-input-files.xcfilelist",
			);
			name = "[CP] Embed Pods Frameworks";
			outputFileListPaths = (
				"${PODS_ROOT}/Target Support Files/Pods-StoragesUnitTests/Pods-StoragesUnitTests-frameworks-${CONFIGURATION}-output-files.xcfilelist",
			);
			runOnlyForDeploymentPostprocessing = 0;
			shellPath = /bin/sh;
			shellScript = "\"${PODS_ROOT}/Target Support Files/Pods-StoragesUnitTests/Pods-StoragesUnitTests-frameworks.sh\"\n";
			showEnvVarsInLog = 0;
		};
		ECBBC23DE51C863D528A54C5 /* [CP] Check Pods Manifest.lock */ = {
			isa = PBXShellScriptBuildPhase;
			buildActionMask = 2147483647;
			files = (
			);
			inputFileListPaths = (
			);
			inputPaths = (
				"${PODS_PODFILE_DIR_PATH}/Podfile.lock",
				"${PODS_ROOT}/Manifest.lock",
			);
			name = "[CP] Check Pods Manifest.lock";
			outputFileListPaths = (
			);
			outputPaths = (
				"$(DERIVED_FILE_DIR)/Pods-Storages-checkManifestLockResult.txt",
			);
			runOnlyForDeploymentPostprocessing = 0;
			shellPath = /bin/sh;
			shellScript = "diff \"${PODS_PODFILE_DIR_PATH}/Podfile.lock\" \"${PODS_ROOT}/Manifest.lock\" > /dev/null\nif [ $? != 0 ] ; then\n    # print error to STDERR\n    echo \"error: The sandbox is not in sync with the Podfile.lock. Run 'pod install' or update your CocoaPods installation.\" >&2\n    exit 1\nfi\n# This output is used by Xcode 'outputs' to avoid re-running this script phase.\necho \"SUCCESS\" > \"${SCRIPT_OUTPUT_FILE_0}\"\n";
			showEnvVarsInLog = 0;
		};
/* End PBXShellScriptBuildPhase section */

/* Begin PBXSourcesBuildPhase section */
		BC604BF72384E9C800FA5588 /* Sources */ = {
			isa = PBXSourcesBuildPhase;
			buildActionMask = 2147483647;
			files = (
				BCE32225238AFB1400792F50 /* CSStat+Import.swift in Sources */,
				BCE3222B238AFFBF00792F50 /* CSAchievement+Import.swift in Sources */,
				BC3E79DF238521450052AF7A /* AuthStorageOutput.swift in Sources */,
				BC8BF3712389017100B754AF /* CSStat.swift in Sources */,
				BC8C1B292386A7CF000A80BA /* UsersStorageOutput.swift in Sources */,
				BC3E7A0323852EF70052AF7A /* AuthUserIdHolder.swift in Sources */,
				BC8BF377238939CC00B754AF /* GamesStorageInput.swift in Sources */,
				BC5B4BBC23927E9500896A98 /* FakeAuthStorage.swift in Sources */,
				BC8BF36B238900B000B754AF /* CSGame.swift in Sources */,
				BCE32223238AF8BF00792F50 /* CSGame+Export.swift in Sources */,
				BCD22C3C238D5FE00020885E /* CSStat+Export.swift in Sources */,
				BC8BF379238939D600B754AF /* GamesStorageOutput.swift in Sources */,
				BC45C64D2386D5C60096EBD2 /* CSUser+Import.swift in Sources */,
				BC3E79E12385215B0052AF7A /* AuthStorage.swift in Sources */,
				BC8BF3732389069F00B754AF /* CSAchievementValue.swift in Sources */,
				BC45C64F2386D5E80096EBD2 /* CSUser+Export.swift in Sources */,
				BC8BF36D2389013100B754AF /* CSGameOwner.swift in Sources */,
				BC8C1B2B2386A7E4000A80BA /* UsersStorage.swift in Sources */,
				BC8C1B2523869A02000A80BA /* CSUser.swift in Sources */,
				BCE3222D238B003D00792F50 /* CSAchievementValue+Import.swift in Sources */,
				BC8BF375238906A400B754AF /* CSStatValue.swift in Sources */,
				BCE32227238AFCB100792F50 /* CSStatValue+Import.swift in Sources */,
				BC3E79DD238521200052AF7A /* AuthStorageInput.swift in Sources */,
				BCE32221238AF83200792F50 /* CSGame+Import.swift in Sources */,
				BCE3222F238B016700792F50 /* CSAchievement+Export.swift in Sources */,
				BC8C1B272386A7BB000A80BA /* UsersStorageInput.swift in Sources */,
				BC8BF37B238939DC00B754AF /* GamesStorage.swift in Sources */,
				BC8BF36F2389016500B754AF /* CSAchievement.swift in Sources */,
				BCE32229238AFD2F00792F50 /* CSStatValue+Export.swift in Sources */,
			);
			runOnlyForDeploymentPostprocessing = 0;
		};
		BC604C002384E9C800FA5588 /* Sources */ = {
			isa = PBXSourcesBuildPhase;
			buildActionMask = 2147483647;
			files = (
				BCC0232523853DB200D59337 /* DataStackTestable.swift in Sources */,
				BC604C0A2384E9C800FA5588 /* AuthStorageTests.swift in Sources */,
			);
			runOnlyForDeploymentPostprocessing = 0;
		};
/* End PBXSourcesBuildPhase section */

/* Begin PBXTargetDependency section */
		BC604C072384E9C800FA5588 /* PBXTargetDependency */ = {
			isa = PBXTargetDependency;
			target = BC604BFA2384E9C800FA5588 /* Storages */;
			targetProxy = BC604C062384E9C800FA5588 /* PBXContainerItemProxy */;
		};
/* End PBXTargetDependency section */

/* Begin XCBuildConfiguration section */
		BC604C0D2384E9C800FA5588 /* Debug */ = {
			isa = XCBuildConfiguration;
			buildSettings = {
				ALWAYS_SEARCH_USER_PATHS = NO;
				CLANG_ANALYZER_NONNULL = YES;
				CLANG_ANALYZER_NUMBER_OBJECT_CONVERSION = YES_AGGRESSIVE;
				CLANG_CXX_LANGUAGE_STANDARD = "gnu++14";
				CLANG_CXX_LIBRARY = "libc++";
				CLANG_ENABLE_MODULES = YES;
				CLANG_ENABLE_OBJC_ARC = YES;
				CLANG_ENABLE_OBJC_WEAK = YES;
				CLANG_WARN_BLOCK_CAPTURE_AUTORELEASING = YES;
				CLANG_WARN_BOOL_CONVERSION = YES;
				CLANG_WARN_COMMA = YES;
				CLANG_WARN_CONSTANT_CONVERSION = YES;
				CLANG_WARN_DEPRECATED_OBJC_IMPLEMENTATIONS = YES;
				CLANG_WARN_DIRECT_OBJC_ISA_USAGE = YES_ERROR;
				CLANG_WARN_DOCUMENTATION_COMMENTS = YES;
				CLANG_WARN_EMPTY_BODY = YES;
				CLANG_WARN_ENUM_CONVERSION = YES;
				CLANG_WARN_INFINITE_RECURSION = YES;
				CLANG_WARN_INT_CONVERSION = YES;
				CLANG_WARN_NON_LITERAL_NULL_CONVERSION = YES;
				CLANG_WARN_OBJC_IMPLICIT_RETAIN_SELF = YES;
				CLANG_WARN_OBJC_LITERAL_CONVERSION = YES;
				CLANG_WARN_OBJC_ROOT_CLASS = YES_ERROR;
				CLANG_WARN_RANGE_LOOP_ANALYSIS = YES;
				CLANG_WARN_STRICT_PROTOTYPES = YES;
				CLANG_WARN_SUSPICIOUS_MOVE = YES;
				CLANG_WARN_UNGUARDED_AVAILABILITY = YES_AGGRESSIVE;
				CLANG_WARN_UNREACHABLE_CODE = YES;
				CLANG_WARN__DUPLICATE_METHOD_MATCH = YES;
				COPY_PHASE_STRIP = NO;
				CURRENT_PROJECT_VERSION = 1;
				DEBUG_INFORMATION_FORMAT = dwarf;
				ENABLE_STRICT_OBJC_MSGSEND = YES;
				ENABLE_TESTABILITY = YES;
				GCC_C_LANGUAGE_STANDARD = gnu11;
				GCC_DYNAMIC_NO_PIC = NO;
				GCC_NO_COMMON_BLOCKS = YES;
				GCC_OPTIMIZATION_LEVEL = 0;
				GCC_PREPROCESSOR_DEFINITIONS = (
					"DEBUG=1",
					"$(inherited)",
				);
				GCC_WARN_64_TO_32_BIT_CONVERSION = YES;
				GCC_WARN_ABOUT_RETURN_TYPE = YES_ERROR;
				GCC_WARN_UNDECLARED_SELECTOR = YES;
				GCC_WARN_UNINITIALIZED_AUTOS = YES_AGGRESSIVE;
				GCC_WARN_UNUSED_FUNCTION = YES;
				GCC_WARN_UNUSED_VARIABLE = YES;
				IPHONEOS_DEPLOYMENT_TARGET = 10.0;
				MTL_ENABLE_DEBUG_INFO = INCLUDE_SOURCE;
				MTL_FAST_MATH = YES;
				ONLY_ACTIVE_ARCH = YES;
				SDKROOT = iphoneos;
				SWIFT_ACTIVE_COMPILATION_CONDITIONS = DEBUG;
				SWIFT_OPTIMIZATION_LEVEL = "-Onone";
				VERSIONING_SYSTEM = "apple-generic";
				VERSION_INFO_PREFIX = "";
			};
			name = Debug;
		};
		BC604C0E2384E9C800FA5588 /* Release */ = {
			isa = XCBuildConfiguration;
			buildSettings = {
				ALWAYS_SEARCH_USER_PATHS = NO;
				CLANG_ANALYZER_NONNULL = YES;
				CLANG_ANALYZER_NUMBER_OBJECT_CONVERSION = YES_AGGRESSIVE;
				CLANG_CXX_LANGUAGE_STANDARD = "gnu++14";
				CLANG_CXX_LIBRARY = "libc++";
				CLANG_ENABLE_MODULES = YES;
				CLANG_ENABLE_OBJC_ARC = YES;
				CLANG_ENABLE_OBJC_WEAK = YES;
				CLANG_WARN_BLOCK_CAPTURE_AUTORELEASING = YES;
				CLANG_WARN_BOOL_CONVERSION = YES;
				CLANG_WARN_COMMA = YES;
				CLANG_WARN_CONSTANT_CONVERSION = YES;
				CLANG_WARN_DEPRECATED_OBJC_IMPLEMENTATIONS = YES;
				CLANG_WARN_DIRECT_OBJC_ISA_USAGE = YES_ERROR;
				CLANG_WARN_DOCUMENTATION_COMMENTS = YES;
				CLANG_WARN_EMPTY_BODY = YES;
				CLANG_WARN_ENUM_CONVERSION = YES;
				CLANG_WARN_INFINITE_RECURSION = YES;
				CLANG_WARN_INT_CONVERSION = YES;
				CLANG_WARN_NON_LITERAL_NULL_CONVERSION = YES;
				CLANG_WARN_OBJC_IMPLICIT_RETAIN_SELF = YES;
				CLANG_WARN_OBJC_LITERAL_CONVERSION = YES;
				CLANG_WARN_OBJC_ROOT_CLASS = YES_ERROR;
				CLANG_WARN_RANGE_LOOP_ANALYSIS = YES;
				CLANG_WARN_STRICT_PROTOTYPES = YES;
				CLANG_WARN_SUSPICIOUS_MOVE = YES;
				CLANG_WARN_UNGUARDED_AVAILABILITY = YES_AGGRESSIVE;
				CLANG_WARN_UNREACHABLE_CODE = YES;
				CLANG_WARN__DUPLICATE_METHOD_MATCH = YES;
				COPY_PHASE_STRIP = NO;
				CURRENT_PROJECT_VERSION = 1;
				DEBUG_INFORMATION_FORMAT = "dwarf-with-dsym";
				ENABLE_NS_ASSERTIONS = NO;
				ENABLE_STRICT_OBJC_MSGSEND = YES;
				GCC_C_LANGUAGE_STANDARD = gnu11;
				GCC_NO_COMMON_BLOCKS = YES;
				GCC_WARN_64_TO_32_BIT_CONVERSION = YES;
				GCC_WARN_ABOUT_RETURN_TYPE = YES_ERROR;
				GCC_WARN_UNDECLARED_SELECTOR = YES;
				GCC_WARN_UNINITIALIZED_AUTOS = YES_AGGRESSIVE;
				GCC_WARN_UNUSED_FUNCTION = YES;
				GCC_WARN_UNUSED_VARIABLE = YES;
				IPHONEOS_DEPLOYMENT_TARGET = 10.0;
				MTL_ENABLE_DEBUG_INFO = NO;
				MTL_FAST_MATH = YES;
				SDKROOT = iphoneos;
				SWIFT_COMPILATION_MODE = wholemodule;
				SWIFT_OPTIMIZATION_LEVEL = "-O";
				VALIDATE_PRODUCT = YES;
				VERSIONING_SYSTEM = "apple-generic";
				VERSION_INFO_PREFIX = "";
			};
			name = Release;
		};
		BC604C102384E9C800FA5588 /* Debug */ = {
			isa = XCBuildConfiguration;
			baseConfigurationReference = 93608A8F0093FDAE842A2831 /* Pods-Storages.debug.xcconfig */;
			buildSettings = {
				CLANG_ENABLE_MODULES = YES;
				CODE_SIGN_STYLE = Automatic;
				DEFINES_MODULE = YES;
				DYLIB_COMPATIBILITY_VERSION = 1;
				DYLIB_CURRENT_VERSION = 1;
				DYLIB_INSTALL_NAME_BASE = "@rpath";
				INFOPLIST_FILE = Main/Info.plist;
				INSTALL_PATH = "$(LOCAL_LIBRARY_DIR)/Frameworks";
				LD_RUNPATH_SEARCH_PATHS = (
					"$(inherited)",
					"@executable_path/Frameworks",
					"@loader_path/Frameworks",
				);
				PRODUCT_BUNDLE_IDENTIFIER = com.frozenlion.steamanalytics.Storages;
				PRODUCT_NAME = "$(TARGET_NAME:c99extidentifier)";
				SKIP_INSTALL = YES;
				SWIFT_OPTIMIZATION_LEVEL = "-Onone";
				SWIFT_VERSION = 5.0;
				TARGETED_DEVICE_FAMILY = "1,2";
			};
			name = Debug;
		};
		BC604C112384E9C800FA5588 /* Release */ = {
			isa = XCBuildConfiguration;
			baseConfigurationReference = CE25D0EE90394E92E17CA869 /* Pods-Storages.release.xcconfig */;
			buildSettings = {
				CLANG_ENABLE_MODULES = YES;
				CODE_SIGN_STYLE = Automatic;
				DEFINES_MODULE = YES;
				DYLIB_COMPATIBILITY_VERSION = 1;
				DYLIB_CURRENT_VERSION = 1;
				DYLIB_INSTALL_NAME_BASE = "@rpath";
				INFOPLIST_FILE = Main/Info.plist;
				INSTALL_PATH = "$(LOCAL_LIBRARY_DIR)/Frameworks";
				LD_RUNPATH_SEARCH_PATHS = (
					"$(inherited)",
					"@executable_path/Frameworks",
					"@loader_path/Frameworks",
				);
				PRODUCT_BUNDLE_IDENTIFIER = com.frozenlion.steamanalytics.Storages;
				PRODUCT_NAME = "$(TARGET_NAME:c99extidentifier)";
				SKIP_INSTALL = YES;
				SWIFT_VERSION = 5.0;
				TARGETED_DEVICE_FAMILY = "1,2";
			};
			name = Release;
		};
		BC604C132384E9C800FA5588 /* Debug */ = {
			isa = XCBuildConfiguration;
			baseConfigurationReference = E02CC4AC8B8080D8FF3C8803 /* Pods-StoragesUnitTests.debug.xcconfig */;
			buildSettings = {
				ALWAYS_EMBED_SWIFT_STANDARD_LIBRARIES = YES;
				CODE_SIGN_STYLE = Automatic;
				INFOPLIST_FILE = UnitTests/Info.plist;
				LD_RUNPATH_SEARCH_PATHS = (
					"$(inherited)",
					"@executable_path/Frameworks",
					"@loader_path/Frameworks",
				);
				PRODUCT_BUNDLE_IDENTIFIER = com.frozenlion.steamanalytics.StoragesTests;
				PRODUCT_NAME = "$(TARGET_NAME)";
				SWIFT_VERSION = 5.0;
				TARGETED_DEVICE_FAMILY = "1,2";
			};
			name = Debug;
		};
		BC604C142384E9C800FA5588 /* Release */ = {
			isa = XCBuildConfiguration;
			baseConfigurationReference = 502EC18D94D9F5A7E54DE3A9 /* Pods-StoragesUnitTests.release.xcconfig */;
			buildSettings = {
				ALWAYS_EMBED_SWIFT_STANDARD_LIBRARIES = YES;
				CODE_SIGN_STYLE = Automatic;
				INFOPLIST_FILE = UnitTests/Info.plist;
				LD_RUNPATH_SEARCH_PATHS = (
					"$(inherited)",
					"@executable_path/Frameworks",
					"@loader_path/Frameworks",
				);
				PRODUCT_BUNDLE_IDENTIFIER = com.frozenlion.steamanalytics.StoragesTests;
				PRODUCT_NAME = "$(TARGET_NAME)";
				SWIFT_VERSION = 5.0;
				TARGETED_DEVICE_FAMILY = "1,2";
			};
			name = Release;
		};
/* End XCBuildConfiguration section */

/* Begin XCConfigurationList section */
		BC604BF52384E9C800FA5588 /* Build configuration list for PBXProject "Storages" */ = {
			isa = XCConfigurationList;
			buildConfigurations = (
				BC604C0D2384E9C800FA5588 /* Debug */,
				BC604C0E2384E9C800FA5588 /* Release */,
			);
			defaultConfigurationIsVisible = 0;
			defaultConfigurationName = Release;
		};
		BC604C0F2384E9C800FA5588 /* Build configuration list for PBXNativeTarget "Storages" */ = {
			isa = XCConfigurationList;
			buildConfigurations = (
				BC604C102384E9C800FA5588 /* Debug */,
				BC604C112384E9C800FA5588 /* Release */,
			);
			defaultConfigurationIsVisible = 0;
			defaultConfigurationName = Release;
		};
		BC604C122384E9C800FA5588 /* Build configuration list for PBXNativeTarget "StoragesUnitTests" */ = {
			isa = XCConfigurationList;
			buildConfigurations = (
				BC604C132384E9C800FA5588 /* Debug */,
				BC604C142384E9C800FA5588 /* Release */,
			);
			defaultConfigurationIsVisible = 0;
			defaultConfigurationName = Release;
		};
/* End XCConfigurationList section */
	};
	rootObject = BC604BF22384E9C800FA5588 /* Project object */;
}
