// !$*UTF8*$!
{
	archiveVersion = 1;
	classes = {
	};
	objectVersion = 50;
	objects = {

/* Begin PBXBuildFile section */
		8DDDEBECA2E1E2E2449CBF2F /* Pods_GameScenes.framework in Frameworks */ = {isa = PBXBuildFile; fileRef = F638CCC8FD80D453B5086F95 /* Pods_GameScenes.framework */; };
		BC044825239813A3008BEA66 /* GameStatsPresenter.swift in Sources */ = {isa = PBXBuildFile; fileRef = BC04480F239813A3008BEA66 /* GameStatsPresenter.swift */; };
		BC044826239813A3008BEA66 /* GameStatsPresenterState.swift in Sources */ = {isa = PBXBuildFile; fileRef = BC044810239813A3008BEA66 /* GameStatsPresenterState.swift */; };
		BC044827239813A3008BEA66 /* GameStatsCellModel.swift in Sources */ = {isa = PBXBuildFile; fileRef = BC044813239813A3008BEA66 /* GameStatsCellModel.swift */; };
		BC044828239813A3008BEA66 /* GameStatsModelBuilder.swift in Sources */ = {isa = PBXBuildFile; fileRef = BC044814239813A3008BEA66 /* GameStatsModelBuilder.swift */; };
		BC044829239813A3008BEA66 /* GameStatsModelBuilderSettings.swift in Sources */ = {isa = PBXBuildFile; fileRef = BC044815239813A3008BEA66 /* GameStatsModelBuilderSettings.swift */; };
		BC04482A239813A3008BEA66 /* GameStatsModelBuilding.swift in Sources */ = {isa = PBXBuildFile; fileRef = BC044816239813A3008BEA66 /* GameStatsModelBuilding.swift */; };
		BC04482B239813A4008BEA66 /* GameStatsItemsSourcing.swift in Sources */ = {isa = PBXBuildFile; fileRef = BC044817239813A3008BEA66 /* GameStatsItemsSourcing.swift */; };
		BC04482C239813A4008BEA66 /* GameStatsViewOutput.swift in Sources */ = {isa = PBXBuildFile; fileRef = BC044819239813A3008BEA66 /* GameStatsViewOutput.swift */; };
		BC04482D239813A4008BEA66 /* GameStatsViewController.swift in Sources */ = {isa = PBXBuildFile; fileRef = BC04481A239813A3008BEA66 /* GameStatsViewController.swift */; };
		BC04482E239813A4008BEA66 /* GameStatsViewInput.swift in Sources */ = {isa = PBXBuildFile; fileRef = BC04481B239813A3008BEA66 /* GameStatsViewInput.swift */; };
		BC04482F239813A4008BEA66 /* GameStatsConfigurator.swift in Sources */ = {isa = PBXBuildFile; fileRef = BC04481D239813A3008BEA66 /* GameStatsConfigurator.swift */; };
		BC044830239813A4008BEA66 /* GameStatsInteractorOutput.swift in Sources */ = {isa = PBXBuildFile; fileRef = BC04481F239813A3008BEA66 /* GameStatsInteractorOutput.swift */; };
		BC044831239813A4008BEA66 /* GameStatsInteractor.swift in Sources */ = {isa = PBXBuildFile; fileRef = BC044820239813A3008BEA66 /* GameStatsInteractor.swift */; };
		BC044832239813A4008BEA66 /* GameStatsInteractorInput.swift in Sources */ = {isa = PBXBuildFile; fileRef = BC044821239813A3008BEA66 /* GameStatsInteractorInput.swift */; };
		BC044833239813A4008BEA66 /* GameStatsModuleResult.swift in Sources */ = {isa = PBXBuildFile; fileRef = BC044823239813A3008BEA66 /* GameStatsModuleResult.swift */; };
		BC044834239813A4008BEA66 /* GameStatsModuleStartOption.swift in Sources */ = {isa = PBXBuildFile; fileRef = BC044824239813A3008BEA66 /* GameStatsModuleStartOption.swift */; };
		BC938381239A686700A147BE /* GameAchievementsPresenter.swift in Sources */ = {isa = PBXBuildFile; fileRef = BC93836B239A686700A147BE /* GameAchievementsPresenter.swift */; };
		BC938382239A686700A147BE /* GameAchievementsPresenterState.swift in Sources */ = {isa = PBXBuildFile; fileRef = BC93836C239A686700A147BE /* GameAchievementsPresenterState.swift */; };
		BC938383239A686700A147BE /* GameAchievementsItemsSourcing.swift in Sources */ = {isa = PBXBuildFile; fileRef = BC93836E239A686700A147BE /* GameAchievementsItemsSourcing.swift */; };
		BC938384239A686700A147BE /* GameAchievementsModelBuilderSettings.swift in Sources */ = {isa = PBXBuildFile; fileRef = BC938370239A686700A147BE /* GameAchievementsModelBuilderSettings.swift */; };
		BC938385239A686700A147BE /* GameAchievementsModelBuilder.swift in Sources */ = {isa = PBXBuildFile; fileRef = BC938371239A686700A147BE /* GameAchievementsModelBuilder.swift */; };
		BC938386239A686800A147BE /* GameAchievementsModelBuilding.swift in Sources */ = {isa = PBXBuildFile; fileRef = BC938372239A686700A147BE /* GameAchievementsModelBuilding.swift */; };
		BC938387239A686800A147BE /* GameAchievementsCellModel.swift in Sources */ = {isa = PBXBuildFile; fileRef = BC938373239A686700A147BE /* GameAchievementsCellModel.swift */; };
		BC938388239A686800A147BE /* GameAchievementsViewInput.swift in Sources */ = {isa = PBXBuildFile; fileRef = BC938375239A686700A147BE /* GameAchievementsViewInput.swift */; };
		BC938389239A686800A147BE /* GameAchievementsViewOutput.swift in Sources */ = {isa = PBXBuildFile; fileRef = BC938376239A686700A147BE /* GameAchievementsViewOutput.swift */; };
		BC93838A239A686800A147BE /* GameAchievementsViewController.swift in Sources */ = {isa = PBXBuildFile; fileRef = BC938377239A686700A147BE /* GameAchievementsViewController.swift */; };
		BC93838B239A686800A147BE /* GameAchievementsConfigurator.swift in Sources */ = {isa = PBXBuildFile; fileRef = BC938379239A686700A147BE /* GameAchievementsConfigurator.swift */; };
		BC93838C239A686800A147BE /* GameAchievementsInteractorInput.swift in Sources */ = {isa = PBXBuildFile; fileRef = BC93837B239A686700A147BE /* GameAchievementsInteractorInput.swift */; };
		BC93838D239A686800A147BE /* GameAchievementsInteractorOutput.swift in Sources */ = {isa = PBXBuildFile; fileRef = BC93837C239A686700A147BE /* GameAchievementsInteractorOutput.swift */; };
		BC93838E239A686800A147BE /* GameAchievementsInteractor.swift in Sources */ = {isa = PBXBuildFile; fileRef = BC93837D239A686700A147BE /* GameAchievementsInteractor.swift */; };
		BC93838F239A686800A147BE /* GameAchievementsModuleStartOption.swift in Sources */ = {isa = PBXBuildFile; fileRef = BC93837F239A686700A147BE /* GameAchievementsModuleStartOption.swift */; };
		BC938390239A686800A147BE /* GameAchievementsModuleResult.swift in Sources */ = {isa = PBXBuildFile; fileRef = BC938380239A686700A147BE /* GameAchievementsModuleResult.swift */; };
		BC9383BC239A8D9100A147BE /* GameNewsPresenterState.swift in Sources */ = {isa = PBXBuildFile; fileRef = BC9383A6239A8D9100A147BE /* GameNewsPresenterState.swift */; };
		BC9383BD239A8D9100A147BE /* GameNewsPresenter.swift in Sources */ = {isa = PBXBuildFile; fileRef = BC9383A7239A8D9100A147BE /* GameNewsPresenter.swift */; };
		BC9383BE239A8D9100A147BE /* GameNewsModelBuilding.swift in Sources */ = {isa = PBXBuildFile; fileRef = BC9383AA239A8D9100A147BE /* GameNewsModelBuilding.swift */; };
		BC9383BF239A8D9100A147BE /* GameNewsModelBuilderSettings.swift in Sources */ = {isa = PBXBuildFile; fileRef = BC9383AB239A8D9100A147BE /* GameNewsModelBuilderSettings.swift */; };
		BC9383C0239A8D9100A147BE /* GameNewsCellModel.swift in Sources */ = {isa = PBXBuildFile; fileRef = BC9383AC239A8D9100A147BE /* GameNewsCellModel.swift */; };
		BC9383C1239A8D9100A147BE /* GameNewsModelBuilder.swift in Sources */ = {isa = PBXBuildFile; fileRef = BC9383AD239A8D9100A147BE /* GameNewsModelBuilder.swift */; };
		BC9383C2239A8D9100A147BE /* GameNewsItemsSourcing.swift in Sources */ = {isa = PBXBuildFile; fileRef = BC9383AE239A8D9100A147BE /* GameNewsItemsSourcing.swift */; };
		BC9383C3239A8D9100A147BE /* GameNewsViewOutput.swift in Sources */ = {isa = PBXBuildFile; fileRef = BC9383B0239A8D9100A147BE /* GameNewsViewOutput.swift */; };
		BC9383C4239A8D9100A147BE /* GameNewsViewController.swift in Sources */ = {isa = PBXBuildFile; fileRef = BC9383B1239A8D9100A147BE /* GameNewsViewController.swift */; };
		BC9383C5239A8D9100A147BE /* GameNewsViewInput.swift in Sources */ = {isa = PBXBuildFile; fileRef = BC9383B2239A8D9100A147BE /* GameNewsViewInput.swift */; };
		BC9383C6239A8D9100A147BE /* GameNewsConfigurator.swift in Sources */ = {isa = PBXBuildFile; fileRef = BC9383B4239A8D9100A147BE /* GameNewsConfigurator.swift */; };
		BC9383C7239A8D9100A147BE /* GameNewsInteractorInput.swift in Sources */ = {isa = PBXBuildFile; fileRef = BC9383B6239A8D9100A147BE /* GameNewsInteractorInput.swift */; };
		BC9383C8239A8D9100A147BE /* GameNewsInteractor.swift in Sources */ = {isa = PBXBuildFile; fileRef = BC9383B7239A8D9100A147BE /* GameNewsInteractor.swift */; };
		BC9383C9239A8D9100A147BE /* GameNewsInteractorOutput.swift in Sources */ = {isa = PBXBuildFile; fileRef = BC9383B8239A8D9100A147BE /* GameNewsInteractorOutput.swift */; };
		BC9383CA239A8D9100A147BE /* GameNewsModuleStartOption.swift in Sources */ = {isa = PBXBuildFile; fileRef = BC9383BA239A8D9100A147BE /* GameNewsModuleStartOption.swift */; };
		BC9383CB239A8D9100A147BE /* GameNewsModuleResult.swift in Sources */ = {isa = PBXBuildFile; fileRef = BC9383BB239A8D9100A147BE /* GameNewsModuleResult.swift */; };
		BC9383D4239A9AA600A147BE /* HtmlConverter.swift in Sources */ = {isa = PBXBuildFile; fileRef = BC9383D3239A9AA600A147BE /* HtmlConverter.swift */; };
		BC9383D6239A9D6400A147BE /* HtmlConverting.swift in Sources */ = {isa = PBXBuildFile; fileRef = BC9383D5239A9D6400A147BE /* HtmlConverting.swift */; };
		BC9CF7F3239755FD00CCD732 /* UserGamesPresenterState.swift in Sources */ = {isa = PBXBuildFile; fileRef = BC9CF7DD239755FD00CCD732 /* UserGamesPresenterState.swift */; };
		BC9CF7F4239755FD00CCD732 /* UserGamesPresenter.swift in Sources */ = {isa = PBXBuildFile; fileRef = BC9CF7DE239755FD00CCD732 /* UserGamesPresenter.swift */; };
		BC9CF7F5239755FD00CCD732 /* UserGamesItemsSourcing.swift in Sources */ = {isa = PBXBuildFile; fileRef = BC9CF7E0239755FD00CCD732 /* UserGamesItemsSourcing.swift */; };
		BC9CF7F6239755FD00CCD732 /* UserGamesModelBuilder.swift in Sources */ = {isa = PBXBuildFile; fileRef = BC9CF7E2239755FD00CCD732 /* UserGamesModelBuilder.swift */; };
		BC9CF7F7239755FD00CCD732 /* UserGamesCellModel.swift in Sources */ = {isa = PBXBuildFile; fileRef = BC9CF7E3239755FD00CCD732 /* UserGamesCellModel.swift */; };
		BC9CF7F8239755FD00CCD732 /* UserGamesModelBuilding.swift in Sources */ = {isa = PBXBuildFile; fileRef = BC9CF7E4239755FD00CCD732 /* UserGamesModelBuilding.swift */; };
		BC9CF7F9239755FD00CCD732 /* UserGamesModelBuilderSettings.swift in Sources */ = {isa = PBXBuildFile; fileRef = BC9CF7E5239755FD00CCD732 /* UserGamesModelBuilderSettings.swift */; };
		BC9CF7FA239755FD00CCD732 /* UserGamesViewController.swift in Sources */ = {isa = PBXBuildFile; fileRef = BC9CF7E7239755FD00CCD732 /* UserGamesViewController.swift */; };
		BC9CF7FB239755FD00CCD732 /* UserGamesViewOutput.swift in Sources */ = {isa = PBXBuildFile; fileRef = BC9CF7E8239755FD00CCD732 /* UserGamesViewOutput.swift */; };
		BC9CF7FC239755FD00CCD732 /* UserGamesViewInput.swift in Sources */ = {isa = PBXBuildFile; fileRef = BC9CF7E9239755FD00CCD732 /* UserGamesViewInput.swift */; };
		BC9CF7FD239755FD00CCD732 /* UserGamesConfigurator.swift in Sources */ = {isa = PBXBuildFile; fileRef = BC9CF7EB239755FD00CCD732 /* UserGamesConfigurator.swift */; };
		BC9CF7FE239755FD00CCD732 /* UserGamesInteractorOutput.swift in Sources */ = {isa = PBXBuildFile; fileRef = BC9CF7ED239755FD00CCD732 /* UserGamesInteractorOutput.swift */; };
		BC9CF7FF239755FD00CCD732 /* UserGamesInteractor.swift in Sources */ = {isa = PBXBuildFile; fileRef = BC9CF7EE239755FD00CCD732 /* UserGamesInteractor.swift */; };
		BC9CF800239755FD00CCD732 /* UserGamesInteractorInput.swift in Sources */ = {isa = PBXBuildFile; fileRef = BC9CF7EF239755FD00CCD732 /* UserGamesInteractorInput.swift */; };
		BC9CF801239755FD00CCD732 /* UserGamesModuleResult.swift in Sources */ = {isa = PBXBuildFile; fileRef = BC9CF7F1239755FD00CCD732 /* UserGamesModuleResult.swift */; };
		BC9CF802239755FD00CCD732 /* UserGamesModuleStartOption.swift in Sources */ = {isa = PBXBuildFile; fileRef = BC9CF7F2239755FD00CCD732 /* UserGamesModuleStartOption.swift */; };
		BCCCCAAE2394269E00772A89 /* UICommon.framework in Frameworks */ = {isa = PBXBuildFile; fileRef = BCCCCAAD2394269E00772A89 /* UICommon.framework */; };
		BCCCCAAF2394269E00772A89 /* UICommon.framework in Embed Frameworks */ = {isa = PBXBuildFile; fileRef = BCCCCAAD2394269E00772A89 /* UICommon.framework */; settings = {ATTRIBUTES = (CodeSignOnCopy, RemoveHeadersOnCopy, ); }; };
		BCCCCAB2239426A300772A89 /* Services.framework in Frameworks */ = {isa = PBXBuildFile; fileRef = BCCCCAB1239426A300772A89 /* Services.framework */; };
		BCCCCAB3239426A300772A89 /* Services.framework in Embed Frameworks */ = {isa = PBXBuildFile; fileRef = BCCCCAB1239426A300772A89 /* Services.framework */; settings = {ATTRIBUTES = (CodeSignOnCopy, RemoveHeadersOnCopy, ); }; };
		BCCCCAB5239426A800772A89 /* Storages.framework in Frameworks */ = {isa = PBXBuildFile; fileRef = BCCCCAB4239426A800772A89 /* Storages.framework */; };
		BCCCCAB6239426A800772A89 /* Storages.framework in Embed Frameworks */ = {isa = PBXBuildFile; fileRef = BCCCCAB4239426A800772A89 /* Storages.framework */; settings = {ATTRIBUTES = (CodeSignOnCopy, RemoveHeadersOnCopy, ); }; };
		BCCCCAB82394270400772A89 /* GameModulesFactory.swift in Sources */ = {isa = PBXBuildFile; fileRef = BCCCCAB72394270400772A89 /* GameModulesFactory.swift */; };
		BCCCCABA2394275C00772A89 /* GameScenesDependencies.swift in Sources */ = {isa = PBXBuildFile; fileRef = BCCCCAB92394275B00772A89 /* GameScenesDependencies.swift */; };
		BCCCCABC239428C200772A89 /* GamesCoordinator.swift in Sources */ = {isa = PBXBuildFile; fileRef = BCCCCABB239428C200772A89 /* GamesCoordinator.swift */; };
		BCCCCB0223950A3100772A89 /* GamePresenter.swift in Sources */ = {isa = PBXBuildFile; fileRef = BCCCCAEC23950A3100772A89 /* GamePresenter.swift */; };
		BCCCCB0323950A3100772A89 /* GamePresenterState.swift in Sources */ = {isa = PBXBuildFile; fileRef = BCCCCAED23950A3100772A89 /* GamePresenterState.swift */; };
		BCCCCB0423950A3100772A89 /* GameItemsSourcing.swift in Sources */ = {isa = PBXBuildFile; fileRef = BCCCCAEF23950A3100772A89 /* GameItemsSourcing.swift */; };
		BCCCCB0523950A3100772A89 /* GameModelBuilderSettings.swift in Sources */ = {isa = PBXBuildFile; fileRef = BCCCCAF123950A3100772A89 /* GameModelBuilderSettings.swift */; };
		BCCCCB0623950A3100772A89 /* GameCellModel.swift in Sources */ = {isa = PBXBuildFile; fileRef = BCCCCAF223950A3100772A89 /* GameCellModel.swift */; };
		BCCCCB0723950A3100772A89 /* GameModelBuilder.swift in Sources */ = {isa = PBXBuildFile; fileRef = BCCCCAF323950A3100772A89 /* GameModelBuilder.swift */; };
		BCCCCB0823950A3100772A89 /* GameModelBuilding.swift in Sources */ = {isa = PBXBuildFile; fileRef = BCCCCAF423950A3100772A89 /* GameModelBuilding.swift */; };
		BCCCCB0923950A3100772A89 /* GameViewOutput.swift in Sources */ = {isa = PBXBuildFile; fileRef = BCCCCAF623950A3100772A89 /* GameViewOutput.swift */; };
		BCCCCB0A23950A3100772A89 /* GameViewController.swift in Sources */ = {isa = PBXBuildFile; fileRef = BCCCCAF723950A3100772A89 /* GameViewController.swift */; };
		BCCCCB0B23950A3100772A89 /* GameViewInput.swift in Sources */ = {isa = PBXBuildFile; fileRef = BCCCCAF823950A3100772A89 /* GameViewInput.swift */; };
		BCCCCB0C23950A3100772A89 /* GameConfigurator.swift in Sources */ = {isa = PBXBuildFile; fileRef = BCCCCAFA23950A3100772A89 /* GameConfigurator.swift */; };
		BCCCCB0D23950A3100772A89 /* GameInteractorInput.swift in Sources */ = {isa = PBXBuildFile; fileRef = BCCCCAFC23950A3100772A89 /* GameInteractorInput.swift */; };
		BCCCCB0E23950A3100772A89 /* GameInteractorOutput.swift in Sources */ = {isa = PBXBuildFile; fileRef = BCCCCAFD23950A3100772A89 /* GameInteractorOutput.swift */; };
		BCCCCB0F23950A3100772A89 /* GameInteractor.swift in Sources */ = {isa = PBXBuildFile; fileRef = BCCCCAFE23950A3100772A89 /* GameInteractor.swift */; };
		BCCCCB1023950A3100772A89 /* GameModuleStartOption.swift in Sources */ = {isa = PBXBuildFile; fileRef = BCCCCB0023950A3100772A89 /* GameModuleStartOption.swift */; };
		BCCCCB1123950A3100772A89 /* GameModuleResult.swift in Sources */ = {isa = PBXBuildFile; fileRef = BCCCCB0123950A3100772A89 /* GameModuleResult.swift */; };
		BCD22CA7238E83FE0020885E /* GameScenes.h in Headers */ = {isa = PBXBuildFile; fileRef = BCD22CA5238E83FE0020885E /* GameScenes.h */; settings = {ATTRIBUTES = (Public, ); }; };
		BCD22CC4238E87410020885E /* GameModulesFactoring.swift in Sources */ = {isa = PBXBuildFile; fileRef = BCD22CC3238E87410020885E /* GameModulesFactoring.swift */; };
/* End PBXBuildFile section */

/* Begin PBXCopyFilesBuildPhase section */
		BCCCCAB02394269F00772A89 /* Embed Frameworks */ = {
			isa = PBXCopyFilesBuildPhase;
			buildActionMask = 2147483647;
			dstPath = "";
			dstSubfolderSpec = 10;
			files = (
				BCCCCAB6239426A800772A89 /* Storages.framework in Embed Frameworks */,
				BCCCCAB3239426A300772A89 /* Services.framework in Embed Frameworks */,
				BCCCCAAF2394269E00772A89 /* UICommon.framework in Embed Frameworks */,
			);
			name = "Embed Frameworks";
			runOnlyForDeploymentPostprocessing = 0;
		};
/* End PBXCopyFilesBuildPhase section */

/* Begin PBXFileReference section */
		986042936BEAC695F38CFE20 /* Pods-GameScenes.debug.xcconfig */ = {isa = PBXFileReference; includeInIndex = 1; lastKnownFileType = text.xcconfig; name = "Pods-GameScenes.debug.xcconfig"; path = "Target Support Files/Pods-GameScenes/Pods-GameScenes.debug.xcconfig"; sourceTree = "<group>"; };
		BC04480F239813A3008BEA66 /* GameStatsPresenter.swift */ = {isa = PBXFileReference; fileEncoding = 4; lastKnownFileType = sourcecode.swift; path = GameStatsPresenter.swift; sourceTree = "<group>"; };
		BC044810239813A3008BEA66 /* GameStatsPresenterState.swift */ = {isa = PBXFileReference; fileEncoding = 4; lastKnownFileType = sourcecode.swift; path = GameStatsPresenterState.swift; sourceTree = "<group>"; };
		BC044813239813A3008BEA66 /* GameStatsCellModel.swift */ = {isa = PBXFileReference; fileEncoding = 4; lastKnownFileType = sourcecode.swift; path = GameStatsCellModel.swift; sourceTree = "<group>"; };
		BC044814239813A3008BEA66 /* GameStatsModelBuilder.swift */ = {isa = PBXFileReference; fileEncoding = 4; lastKnownFileType = sourcecode.swift; path = GameStatsModelBuilder.swift; sourceTree = "<group>"; };
		BC044815239813A3008BEA66 /* GameStatsModelBuilderSettings.swift */ = {isa = PBXFileReference; fileEncoding = 4; lastKnownFileType = sourcecode.swift; path = GameStatsModelBuilderSettings.swift; sourceTree = "<group>"; };
		BC044816239813A3008BEA66 /* GameStatsModelBuilding.swift */ = {isa = PBXFileReference; fileEncoding = 4; lastKnownFileType = sourcecode.swift; path = GameStatsModelBuilding.swift; sourceTree = "<group>"; };
		BC044817239813A3008BEA66 /* GameStatsItemsSourcing.swift */ = {isa = PBXFileReference; fileEncoding = 4; lastKnownFileType = sourcecode.swift; path = GameStatsItemsSourcing.swift; sourceTree = "<group>"; };
		BC044819239813A3008BEA66 /* GameStatsViewOutput.swift */ = {isa = PBXFileReference; fileEncoding = 4; lastKnownFileType = sourcecode.swift; path = GameStatsViewOutput.swift; sourceTree = "<group>"; };
		BC04481A239813A3008BEA66 /* GameStatsViewController.swift */ = {isa = PBXFileReference; fileEncoding = 4; lastKnownFileType = sourcecode.swift; path = GameStatsViewController.swift; sourceTree = "<group>"; };
		BC04481B239813A3008BEA66 /* GameStatsViewInput.swift */ = {isa = PBXFileReference; fileEncoding = 4; lastKnownFileType = sourcecode.swift; path = GameStatsViewInput.swift; sourceTree = "<group>"; };
		BC04481D239813A3008BEA66 /* GameStatsConfigurator.swift */ = {isa = PBXFileReference; fileEncoding = 4; lastKnownFileType = sourcecode.swift; path = GameStatsConfigurator.swift; sourceTree = "<group>"; };
		BC04481F239813A3008BEA66 /* GameStatsInteractorOutput.swift */ = {isa = PBXFileReference; fileEncoding = 4; lastKnownFileType = sourcecode.swift; path = GameStatsInteractorOutput.swift; sourceTree = "<group>"; };
		BC044820239813A3008BEA66 /* GameStatsInteractor.swift */ = {isa = PBXFileReference; fileEncoding = 4; lastKnownFileType = sourcecode.swift; path = GameStatsInteractor.swift; sourceTree = "<group>"; };
		BC044821239813A3008BEA66 /* GameStatsInteractorInput.swift */ = {isa = PBXFileReference; fileEncoding = 4; lastKnownFileType = sourcecode.swift; path = GameStatsInteractorInput.swift; sourceTree = "<group>"; };
		BC044823239813A3008BEA66 /* GameStatsModuleResult.swift */ = {isa = PBXFileReference; fileEncoding = 4; lastKnownFileType = sourcecode.swift; path = GameStatsModuleResult.swift; sourceTree = "<group>"; };
		BC044824239813A3008BEA66 /* GameStatsModuleStartOption.swift */ = {isa = PBXFileReference; fileEncoding = 4; lastKnownFileType = sourcecode.swift; path = GameStatsModuleStartOption.swift; sourceTree = "<group>"; };
		BC93836B239A686700A147BE /* GameAchievementsPresenter.swift */ = {isa = PBXFileReference; fileEncoding = 4; lastKnownFileType = sourcecode.swift; path = GameAchievementsPresenter.swift; sourceTree = "<group>"; };
		BC93836C239A686700A147BE /* GameAchievementsPresenterState.swift */ = {isa = PBXFileReference; fileEncoding = 4; lastKnownFileType = sourcecode.swift; path = GameAchievementsPresenterState.swift; sourceTree = "<group>"; };
		BC93836E239A686700A147BE /* GameAchievementsItemsSourcing.swift */ = {isa = PBXFileReference; fileEncoding = 4; lastKnownFileType = sourcecode.swift; path = GameAchievementsItemsSourcing.swift; sourceTree = "<group>"; };
		BC938370239A686700A147BE /* GameAchievementsModelBuilderSettings.swift */ = {isa = PBXFileReference; fileEncoding = 4; lastKnownFileType = sourcecode.swift; path = GameAchievementsModelBuilderSettings.swift; sourceTree = "<group>"; };
		BC938371239A686700A147BE /* GameAchievementsModelBuilder.swift */ = {isa = PBXFileReference; fileEncoding = 4; lastKnownFileType = sourcecode.swift; path = GameAchievementsModelBuilder.swift; sourceTree = "<group>"; };
		BC938372239A686700A147BE /* GameAchievementsModelBuilding.swift */ = {isa = PBXFileReference; fileEncoding = 4; lastKnownFileType = sourcecode.swift; path = GameAchievementsModelBuilding.swift; sourceTree = "<group>"; };
		BC938373239A686700A147BE /* GameAchievementsCellModel.swift */ = {isa = PBXFileReference; fileEncoding = 4; lastKnownFileType = sourcecode.swift; path = GameAchievementsCellModel.swift; sourceTree = "<group>"; };
		BC938375239A686700A147BE /* GameAchievementsViewInput.swift */ = {isa = PBXFileReference; fileEncoding = 4; lastKnownFileType = sourcecode.swift; path = GameAchievementsViewInput.swift; sourceTree = "<group>"; };
		BC938376239A686700A147BE /* GameAchievementsViewOutput.swift */ = {isa = PBXFileReference; fileEncoding = 4; lastKnownFileType = sourcecode.swift; path = GameAchievementsViewOutput.swift; sourceTree = "<group>"; };
		BC938377239A686700A147BE /* GameAchievementsViewController.swift */ = {isa = PBXFileReference; fileEncoding = 4; lastKnownFileType = sourcecode.swift; path = GameAchievementsViewController.swift; sourceTree = "<group>"; };
		BC938379239A686700A147BE /* GameAchievementsConfigurator.swift */ = {isa = PBXFileReference; fileEncoding = 4; lastKnownFileType = sourcecode.swift; path = GameAchievementsConfigurator.swift; sourceTree = "<group>"; };
		BC93837B239A686700A147BE /* GameAchievementsInteractorInput.swift */ = {isa = PBXFileReference; fileEncoding = 4; lastKnownFileType = sourcecode.swift; path = GameAchievementsInteractorInput.swift; sourceTree = "<group>"; };
		BC93837C239A686700A147BE /* GameAchievementsInteractorOutput.swift */ = {isa = PBXFileReference; fileEncoding = 4; lastKnownFileType = sourcecode.swift; path = GameAchievementsInteractorOutput.swift; sourceTree = "<group>"; };
		BC93837D239A686700A147BE /* GameAchievementsInteractor.swift */ = {isa = PBXFileReference; fileEncoding = 4; lastKnownFileType = sourcecode.swift; path = GameAchievementsInteractor.swift; sourceTree = "<group>"; };
		BC93837F239A686700A147BE /* GameAchievementsModuleStartOption.swift */ = {isa = PBXFileReference; fileEncoding = 4; lastKnownFileType = sourcecode.swift; path = GameAchievementsModuleStartOption.swift; sourceTree = "<group>"; };
		BC938380239A686700A147BE /* GameAchievementsModuleResult.swift */ = {isa = PBXFileReference; fileEncoding = 4; lastKnownFileType = sourcecode.swift; path = GameAchievementsModuleResult.swift; sourceTree = "<group>"; };
		BC9383A6239A8D9100A147BE /* GameNewsPresenterState.swift */ = {isa = PBXFileReference; fileEncoding = 4; lastKnownFileType = sourcecode.swift; path = GameNewsPresenterState.swift; sourceTree = "<group>"; };
		BC9383A7239A8D9100A147BE /* GameNewsPresenter.swift */ = {isa = PBXFileReference; fileEncoding = 4; lastKnownFileType = sourcecode.swift; path = GameNewsPresenter.swift; sourceTree = "<group>"; };
		BC9383AA239A8D9100A147BE /* GameNewsModelBuilding.swift */ = {isa = PBXFileReference; fileEncoding = 4; lastKnownFileType = sourcecode.swift; path = GameNewsModelBuilding.swift; sourceTree = "<group>"; };
		BC9383AB239A8D9100A147BE /* GameNewsModelBuilderSettings.swift */ = {isa = PBXFileReference; fileEncoding = 4; lastKnownFileType = sourcecode.swift; path = GameNewsModelBuilderSettings.swift; sourceTree = "<group>"; };
		BC9383AC239A8D9100A147BE /* GameNewsCellModel.swift */ = {isa = PBXFileReference; fileEncoding = 4; lastKnownFileType = sourcecode.swift; path = GameNewsCellModel.swift; sourceTree = "<group>"; };
		BC9383AD239A8D9100A147BE /* GameNewsModelBuilder.swift */ = {isa = PBXFileReference; fileEncoding = 4; lastKnownFileType = sourcecode.swift; path = GameNewsModelBuilder.swift; sourceTree = "<group>"; };
		BC9383AE239A8D9100A147BE /* GameNewsItemsSourcing.swift */ = {isa = PBXFileReference; fileEncoding = 4; lastKnownFileType = sourcecode.swift; path = GameNewsItemsSourcing.swift; sourceTree = "<group>"; };
		BC9383B0239A8D9100A147BE /* GameNewsViewOutput.swift */ = {isa = PBXFileReference; fileEncoding = 4; lastKnownFileType = sourcecode.swift; path = GameNewsViewOutput.swift; sourceTree = "<group>"; };
		BC9383B1239A8D9100A147BE /* GameNewsViewController.swift */ = {isa = PBXFileReference; fileEncoding = 4; lastKnownFileType = sourcecode.swift; path = GameNewsViewController.swift; sourceTree = "<group>"; };
		BC9383B2239A8D9100A147BE /* GameNewsViewInput.swift */ = {isa = PBXFileReference; fileEncoding = 4; lastKnownFileType = sourcecode.swift; path = GameNewsViewInput.swift; sourceTree = "<group>"; };
		BC9383B4239A8D9100A147BE /* GameNewsConfigurator.swift */ = {isa = PBXFileReference; fileEncoding = 4; lastKnownFileType = sourcecode.swift; path = GameNewsConfigurator.swift; sourceTree = "<group>"; };
		BC9383B6239A8D9100A147BE /* GameNewsInteractorInput.swift */ = {isa = PBXFileReference; fileEncoding = 4; lastKnownFileType = sourcecode.swift; path = GameNewsInteractorInput.swift; sourceTree = "<group>"; };
		BC9383B7239A8D9100A147BE /* GameNewsInteractor.swift */ = {isa = PBXFileReference; fileEncoding = 4; lastKnownFileType = sourcecode.swift; path = GameNewsInteractor.swift; sourceTree = "<group>"; };
		BC9383B8239A8D9100A147BE /* GameNewsInteractorOutput.swift */ = {isa = PBXFileReference; fileEncoding = 4; lastKnownFileType = sourcecode.swift; path = GameNewsInteractorOutput.swift; sourceTree = "<group>"; };
		BC9383BA239A8D9100A147BE /* GameNewsModuleStartOption.swift */ = {isa = PBXFileReference; fileEncoding = 4; lastKnownFileType = sourcecode.swift; path = GameNewsModuleStartOption.swift; sourceTree = "<group>"; };
		BC9383BB239A8D9100A147BE /* GameNewsModuleResult.swift */ = {isa = PBXFileReference; fileEncoding = 4; lastKnownFileType = sourcecode.swift; path = GameNewsModuleResult.swift; sourceTree = "<group>"; };
		BC9383D3239A9AA600A147BE /* HtmlConverter.swift */ = {isa = PBXFileReference; lastKnownFileType = sourcecode.swift; path = HtmlConverter.swift; sourceTree = "<group>"; };
		BC9383D5239A9D6400A147BE /* HtmlConverting.swift */ = {isa = PBXFileReference; lastKnownFileType = sourcecode.swift; path = HtmlConverting.swift; sourceTree = "<group>"; };
		BC9CF7DD239755FD00CCD732 /* UserGamesPresenterState.swift */ = {isa = PBXFileReference; fileEncoding = 4; lastKnownFileType = sourcecode.swift; path = UserGamesPresenterState.swift; sourceTree = "<group>"; };
		BC9CF7DE239755FD00CCD732 /* UserGamesPresenter.swift */ = {isa = PBXFileReference; fileEncoding = 4; lastKnownFileType = sourcecode.swift; path = UserGamesPresenter.swift; sourceTree = "<group>"; };
		BC9CF7E0239755FD00CCD732 /* UserGamesItemsSourcing.swift */ = {isa = PBXFileReference; fileEncoding = 4; lastKnownFileType = sourcecode.swift; path = UserGamesItemsSourcing.swift; sourceTree = "<group>"; };
		BC9CF7E2239755FD00CCD732 /* UserGamesModelBuilder.swift */ = {isa = PBXFileReference; fileEncoding = 4; lastKnownFileType = sourcecode.swift; path = UserGamesModelBuilder.swift; sourceTree = "<group>"; };
		BC9CF7E3239755FD00CCD732 /* UserGamesCellModel.swift */ = {isa = PBXFileReference; fileEncoding = 4; lastKnownFileType = sourcecode.swift; path = UserGamesCellModel.swift; sourceTree = "<group>"; };
		BC9CF7E4239755FD00CCD732 /* UserGamesModelBuilding.swift */ = {isa = PBXFileReference; fileEncoding = 4; lastKnownFileType = sourcecode.swift; path = UserGamesModelBuilding.swift; sourceTree = "<group>"; };
		BC9CF7E5239755FD00CCD732 /* UserGamesModelBuilderSettings.swift */ = {isa = PBXFileReference; fileEncoding = 4; lastKnownFileType = sourcecode.swift; path = UserGamesModelBuilderSettings.swift; sourceTree = "<group>"; };
		BC9CF7E7239755FD00CCD732 /* UserGamesViewController.swift */ = {isa = PBXFileReference; fileEncoding = 4; lastKnownFileType = sourcecode.swift; path = UserGamesViewController.swift; sourceTree = "<group>"; };
		BC9CF7E8239755FD00CCD732 /* UserGamesViewOutput.swift */ = {isa = PBXFileReference; fileEncoding = 4; lastKnownFileType = sourcecode.swift; path = UserGamesViewOutput.swift; sourceTree = "<group>"; };
		BC9CF7E9239755FD00CCD732 /* UserGamesViewInput.swift */ = {isa = PBXFileReference; fileEncoding = 4; lastKnownFileType = sourcecode.swift; path = UserGamesViewInput.swift; sourceTree = "<group>"; };
		BC9CF7EB239755FD00CCD732 /* UserGamesConfigurator.swift */ = {isa = PBXFileReference; fileEncoding = 4; lastKnownFileType = sourcecode.swift; path = UserGamesConfigurator.swift; sourceTree = "<group>"; };
		BC9CF7ED239755FD00CCD732 /* UserGamesInteractorOutput.swift */ = {isa = PBXFileReference; fileEncoding = 4; lastKnownFileType = sourcecode.swift; path = UserGamesInteractorOutput.swift; sourceTree = "<group>"; };
		BC9CF7EE239755FD00CCD732 /* UserGamesInteractor.swift */ = {isa = PBXFileReference; fileEncoding = 4; lastKnownFileType = sourcecode.swift; path = UserGamesInteractor.swift; sourceTree = "<group>"; };
		BC9CF7EF239755FD00CCD732 /* UserGamesInteractorInput.swift */ = {isa = PBXFileReference; fileEncoding = 4; lastKnownFileType = sourcecode.swift; path = UserGamesInteractorInput.swift; sourceTree = "<group>"; };
		BC9CF7F1239755FD00CCD732 /* UserGamesModuleResult.swift */ = {isa = PBXFileReference; fileEncoding = 4; lastKnownFileType = sourcecode.swift; path = UserGamesModuleResult.swift; sourceTree = "<group>"; };
		BC9CF7F2239755FD00CCD732 /* UserGamesModuleStartOption.swift */ = {isa = PBXFileReference; fileEncoding = 4; lastKnownFileType = sourcecode.swift; path = UserGamesModuleStartOption.swift; sourceTree = "<group>"; };
		BCCCCAAD2394269E00772A89 /* UICommon.framework */ = {isa = PBXFileReference; explicitFileType = wrapper.framework; path = UICommon.framework; sourceTree = BUILT_PRODUCTS_DIR; };
		BCCCCAB1239426A300772A89 /* Services.framework */ = {isa = PBXFileReference; explicitFileType = wrapper.framework; path = Services.framework; sourceTree = BUILT_PRODUCTS_DIR; };
		BCCCCAB4239426A800772A89 /* Storages.framework */ = {isa = PBXFileReference; explicitFileType = wrapper.framework; path = Storages.framework; sourceTree = BUILT_PRODUCTS_DIR; };
		BCCCCAB72394270400772A89 /* GameModulesFactory.swift */ = {isa = PBXFileReference; lastKnownFileType = sourcecode.swift; path = GameModulesFactory.swift; sourceTree = "<group>"; };
		BCCCCAB92394275B00772A89 /* GameScenesDependencies.swift */ = {isa = PBXFileReference; fileEncoding = 4; lastKnownFileType = sourcecode.swift; path = GameScenesDependencies.swift; sourceTree = "<group>"; };
		BCCCCABB239428C200772A89 /* GamesCoordinator.swift */ = {isa = PBXFileReference; lastKnownFileType = sourcecode.swift; path = GamesCoordinator.swift; sourceTree = "<group>"; };
		BCCCCAEC23950A3100772A89 /* GamePresenter.swift */ = {isa = PBXFileReference; fileEncoding = 4; lastKnownFileType = sourcecode.swift; path = GamePresenter.swift; sourceTree = "<group>"; };
		BCCCCAED23950A3100772A89 /* GamePresenterState.swift */ = {isa = PBXFileReference; fileEncoding = 4; lastKnownFileType = sourcecode.swift; path = GamePresenterState.swift; sourceTree = "<group>"; };
		BCCCCAEF23950A3100772A89 /* GameItemsSourcing.swift */ = {isa = PBXFileReference; fileEncoding = 4; lastKnownFileType = sourcecode.swift; path = GameItemsSourcing.swift; sourceTree = "<group>"; };
		BCCCCAF123950A3100772A89 /* GameModelBuilderSettings.swift */ = {isa = PBXFileReference; fileEncoding = 4; lastKnownFileType = sourcecode.swift; path = GameModelBuilderSettings.swift; sourceTree = "<group>"; };
		BCCCCAF223950A3100772A89 /* GameCellModel.swift */ = {isa = PBXFileReference; fileEncoding = 4; lastKnownFileType = sourcecode.swift; path = GameCellModel.swift; sourceTree = "<group>"; };
		BCCCCAF323950A3100772A89 /* GameModelBuilder.swift */ = {isa = PBXFileReference; fileEncoding = 4; lastKnownFileType = sourcecode.swift; path = GameModelBuilder.swift; sourceTree = "<group>"; };
		BCCCCAF423950A3100772A89 /* GameModelBuilding.swift */ = {isa = PBXFileReference; fileEncoding = 4; lastKnownFileType = sourcecode.swift; path = GameModelBuilding.swift; sourceTree = "<group>"; };
		BCCCCAF623950A3100772A89 /* GameViewOutput.swift */ = {isa = PBXFileReference; fileEncoding = 4; lastKnownFileType = sourcecode.swift; path = GameViewOutput.swift; sourceTree = "<group>"; };
		BCCCCAF723950A3100772A89 /* GameViewController.swift */ = {isa = PBXFileReference; fileEncoding = 4; lastKnownFileType = sourcecode.swift; path = GameViewController.swift; sourceTree = "<group>"; };
		BCCCCAF823950A3100772A89 /* GameViewInput.swift */ = {isa = PBXFileReference; fileEncoding = 4; lastKnownFileType = sourcecode.swift; path = GameViewInput.swift; sourceTree = "<group>"; };
		BCCCCAFA23950A3100772A89 /* GameConfigurator.swift */ = {isa = PBXFileReference; fileEncoding = 4; lastKnownFileType = sourcecode.swift; path = GameConfigurator.swift; sourceTree = "<group>"; };
		BCCCCAFC23950A3100772A89 /* GameInteractorInput.swift */ = {isa = PBXFileReference; fileEncoding = 4; lastKnownFileType = sourcecode.swift; path = GameInteractorInput.swift; sourceTree = "<group>"; };
		BCCCCAFD23950A3100772A89 /* GameInteractorOutput.swift */ = {isa = PBXFileReference; fileEncoding = 4; lastKnownFileType = sourcecode.swift; path = GameInteractorOutput.swift; sourceTree = "<group>"; };
		BCCCCAFE23950A3100772A89 /* GameInteractor.swift */ = {isa = PBXFileReference; fileEncoding = 4; lastKnownFileType = sourcecode.swift; path = GameInteractor.swift; sourceTree = "<group>"; };
		BCCCCB0023950A3100772A89 /* GameModuleStartOption.swift */ = {isa = PBXFileReference; fileEncoding = 4; lastKnownFileType = sourcecode.swift; path = GameModuleStartOption.swift; sourceTree = "<group>"; };
		BCCCCB0123950A3100772A89 /* GameModuleResult.swift */ = {isa = PBXFileReference; fileEncoding = 4; lastKnownFileType = sourcecode.swift; path = GameModuleResult.swift; sourceTree = "<group>"; };
		BCD22CA2238E83FE0020885E /* GameScenes.framework */ = {isa = PBXFileReference; explicitFileType = wrapper.framework; includeInIndex = 0; path = GameScenes.framework; sourceTree = BUILT_PRODUCTS_DIR; };
		BCD22CA5238E83FE0020885E /* GameScenes.h */ = {isa = PBXFileReference; lastKnownFileType = sourcecode.c.h; path = GameScenes.h; sourceTree = "<group>"; };
		BCD22CA6238E83FE0020885E /* Info.plist */ = {isa = PBXFileReference; lastKnownFileType = text.plist.xml; path = Info.plist; sourceTree = "<group>"; };
		BCD22CC3238E87410020885E /* GameModulesFactoring.swift */ = {isa = PBXFileReference; lastKnownFileType = sourcecode.swift; path = GameModulesFactoring.swift; sourceTree = "<group>"; };
		E1081E044E34D7E4937F5364 /* Pods-GameScenes.release.xcconfig */ = {isa = PBXFileReference; includeInIndex = 1; lastKnownFileType = text.xcconfig; name = "Pods-GameScenes.release.xcconfig"; path = "Target Support Files/Pods-GameScenes/Pods-GameScenes.release.xcconfig"; sourceTree = "<group>"; };
		F638CCC8FD80D453B5086F95 /* Pods_GameScenes.framework */ = {isa = PBXFileReference; explicitFileType = wrapper.framework; includeInIndex = 0; path = Pods_GameScenes.framework; sourceTree = BUILT_PRODUCTS_DIR; };
/* End PBXFileReference section */

/* Begin PBXFrameworksBuildPhase section */
		BCD22C9F238E83FE0020885E /* Frameworks */ = {
			isa = PBXFrameworksBuildPhase;
			buildActionMask = 2147483647;
			files = (
				BCCCCAB5239426A800772A89 /* Storages.framework in Frameworks */,
				BCCCCAB2239426A300772A89 /* Services.framework in Frameworks */,
				BCCCCAAE2394269E00772A89 /* UICommon.framework in Frameworks */,
				8DDDEBECA2E1E2E2449CBF2F /* Pods_GameScenes.framework in Frameworks */,
			);
			runOnlyForDeploymentPostprocessing = 0;
		};
/* End PBXFrameworksBuildPhase section */

/* Begin PBXGroup section */
		84194083995E5CFF8170E87B /* Pods */ = {
			isa = PBXGroup;
			children = (
				986042936BEAC695F38CFE20 /* Pods-GameScenes.debug.xcconfig */,
				E1081E044E34D7E4937F5364 /* Pods-GameScenes.release.xcconfig */,
			);
			name = Pods;
			path = ../Pods;
			sourceTree = "<group>";
		};
		BC04480D239813A3008BEA66 /* GameStats */ = {
			isa = PBXGroup;
			children = (
				BC04480E239813A3008BEA66 /* Presenter */,
				BC044811239813A3008BEA66 /* Common */,
				BC044818239813A3008BEA66 /* View */,
				BC04481C239813A3008BEA66 /* Configurator */,
				BC04481E239813A3008BEA66 /* Interactor */,
				BC044822239813A3008BEA66 /* Router */,
			);
			path = GameStats;
			sourceTree = "<group>";
		};
		BC04480E239813A3008BEA66 /* Presenter */ = {
			isa = PBXGroup;
			children = (
				BC04480F239813A3008BEA66 /* GameStatsPresenter.swift */,
				BC044810239813A3008BEA66 /* GameStatsPresenterState.swift */,
			);
			path = Presenter;
			sourceTree = "<group>";
		};
		BC044811239813A3008BEA66 /* Common */ = {
			isa = PBXGroup;
			children = (
				BC044812239813A3008BEA66 /* Models */,
				BC044817239813A3008BEA66 /* GameStatsItemsSourcing.swift */,
			);
			path = Common;
			sourceTree = "<group>";
		};
		BC044812239813A3008BEA66 /* Models */ = {
			isa = PBXGroup;
			children = (
				BC044813239813A3008BEA66 /* GameStatsCellModel.swift */,
				BC044814239813A3008BEA66 /* GameStatsModelBuilder.swift */,
				BC044815239813A3008BEA66 /* GameStatsModelBuilderSettings.swift */,
				BC044816239813A3008BEA66 /* GameStatsModelBuilding.swift */,
			);
			path = Models;
			sourceTree = "<group>";
		};
		BC044818239813A3008BEA66 /* View */ = {
			isa = PBXGroup;
			children = (
				BC044819239813A3008BEA66 /* GameStatsViewOutput.swift */,
				BC04481A239813A3008BEA66 /* GameStatsViewController.swift */,
				BC04481B239813A3008BEA66 /* GameStatsViewInput.swift */,
			);
			path = View;
			sourceTree = "<group>";
		};
		BC04481C239813A3008BEA66 /* Configurator */ = {
			isa = PBXGroup;
			children = (
				BC04481D239813A3008BEA66 /* GameStatsConfigurator.swift */,
			);
			path = Configurator;
			sourceTree = "<group>";
		};
		BC04481E239813A3008BEA66 /* Interactor */ = {
			isa = PBXGroup;
			children = (
				BC04481F239813A3008BEA66 /* GameStatsInteractorOutput.swift */,
				BC044820239813A3008BEA66 /* GameStatsInteractor.swift */,
				BC044821239813A3008BEA66 /* GameStatsInteractorInput.swift */,
			);
			path = Interactor;
			sourceTree = "<group>";
		};
		BC044822239813A3008BEA66 /* Router */ = {
			isa = PBXGroup;
			children = (
				BC044823239813A3008BEA66 /* GameStatsModuleResult.swift */,
				BC044824239813A3008BEA66 /* GameStatsModuleStartOption.swift */,
			);
			path = Router;
			sourceTree = "<group>";
		};
		BC938369239A686700A147BE /* GameAchievements */ = {
			isa = PBXGroup;
			children = (
				BC93836A239A686700A147BE /* Presenter */,
				BC93836D239A686700A147BE /* Common */,
				BC938374239A686700A147BE /* View */,
				BC938378239A686700A147BE /* Configurator */,
				BC93837A239A686700A147BE /* Interactor */,
				BC93837E239A686700A147BE /* Router */,
			);
			path = GameAchievements;
			sourceTree = "<group>";
		};
		BC93836A239A686700A147BE /* Presenter */ = {
			isa = PBXGroup;
			children = (
				BC93836B239A686700A147BE /* GameAchievementsPresenter.swift */,
				BC93836C239A686700A147BE /* GameAchievementsPresenterState.swift */,
			);
			path = Presenter;
			sourceTree = "<group>";
		};
		BC93836D239A686700A147BE /* Common */ = {
			isa = PBXGroup;
			children = (
				BC93836E239A686700A147BE /* GameAchievementsItemsSourcing.swift */,
				BC93836F239A686700A147BE /* Models */,
			);
			path = Common;
			sourceTree = "<group>";
		};
		BC93836F239A686700A147BE /* Models */ = {
			isa = PBXGroup;
			children = (
				BC938370239A686700A147BE /* GameAchievementsModelBuilderSettings.swift */,
				BC938371239A686700A147BE /* GameAchievementsModelBuilder.swift */,
				BC938372239A686700A147BE /* GameAchievementsModelBuilding.swift */,
				BC938373239A686700A147BE /* GameAchievementsCellModel.swift */,
			);
			path = Models;
			sourceTree = "<group>";
		};
		BC938374239A686700A147BE /* View */ = {
			isa = PBXGroup;
			children = (
				BC938375239A686700A147BE /* GameAchievementsViewInput.swift */,
				BC938376239A686700A147BE /* GameAchievementsViewOutput.swift */,
				BC938377239A686700A147BE /* GameAchievementsViewController.swift */,
			);
			path = View;
			sourceTree = "<group>";
		};
		BC938378239A686700A147BE /* Configurator */ = {
			isa = PBXGroup;
			children = (
				BC938379239A686700A147BE /* GameAchievementsConfigurator.swift */,
			);
			path = Configurator;
			sourceTree = "<group>";
		};
		BC93837A239A686700A147BE /* Interactor */ = {
			isa = PBXGroup;
			children = (
				BC93837B239A686700A147BE /* GameAchievementsInteractorInput.swift */,
				BC93837C239A686700A147BE /* GameAchievementsInteractorOutput.swift */,
				BC93837D239A686700A147BE /* GameAchievementsInteractor.swift */,
			);
			path = Interactor;
			sourceTree = "<group>";
		};
		BC93837E239A686700A147BE /* Router */ = {
			isa = PBXGroup;
			children = (
				BC93837F239A686700A147BE /* GameAchievementsModuleStartOption.swift */,
				BC938380239A686700A147BE /* GameAchievementsModuleResult.swift */,
			);
			path = Router;
			sourceTree = "<group>";
		};
		BC9383A4239A8D9100A147BE /* GameNews */ = {
			isa = PBXGroup;
			children = (
				BC9383A5239A8D9100A147BE /* Presenter */,
				BC9383A8239A8D9100A147BE /* Common */,
				BC9383AF239A8D9100A147BE /* View */,
				BC9383B3239A8D9100A147BE /* Configurator */,
				BC9383B5239A8D9100A147BE /* Interactor */,
				BC9383B9239A8D9100A147BE /* Router */,
			);
			path = GameNews;
			sourceTree = "<group>";
		};
		BC9383A5239A8D9100A147BE /* Presenter */ = {
			isa = PBXGroup;
			children = (
				BC9383A6239A8D9100A147BE /* GameNewsPresenterState.swift */,
				BC9383A7239A8D9100A147BE /* GameNewsPresenter.swift */,
			);
			path = Presenter;
			sourceTree = "<group>";
		};
		BC9383A8239A8D9100A147BE /* Common */ = {
			isa = PBXGroup;
			children = (
				BC9383A9239A8D9100A147BE /* Models */,
				BC9383AE239A8D9100A147BE /* GameNewsItemsSourcing.swift */,
				BC9383D3239A9AA600A147BE /* HtmlConverter.swift */,
				BC9383D5239A9D6400A147BE /* HtmlConverting.swift */,
			);
			path = Common;
			sourceTree = "<group>";
		};
		BC9383A9239A8D9100A147BE /* Models */ = {
			isa = PBXGroup;
			children = (
				BC9383AA239A8D9100A147BE /* GameNewsModelBuilding.swift */,
				BC9383AB239A8D9100A147BE /* GameNewsModelBuilderSettings.swift */,
				BC9383AC239A8D9100A147BE /* GameNewsCellModel.swift */,
				BC9383AD239A8D9100A147BE /* GameNewsModelBuilder.swift */,
			);
			path = Models;
			sourceTree = "<group>";
		};
		BC9383AF239A8D9100A147BE /* View */ = {
			isa = PBXGroup;
			children = (
				BC9383B0239A8D9100A147BE /* GameNewsViewOutput.swift */,
				BC9383B1239A8D9100A147BE /* GameNewsViewController.swift */,
				BC9383B2239A8D9100A147BE /* GameNewsViewInput.swift */,
			);
			path = View;
			sourceTree = "<group>";
		};
		BC9383B3239A8D9100A147BE /* Configurator */ = {
			isa = PBXGroup;
			children = (
				BC9383B4239A8D9100A147BE /* GameNewsConfigurator.swift */,
			);
			path = Configurator;
			sourceTree = "<group>";
		};
		BC9383B5239A8D9100A147BE /* Interactor */ = {
			isa = PBXGroup;
			children = (
				BC9383B6239A8D9100A147BE /* GameNewsInteractorInput.swift */,
				BC9383B7239A8D9100A147BE /* GameNewsInteractor.swift */,
				BC9383B8239A8D9100A147BE /* GameNewsInteractorOutput.swift */,
			);
			path = Interactor;
			sourceTree = "<group>";
		};
		BC9383B9239A8D9100A147BE /* Router */ = {
			isa = PBXGroup;
			children = (
				BC9383BA239A8D9100A147BE /* GameNewsModuleStartOption.swift */,
				BC9383BB239A8D9100A147BE /* GameNewsModuleResult.swift */,
			);
			path = Router;
			sourceTree = "<group>";
		};
		BC9CF7DB239755FD00CCD732 /* UserGames */ = {
			isa = PBXGroup;
			children = (
				BC9CF7DC239755FD00CCD732 /* Presenter */,
				BC9CF7DF239755FD00CCD732 /* Common */,
				BC9CF7E6239755FD00CCD732 /* View */,
				BC9CF7EA239755FD00CCD732 /* Configurator */,
				BC9CF7EC239755FD00CCD732 /* Interactor */,
				BC9CF7F0239755FD00CCD732 /* Router */,
			);
			path = UserGames;
			sourceTree = "<group>";
		};
		BC9CF7DC239755FD00CCD732 /* Presenter */ = {
			isa = PBXGroup;
			children = (
				BC9CF7DD239755FD00CCD732 /* UserGamesPresenterState.swift */,
				BC9CF7DE239755FD00CCD732 /* UserGamesPresenter.swift */,
			);
			path = Presenter;
			sourceTree = "<group>";
		};
		BC9CF7DF239755FD00CCD732 /* Common */ = {
			isa = PBXGroup;
			children = (
				BC9CF7E0239755FD00CCD732 /* UserGamesItemsSourcing.swift */,
				BC9CF7E1239755FD00CCD732 /* Models */,
			);
			path = Common;
			sourceTree = "<group>";
		};
		BC9CF7E1239755FD00CCD732 /* Models */ = {
			isa = PBXGroup;
			children = (
				BC9CF7E2239755FD00CCD732 /* UserGamesModelBuilder.swift */,
				BC9CF7E3239755FD00CCD732 /* UserGamesCellModel.swift */,
				BC9CF7E4239755FD00CCD732 /* UserGamesModelBuilding.swift */,
				BC9CF7E5239755FD00CCD732 /* UserGamesModelBuilderSettings.swift */,
			);
			path = Models;
			sourceTree = "<group>";
		};
		BC9CF7E6239755FD00CCD732 /* View */ = {
			isa = PBXGroup;
			children = (
				BC9CF7E7239755FD00CCD732 /* UserGamesViewController.swift */,
				BC9CF7E8239755FD00CCD732 /* UserGamesViewOutput.swift */,
				BC9CF7E9239755FD00CCD732 /* UserGamesViewInput.swift */,
			);
			path = View;
			sourceTree = "<group>";
		};
		BC9CF7EA239755FD00CCD732 /* Configurator */ = {
			isa = PBXGroup;
			children = (
				BC9CF7EB239755FD00CCD732 /* UserGamesConfigurator.swift */,
			);
			path = Configurator;
			sourceTree = "<group>";
		};
		BC9CF7EC239755FD00CCD732 /* Interactor */ = {
			isa = PBXGroup;
			children = (
				BC9CF7ED239755FD00CCD732 /* UserGamesInteractorOutput.swift */,
				BC9CF7EE239755FD00CCD732 /* UserGamesInteractor.swift */,
				BC9CF7EF239755FD00CCD732 /* UserGamesInteractorInput.swift */,
			);
			path = Interactor;
			sourceTree = "<group>";
		};
		BC9CF7F0239755FD00CCD732 /* Router */ = {
			isa = PBXGroup;
			children = (
				BC9CF7F1239755FD00CCD732 /* UserGamesModuleResult.swift */,
				BC9CF7F2239755FD00CCD732 /* UserGamesModuleStartOption.swift */,
			);
			path = Router;
			sourceTree = "<group>";
		};
		BCCCCAAC2394269E00772A89 /* Frameworks */ = {
			isa = PBXGroup;
			children = (
				BCCCCAB4239426A800772A89 /* Storages.framework */,
				BCCCCAB1239426A300772A89 /* Services.framework */,
				BCCCCAAD2394269E00772A89 /* UICommon.framework */,
				F638CCC8FD80D453B5086F95 /* Pods_GameScenes.framework */,
			);
			name = Frameworks;
			sourceTree = "<group>";
		};
		BCCCCAEA23950A3100772A89 /* Game */ = {
			isa = PBXGroup;
			children = (
				BCCCCAEB23950A3100772A89 /* Presenter */,
				BCCCCAEE23950A3100772A89 /* Common */,
				BCCCCAF523950A3100772A89 /* View */,
				BCCCCAF923950A3100772A89 /* Configurator */,
				BCCCCAFB23950A3100772A89 /* Interactor */,
				BCCCCAFF23950A3100772A89 /* Router */,
			);
			path = Game;
			sourceTree = "<group>";
		};
		BCCCCAEB23950A3100772A89 /* Presenter */ = {
			isa = PBXGroup;
			children = (
				BCCCCAEC23950A3100772A89 /* GamePresenter.swift */,
				BCCCCAED23950A3100772A89 /* GamePresenterState.swift */,
			);
			path = Presenter;
			sourceTree = "<group>";
		};
		BCCCCAEE23950A3100772A89 /* Common */ = {
			isa = PBXGroup;
			children = (
				BCCCCAF023950A3100772A89 /* Models */,
				BCCCCAEF23950A3100772A89 /* GameItemsSourcing.swift */,
			);
			path = Common;
			sourceTree = "<group>";
		};
		BCCCCAF023950A3100772A89 /* Models */ = {
			isa = PBXGroup;
			children = (
				BCCCCAF123950A3100772A89 /* GameModelBuilderSettings.swift */,
				BCCCCAF223950A3100772A89 /* GameCellModel.swift */,
				BCCCCAF323950A3100772A89 /* GameModelBuilder.swift */,
				BCCCCAF423950A3100772A89 /* GameModelBuilding.swift */,
			);
			path = Models;
			sourceTree = "<group>";
		};
		BCCCCAF523950A3100772A89 /* View */ = {
			isa = PBXGroup;
			children = (
				BCCCCAF623950A3100772A89 /* GameViewOutput.swift */,
				BCCCCAF723950A3100772A89 /* GameViewController.swift */,
				BCCCCAF823950A3100772A89 /* GameViewInput.swift */,
			);
			path = View;
			sourceTree = "<group>";
		};
		BCCCCAF923950A3100772A89 /* Configurator */ = {
			isa = PBXGroup;
			children = (
				BCCCCAFA23950A3100772A89 /* GameConfigurator.swift */,
			);
			path = Configurator;
			sourceTree = "<group>";
		};
		BCCCCAFB23950A3100772A89 /* Interactor */ = {
			isa = PBXGroup;
			children = (
				BCCCCAFC23950A3100772A89 /* GameInteractorInput.swift */,
				BCCCCAFD23950A3100772A89 /* GameInteractorOutput.swift */,
				BCCCCAFE23950A3100772A89 /* GameInteractor.swift */,
			);
			path = Interactor;
			sourceTree = "<group>";
		};
		BCCCCAFF23950A3100772A89 /* Router */ = {
			isa = PBXGroup;
			children = (
				BCCCCB0023950A3100772A89 /* GameModuleStartOption.swift */,
				BCCCCB0123950A3100772A89 /* GameModuleResult.swift */,
			);
			path = Router;
			sourceTree = "<group>";
		};
		BCD22C98238E83FE0020885E = {
			isa = PBXGroup;
			children = (
				BCD22CA4238E83FE0020885E /* Main */,
				BCD22CA3238E83FE0020885E /* Products */,
				BCCCCAAC2394269E00772A89 /* Frameworks */,
				84194083995E5CFF8170E87B /* Pods */,
			);
			sourceTree = "<group>";
		};
		BCD22CA3238E83FE0020885E /* Products */ = {
			isa = PBXGroup;
			children = (
				BCD22CA2238E83FE0020885E /* GameScenes.framework */,
			);
			name = Products;
			sourceTree = "<group>";
		};
		BCD22CA4238E83FE0020885E /* Main */ = {
			isa = PBXGroup;
			children = (
				BCCCCAB92394275B00772A89 /* GameScenesDependencies.swift */,
				BCD22CB1238E84890020885E /* Coordinator */,
				BCD22CB2238E84890020885E /* Modules */,
				BCD22CB0238E84890020885E /* ModulesFactory */,
				BCD22CA5238E83FE0020885E /* GameScenes.h */,
				BCD22CA6238E83FE0020885E /* Info.plist */,
			);
			path = Main;
			sourceTree = "<group>";
		};
		BCD22CB0238E84890020885E /* ModulesFactory */ = {
			isa = PBXGroup;
			children = (
				BCD22CC3238E87410020885E /* GameModulesFactoring.swift */,
				BCCCCAB72394270400772A89 /* GameModulesFactory.swift */,
			);
			path = ModulesFactory;
			sourceTree = "<group>";
		};
		BCD22CB1238E84890020885E /* Coordinator */ = {
			isa = PBXGroup;
			children = (
				BCCCCABB239428C200772A89 /* GamesCoordinator.swift */,
			);
			path = Coordinator;
			sourceTree = "<group>";
		};
		BCD22CB2238E84890020885E /* Modules */ = {
			isa = PBXGroup;
			children = (
				BC9CF7DB239755FD00CCD732 /* UserGames */,
				BCCCCAEA23950A3100772A89 /* Game */,
				BC04480D239813A3008BEA66 /* GameStats */,
				BC938369239A686700A147BE /* GameAchievements */,
				BC9383A4239A8D9100A147BE /* GameNews */,
			);
			path = Modules;
			sourceTree = "<group>";
		};
/* End PBXGroup section */

/* Begin PBXHeadersBuildPhase section */
		BCD22C9D238E83FE0020885E /* Headers */ = {
			isa = PBXHeadersBuildPhase;
			buildActionMask = 2147483647;
			files = (
				BCD22CA7238E83FE0020885E /* GameScenes.h in Headers */,
			);
			runOnlyForDeploymentPostprocessing = 0;
		};
/* End PBXHeadersBuildPhase section */

/* Begin PBXNativeTarget section */
		BCD22CA1238E83FE0020885E /* GameScenes */ = {
			isa = PBXNativeTarget;
			buildConfigurationList = BCD22CAA238E83FE0020885E /* Build configuration list for PBXNativeTarget "GameScenes" */;
			buildPhases = (
				8BE749AC6D8993F712D77745 /* [CP] Check Pods Manifest.lock */,
				BCD22C9D238E83FE0020885E /* Headers */,
				BCD22C9E238E83FE0020885E /* Sources */,
				BCD22C9F238E83FE0020885E /* Frameworks */,
				BCD22CA0238E83FE0020885E /* Resources */,
				BCCCCAB02394269F00772A89 /* Embed Frameworks */,
			);
			buildRules = (
			);
			dependencies = (
			);
			name = GameScenes;
			productName = GameScenes;
			productReference = BCD22CA2238E83FE0020885E /* GameScenes.framework */;
			productType = "com.apple.product-type.framework";
		};
/* End PBXNativeTarget section */

/* Begin PBXProject section */
		BCD22C99238E83FE0020885E /* Project object */ = {
			isa = PBXProject;
			attributes = {
				LastUpgradeCheck = 1120;
				ORGANIZATIONNAME = YouDo;
				TargetAttributes = {
					BCD22CA1238E83FE0020885E = {
						CreatedOnToolsVersion = 11.2.1;
						LastSwiftMigration = 1120;
					};
				};
			};
			buildConfigurationList = BCD22C9C238E83FE0020885E /* Build configuration list for PBXProject "GameScenes" */;
			compatibilityVersion = "Xcode 9.3";
			developmentRegion = en;
			hasScannedForEncodings = 0;
			knownRegions = (
				en,
				Base,
			);
			mainGroup = BCD22C98238E83FE0020885E;
			productRefGroup = BCD22CA3238E83FE0020885E /* Products */;
			projectDirPath = "";
			projectRoot = "";
			targets = (
				BCD22CA1238E83FE0020885E /* GameScenes */,
			);
		};
/* End PBXProject section */

/* Begin PBXResourcesBuildPhase section */
		BCD22CA0238E83FE0020885E /* Resources */ = {
			isa = PBXResourcesBuildPhase;
			buildActionMask = 2147483647;
			files = (
			);
			runOnlyForDeploymentPostprocessing = 0;
		};
/* End PBXResourcesBuildPhase section */

/* Begin PBXShellScriptBuildPhase section */
		8BE749AC6D8993F712D77745 /* [CP] Check Pods Manifest.lock */ = {
			isa = PBXShellScriptBuildPhase;
			buildActionMask = 2147483647;
			files = (
			);
			inputFileListPaths = (
			);
			inputPaths = (
				"${PODS_PODFILE_DIR_PATH}/Podfile.lock",
				"${PODS_ROOT}/Manifest.lock",
			);
			name = "[CP] Check Pods Manifest.lock";
			outputFileListPaths = (
			);
			outputPaths = (
				"$(DERIVED_FILE_DIR)/Pods-GameScenes-checkManifestLockResult.txt",
			);
			runOnlyForDeploymentPostprocessing = 0;
			shellPath = /bin/sh;
			shellScript = "diff \"${PODS_PODFILE_DIR_PATH}/Podfile.lock\" \"${PODS_ROOT}/Manifest.lock\" > /dev/null\nif [ $? != 0 ] ; then\n    # print error to STDERR\n    echo \"error: The sandbox is not in sync with the Podfile.lock. Run 'pod install' or update your CocoaPods installation.\" >&2\n    exit 1\nfi\n# This output is used by Xcode 'outputs' to avoid re-running this script phase.\necho \"SUCCESS\" > \"${SCRIPT_OUTPUT_FILE_0}\"\n";
			showEnvVarsInLog = 0;
		};
/* End PBXShellScriptBuildPhase section */

/* Begin PBXSourcesBuildPhase section */
		BCD22C9E238E83FE0020885E /* Sources */ = {
			isa = PBXSourcesBuildPhase;
			buildActionMask = 2147483647;
			files = (
				BC044825239813A3008BEA66 /* GameStatsPresenter.swift in Sources */,
				BC04482E239813A4008BEA66 /* GameStatsViewInput.swift in Sources */,
				BC9383C6239A8D9100A147BE /* GameNewsConfigurator.swift in Sources */,
				BC9CF7F9239755FD00CCD732 /* UserGamesModelBuilderSettings.swift in Sources */,
				BC044826239813A3008BEA66 /* GameStatsPresenterState.swift in Sources */,
				BC044827239813A3008BEA66 /* GameStatsCellModel.swift in Sources */,
				BCCCCB0423950A3100772A89 /* GameItemsSourcing.swift in Sources */,
				BCCCCABA2394275C00772A89 /* GameScenesDependencies.swift in Sources */,
				BC9383CA239A8D9100A147BE /* GameNewsModuleStartOption.swift in Sources */,
				BC9383BD239A8D9100A147BE /* GameNewsPresenter.swift in Sources */,
				BC9CF7F6239755FD00CCD732 /* UserGamesModelBuilder.swift in Sources */,
				BC9383D6239A9D6400A147BE /* HtmlConverting.swift in Sources */,
				BC938381239A686700A147BE /* GameAchievementsPresenter.swift in Sources */,
				BC04482F239813A4008BEA66 /* GameStatsConfigurator.swift in Sources */,
				BC93838E239A686800A147BE /* GameAchievementsInteractor.swift in Sources */,
				BC9383D4239A9AA600A147BE /* HtmlConverter.swift in Sources */,
				BC93838A239A686800A147BE /* GameAchievementsViewController.swift in Sources */,
				BCCCCAB82394270400772A89 /* GameModulesFactory.swift in Sources */,
				BC9CF7F4239755FD00CCD732 /* UserGamesPresenter.swift in Sources */,
				BCCCCB0323950A3100772A89 /* GamePresenterState.swift in Sources */,
				BCCCCB1023950A3100772A89 /* GameModuleStartOption.swift in Sources */,
				BC938390239A686800A147BE /* GameAchievementsModuleResult.swift in Sources */,
				BCCCCB0A23950A3100772A89 /* GameViewController.swift in Sources */,
				BC938388239A686800A147BE /* GameAchievementsViewInput.swift in Sources */,
				BCCCCB0E23950A3100772A89 /* GameInteractorOutput.swift in Sources */,
				BC04482A239813A3008BEA66 /* GameStatsModelBuilding.swift in Sources */,
				BCCCCB0C23950A3100772A89 /* GameConfigurator.swift in Sources */,
				BCCCCB0623950A3100772A89 /* GameCellModel.swift in Sources */,
				BC9CF802239755FD00CCD732 /* UserGamesModuleStartOption.swift in Sources */,
				BC9383C9239A8D9100A147BE /* GameNewsInteractorOutput.swift in Sources */,
				BC93838D239A686800A147BE /* GameAchievementsInteractorOutput.swift in Sources */,
				BCCCCB0923950A3100772A89 /* GameViewOutput.swift in Sources */,
				BC938383239A686700A147BE /* GameAchievementsItemsSourcing.swift in Sources */,
				BC9383C8239A8D9100A147BE /* GameNewsInteractor.swift in Sources */,
				BC938385239A686700A147BE /* GameAchievementsModelBuilder.swift in Sources */,
				BC9383C2239A8D9100A147BE /* GameNewsItemsSourcing.swift in Sources */,
				BC044829239813A3008BEA66 /* GameStatsModelBuilderSettings.swift in Sources */,
				BC9CF7FD239755FD00CCD732 /* UserGamesConfigurator.swift in Sources */,
				BC9CF7F8239755FD00CCD732 /* UserGamesModelBuilding.swift in Sources */,
				BCCCCB0823950A3100772A89 /* GameModelBuilding.swift in Sources */,
				BC04482D239813A4008BEA66 /* GameStatsViewController.swift in Sources */,
				BC9CF7FF239755FD00CCD732 /* UserGamesInteractor.swift in Sources */,
				BCCCCB0D23950A3100772A89 /* GameInteractorInput.swift in Sources */,
				BC9383BC239A8D9100A147BE /* GameNewsPresenterState.swift in Sources */,
				BC04482B239813A4008BEA66 /* GameStatsItemsSourcing.swift in Sources */,
				BC93838C239A686800A147BE /* GameAchievementsInteractorInput.swift in Sources */,
				BC9CF7FC239755FD00CCD732 /* UserGamesViewInput.swift in Sources */,
				BC938382239A686700A147BE /* GameAchievementsPresenterState.swift in Sources */,
				BC9CF7FE239755FD00CCD732 /* UserGamesInteractorOutput.swift in Sources */,
				BCCCCB1123950A3100772A89 /* GameModuleResult.swift in Sources */,
				BC044830239813A4008BEA66 /* GameStatsInteractorOutput.swift in Sources */,
				BC93838F239A686800A147BE /* GameAchievementsModuleStartOption.swift in Sources */,
				BC9383C3239A8D9100A147BE /* GameNewsViewOutput.swift in Sources */,
				BCCCCB0523950A3100772A89 /* GameModelBuilderSettings.swift in Sources */,
				BC04482C239813A4008BEA66 /* GameStatsViewOutput.swift in Sources */,
				BC9383CB239A8D9100A147BE /* GameNewsModuleResult.swift in Sources */,
				BCCCCB0F23950A3100772A89 /* GameInteractor.swift in Sources */,
				BC938386239A686800A147BE /* GameAchievementsModelBuilding.swift in Sources */,
				BC9CF7FA239755FD00CCD732 /* UserGamesViewController.swift in Sources */,
				BC9CF800239755FD00CCD732 /* UserGamesInteractorInput.swift in Sources */,
				BC9CF7FB239755FD00CCD732 /* UserGamesViewOutput.swift in Sources */,
				BCCCCB0B23950A3100772A89 /* GameViewInput.swift in Sources */,
				BC044828239813A3008BEA66 /* GameStatsModelBuilder.swift in Sources */,
				BC938389239A686800A147BE /* GameAchievementsViewOutput.swift in Sources */,
				BCCCCABC239428C200772A89 /* GamesCoordinator.swift in Sources */,
				BC938384239A686700A147BE /* GameAchievementsModelBuilderSettings.swift in Sources */,
				BCCCCB0223950A3100772A89 /* GamePresenter.swift in Sources */,
				BC9383C4239A8D9100A147BE /* GameNewsViewController.swift in Sources */,
				BC044834239813A4008BEA66 /* GameStatsModuleStartOption.swift in Sources */,
				BC9383C5239A8D9100A147BE /* GameNewsViewInput.swift in Sources */,
				BCD22CC4238E87410020885E /* GameModulesFactoring.swift in Sources */,
				BC044833239813A4008BEA66 /* GameStatsModuleResult.swift in Sources */,
				BC044832239813A4008BEA66 /* GameStatsInteractorInput.swift in Sources */,
				BC9CF7F5239755FD00CCD732 /* UserGamesItemsSourcing.swift in Sources */,
				BC9383C0239A8D9100A147BE /* GameNewsCellModel.swift in Sources */,
				BC044831239813A4008BEA66 /* GameStatsInteractor.swift in Sources */,
				BC9383BE239A8D9100A147BE /* GameNewsModelBuilding.swift in Sources */,
				BC9383BF239A8D9100A147BE /* GameNewsModelBuilderSettings.swift in Sources */,
				BC93838B239A686800A147BE /* GameAchievementsConfigurator.swift in Sources */,
				BC938387239A686800A147BE /* GameAchievementsCellModel.swift in Sources */,
				BC9383C7239A8D9100A147BE /* GameNewsInteractorInput.swift in Sources */,
				BC9CF801239755FD00CCD732 /* UserGamesModuleResult.swift in Sources */,
				BC9CF7F7239755FD00CCD732 /* UserGamesCellModel.swift in Sources */,
				BC9CF7F3239755FD00CCD732 /* UserGamesPresenterState.swift in Sources */,
				BC9383C1239A8D9100A147BE /* GameNewsModelBuilder.swift in Sources */,
				BCCCCB0723950A3100772A89 /* GameModelBuilder.swift in Sources */,
			);
			runOnlyForDeploymentPostprocessing = 0;
		};
/* End PBXSourcesBuildPhase section */

/* Begin XCBuildConfiguration section */
		BCD22CA8238E83FE0020885E /* Debug */ = {
			isa = XCBuildConfiguration;
			buildSettings = {
				ALWAYS_SEARCH_USER_PATHS = NO;
				CLANG_ANALYZER_NONNULL = YES;
				CLANG_ANALYZER_NUMBER_OBJECT_CONVERSION = YES_AGGRESSIVE;
				CLANG_CXX_LANGUAGE_STANDARD = "gnu++14";
				CLANG_CXX_LIBRARY = "libc++";
				CLANG_ENABLE_MODULES = YES;
				CLANG_ENABLE_OBJC_ARC = YES;
				CLANG_ENABLE_OBJC_WEAK = YES;
				CLANG_WARN_BLOCK_CAPTURE_AUTORELEASING = YES;
				CLANG_WARN_BOOL_CONVERSION = YES;
				CLANG_WARN_COMMA = YES;
				CLANG_WARN_CONSTANT_CONVERSION = YES;
				CLANG_WARN_DEPRECATED_OBJC_IMPLEMENTATIONS = YES;
				CLANG_WARN_DIRECT_OBJC_ISA_USAGE = YES_ERROR;
				CLANG_WARN_DOCUMENTATION_COMMENTS = YES;
				CLANG_WARN_EMPTY_BODY = YES;
				CLANG_WARN_ENUM_CONVERSION = YES;
				CLANG_WARN_INFINITE_RECURSION = YES;
				CLANG_WARN_INT_CONVERSION = YES;
				CLANG_WARN_NON_LITERAL_NULL_CONVERSION = YES;
				CLANG_WARN_OBJC_IMPLICIT_RETAIN_SELF = YES;
				CLANG_WARN_OBJC_LITERAL_CONVERSION = YES;
				CLANG_WARN_OBJC_ROOT_CLASS = YES_ERROR;
				CLANG_WARN_RANGE_LOOP_ANALYSIS = YES;
				CLANG_WARN_STRICT_PROTOTYPES = YES;
				CLANG_WARN_SUSPICIOUS_MOVE = YES;
				CLANG_WARN_UNGUARDED_AVAILABILITY = YES_AGGRESSIVE;
				CLANG_WARN_UNREACHABLE_CODE = YES;
				CLANG_WARN__DUPLICATE_METHOD_MATCH = YES;
				COPY_PHASE_STRIP = NO;
				CURRENT_PROJECT_VERSION = 1;
				DEBUG_INFORMATION_FORMAT = dwarf;
				ENABLE_STRICT_OBJC_MSGSEND = YES;
				ENABLE_TESTABILITY = YES;
				GCC_C_LANGUAGE_STANDARD = gnu11;
				GCC_DYNAMIC_NO_PIC = NO;
				GCC_NO_COMMON_BLOCKS = YES;
				GCC_OPTIMIZATION_LEVEL = 0;
				GCC_PREPROCESSOR_DEFINITIONS = (
					"DEBUG=1",
					"$(inherited)",
				);
				GCC_WARN_64_TO_32_BIT_CONVERSION = YES;
				GCC_WARN_ABOUT_RETURN_TYPE = YES_ERROR;
				GCC_WARN_UNDECLARED_SELECTOR = YES;
				GCC_WARN_UNINITIALIZED_AUTOS = YES_AGGRESSIVE;
				GCC_WARN_UNUSED_FUNCTION = YES;
				GCC_WARN_UNUSED_VARIABLE = YES;
				IPHONEOS_DEPLOYMENT_TARGET = 10;
				MTL_ENABLE_DEBUG_INFO = INCLUDE_SOURCE;
				MTL_FAST_MATH = YES;
				ONLY_ACTIVE_ARCH = YES;
				SDKROOT = iphoneos;
				SWIFT_ACTIVE_COMPILATION_CONDITIONS = DEBUG;
				SWIFT_OPTIMIZATION_LEVEL = "-Onone";
				VERSIONING_SYSTEM = "apple-generic";
				VERSION_INFO_PREFIX = "";
			};
			name = Debug;
		};
		BCD22CA9238E83FE0020885E /* Release */ = {
			isa = XCBuildConfiguration;
			buildSettings = {
				ALWAYS_SEARCH_USER_PATHS = NO;
				CLANG_ANALYZER_NONNULL = YES;
				CLANG_ANALYZER_NUMBER_OBJECT_CONVERSION = YES_AGGRESSIVE;
				CLANG_CXX_LANGUAGE_STANDARD = "gnu++14";
				CLANG_CXX_LIBRARY = "libc++";
				CLANG_ENABLE_MODULES = YES;
				CLANG_ENABLE_OBJC_ARC = YES;
				CLANG_ENABLE_OBJC_WEAK = YES;
				CLANG_WARN_BLOCK_CAPTURE_AUTORELEASING = YES;
				CLANG_WARN_BOOL_CONVERSION = YES;
				CLANG_WARN_COMMA = YES;
				CLANG_WARN_CONSTANT_CONVERSION = YES;
				CLANG_WARN_DEPRECATED_OBJC_IMPLEMENTATIONS = YES;
				CLANG_WARN_DIRECT_OBJC_ISA_USAGE = YES_ERROR;
				CLANG_WARN_DOCUMENTATION_COMMENTS = YES;
				CLANG_WARN_EMPTY_BODY = YES;
				CLANG_WARN_ENUM_CONVERSION = YES;
				CLANG_WARN_INFINITE_RECURSION = YES;
				CLANG_WARN_INT_CONVERSION = YES;
				CLANG_WARN_NON_LITERAL_NULL_CONVERSION = YES;
				CLANG_WARN_OBJC_IMPLICIT_RETAIN_SELF = YES;
				CLANG_WARN_OBJC_LITERAL_CONVERSION = YES;
				CLANG_WARN_OBJC_ROOT_CLASS = YES_ERROR;
				CLANG_WARN_RANGE_LOOP_ANALYSIS = YES;
				CLANG_WARN_STRICT_PROTOTYPES = YES;
				CLANG_WARN_SUSPICIOUS_MOVE = YES;
				CLANG_WARN_UNGUARDED_AVAILABILITY = YES_AGGRESSIVE;
				CLANG_WARN_UNREACHABLE_CODE = YES;
				CLANG_WARN__DUPLICATE_METHOD_MATCH = YES;
				COPY_PHASE_STRIP = NO;
				CURRENT_PROJECT_VERSION = 1;
				DEBUG_INFORMATION_FORMAT = "dwarf-with-dsym";
				ENABLE_NS_ASSERTIONS = NO;
				ENABLE_STRICT_OBJC_MSGSEND = YES;
				GCC_C_LANGUAGE_STANDARD = gnu11;
				GCC_NO_COMMON_BLOCKS = YES;
				GCC_WARN_64_TO_32_BIT_CONVERSION = YES;
				GCC_WARN_ABOUT_RETURN_TYPE = YES_ERROR;
				GCC_WARN_UNDECLARED_SELECTOR = YES;
				GCC_WARN_UNINITIALIZED_AUTOS = YES_AGGRESSIVE;
				GCC_WARN_UNUSED_FUNCTION = YES;
				GCC_WARN_UNUSED_VARIABLE = YES;
				IPHONEOS_DEPLOYMENT_TARGET = 10;
				MTL_ENABLE_DEBUG_INFO = NO;
				MTL_FAST_MATH = YES;
				SDKROOT = iphoneos;
				SWIFT_COMPILATION_MODE = wholemodule;
				SWIFT_OPTIMIZATION_LEVEL = "-O";
				VALIDATE_PRODUCT = YES;
				VERSIONING_SYSTEM = "apple-generic";
				VERSION_INFO_PREFIX = "";
			};
			name = Release;
		};
		BCD22CAB238E83FE0020885E /* Debug */ = {
			isa = XCBuildConfiguration;
			baseConfigurationReference = 986042936BEAC695F38CFE20 /* Pods-GameScenes.debug.xcconfig */;
			buildSettings = {
				CLANG_ENABLE_MODULES = YES;
				CODE_SIGN_STYLE = Automatic;
				DEFINES_MODULE = YES;
				DYLIB_COMPATIBILITY_VERSION = 1;
				DYLIB_CURRENT_VERSION = 1;
				DYLIB_INSTALL_NAME_BASE = "@rpath";
				INFOPLIST_FILE = Main/Info.plist;
				INSTALL_PATH = "$(LOCAL_LIBRARY_DIR)/Frameworks";
				LD_RUNPATH_SEARCH_PATHS = (
					"$(inherited)",
					"@executable_path/Frameworks",
					"@loader_path/Frameworks",
				);
				PRODUCT_BUNDLE_IDENTIFIER = com.frozenlion.FunCorpContest.GameScenes;
				PRODUCT_NAME = "$(TARGET_NAME:c99extidentifier)";
				SKIP_INSTALL = YES;
				SWIFT_OPTIMIZATION_LEVEL = "-Onone";
				SWIFT_VERSION = 5.0;
				TARGETED_DEVICE_FAMILY = "1,2";
			};
			name = Debug;
		};
		BCD22CAC238E83FE0020885E /* Release */ = {
			isa = XCBuildConfiguration;
			baseConfigurationReference = E1081E044E34D7E4937F5364 /* Pods-GameScenes.release.xcconfig */;
			buildSettings = {
				CLANG_ENABLE_MODULES = YES;
				CODE_SIGN_STYLE = Automatic;
				DEFINES_MODULE = YES;
				DYLIB_COMPATIBILITY_VERSION = 1;
				DYLIB_CURRENT_VERSION = 1;
				DYLIB_INSTALL_NAME_BASE = "@rpath";
				INFOPLIST_FILE = Main/Info.plist;
				INSTALL_PATH = "$(LOCAL_LIBRARY_DIR)/Frameworks";
				LD_RUNPATH_SEARCH_PATHS = (
					"$(inherited)",
					"@executable_path/Frameworks",
					"@loader_path/Frameworks",
				);
				PRODUCT_BUNDLE_IDENTIFIER = com.frozenlion.FunCorpContest.GameScenes;
				PRODUCT_NAME = "$(TARGET_NAME:c99extidentifier)";
				SKIP_INSTALL = YES;
				SWIFT_VERSION = 5.0;
				TARGETED_DEVICE_FAMILY = "1,2";
			};
			name = Release;
		};
/* End XCBuildConfiguration section */

/* Begin XCConfigurationList section */
		BCD22C9C238E83FE0020885E /* Build configuration list for PBXProject "GameScenes" */ = {
			isa = XCConfigurationList;
			buildConfigurations = (
				BCD22CA8238E83FE0020885E /* Debug */,
				BCD22CA9238E83FE0020885E /* Release */,
			);
			defaultConfigurationIsVisible = 0;
			defaultConfigurationName = Release;
		};
		BCD22CAA238E83FE0020885E /* Build configuration list for PBXNativeTarget "GameScenes" */ = {
			isa = XCConfigurationList;
			buildConfigurations = (
				BCD22CAB238E83FE0020885E /* Debug */,
				BCD22CAC238E83FE0020885E /* Release */,
			);
			defaultConfigurationIsVisible = 0;
			defaultConfigurationName = Release;
		};
/* End XCConfigurationList section */
	};
	rootObject = BCD22C99238E83FE0020885E /* Project object */;
}
