// !$*UTF8*$!
{
	archiveVersion = 1;
	classes = {
	};
	objectVersion = 50;
	objects = {

/* Begin PBXBuildFile section */
		BC04483B23992418008BEA66 /* GameStatsSyncService.swift in Sources */ = {isa = PBXBuildFile; fileRef = BC04483A23992418008BEA66 /* GameStatsSyncService.swift */; };
		BC04483D2399241E008BEA66 /* GameStatsSyncServicing.swift in Sources */ = {isa = PBXBuildFile; fileRef = BC04483C2399241E008BEA66 /* GameStatsSyncServicing.swift */; };
		BC45C65B238792CA0096EBD2 /* Storages.framework in Frameworks */ = {isa = PBXBuildFile; fileRef = BC45C65A238792CA0096EBD2 /* Storages.framework */; };
		BC45C65C238792CA0096EBD2 /* Storages.framework in Embed Frameworks */ = {isa = PBXBuildFile; fileRef = BC45C65A238792CA0096EBD2 /* Storages.framework */; settings = {ATTRIBUTES = (CodeSignOnCopy, RemoveHeadersOnCopy, ); }; };
		BC45C65F238792CF0096EBD2 /* APIClient.framework in Frameworks */ = {isa = PBXBuildFile; fileRef = BC45C65E238792CF0096EBD2 /* APIClient.framework */; };
		BC45C660238792CF0096EBD2 /* APIClient.framework in Embed Frameworks */ = {isa = PBXBuildFile; fileRef = BC45C65E238792CF0096EBD2 /* APIClient.framework */; settings = {ATTRIBUTES = (CodeSignOnCopy, RemoveHeadersOnCopy, ); }; };
		BC45C662238794DA0096EBD2 /* UsersServicing.swift in Sources */ = {isa = PBXBuildFile; fileRef = BC45C661238794DA0096EBD2 /* UsersServicing.swift */; };
		BC45C664238794E10096EBD2 /* UsersService.swift in Sources */ = {isa = PBXBuildFile; fileRef = BC45C663238794E10096EBD2 /* UsersService.swift */; };
		BC45C667238796500096EBD2 /* ServiceResult.swift in Sources */ = {isa = PBXBuildFile; fileRef = BC45C666238796500096EBD2 /* ServiceResult.swift */; };
		BC45C669238796C10096EBD2 /* ServiceCompletion.swift in Sources */ = {isa = PBXBuildFile; fileRef = BC45C668238796C10096EBD2 /* ServiceCompletion.swift */; };
		BC604C4D2384EA9E00FA5588 /* Services.framework in Frameworks */ = {isa = PBXBuildFile; fileRef = BC604C432384EA9D00FA5588 /* Services.framework */; };
		BC604C522384EA9E00FA5588 /* ServicesTests.swift in Sources */ = {isa = PBXBuildFile; fileRef = BC604C512384EA9E00FA5588 /* ServicesTests.swift */; };
		BC604C542384EA9E00FA5588 /* Services.h in Headers */ = {isa = PBXBuildFile; fileRef = BC604C462384EA9D00FA5588 /* Services.h */; settings = {ATTRIBUTES = (Public, ); }; };
		BCC302F92396171000914EB1 /* LogoutServicing.swift in Sources */ = {isa = PBXBuildFile; fileRef = BCC302F82396171000914EB1 /* LogoutServicing.swift */; };
		BCC302FB2396171400914EB1 /* LogoutService.swift in Sources */ = {isa = PBXBuildFile; fileRef = BCC302FA2396171400914EB1 /* LogoutService.swift */; };
		BCE3221D238AF11300792F50 /* GamesServicing.swift in Sources */ = {isa = PBXBuildFile; fileRef = BCE3221C238AF11300792F50 /* GamesServicing.swift */; };
		BCE3221F238AF13000792F50 /* GamesService.swift in Sources */ = {isa = PBXBuildFile; fileRef = BCE3221E238AF13000792F50 /* GamesService.swift */; };
		FFF202B99D13C26B49D052C6 /* Pods_Services.framework in Frameworks */ = {isa = PBXBuildFile; fileRef = BDB04B20E6E09FD8997043A6 /* Pods_Services.framework */; };
/* End PBXBuildFile section */

/* Begin PBXContainerItemProxy section */
		BC604C4E2384EA9E00FA5588 /* PBXContainerItemProxy */ = {
			isa = PBXContainerItemProxy;
			containerPortal = BC604C3A2384EA9D00FA5588 /* Project object */;
			proxyType = 1;
			remoteGlobalIDString = BC604C422384EA9D00FA5588;
			remoteInfo = Services;
		};
/* End PBXContainerItemProxy section */

/* Begin PBXCopyFilesBuildPhase section */
		BC45C65D238792CA0096EBD2 /* Embed Frameworks */ = {
			isa = PBXCopyFilesBuildPhase;
			buildActionMask = 2147483647;
			dstPath = "";
			dstSubfolderSpec = 10;
			files = (
				BC45C660238792CF0096EBD2 /* APIClient.framework in Embed Frameworks */,
				BC45C65C238792CA0096EBD2 /* Storages.framework in Embed Frameworks */,
			);
			name = "Embed Frameworks";
			runOnlyForDeploymentPostprocessing = 0;
		};
/* End PBXCopyFilesBuildPhase section */

/* Begin PBXFileReference section */
		072C0B2F49E4FB33C1A52442 /* Pods-Services.debug.xcconfig */ = {isa = PBXFileReference; includeInIndex = 1; lastKnownFileType = text.xcconfig; name = "Pods-Services.debug.xcconfig"; path = "Target Support Files/Pods-Services/Pods-Services.debug.xcconfig"; sourceTree = "<group>"; };
		BC04483A23992418008BEA66 /* GameStatsSyncService.swift */ = {isa = PBXFileReference; lastKnownFileType = sourcecode.swift; path = GameStatsSyncService.swift; sourceTree = "<group>"; };
		BC04483C2399241E008BEA66 /* GameStatsSyncServicing.swift */ = {isa = PBXFileReference; lastKnownFileType = sourcecode.swift; path = GameStatsSyncServicing.swift; sourceTree = "<group>"; };
		BC45C65A238792CA0096EBD2 /* Storages.framework */ = {isa = PBXFileReference; explicitFileType = wrapper.framework; path = Storages.framework; sourceTree = BUILT_PRODUCTS_DIR; };
		BC45C65E238792CF0096EBD2 /* APIClient.framework */ = {isa = PBXFileReference; explicitFileType = wrapper.framework; path = APIClient.framework; sourceTree = BUILT_PRODUCTS_DIR; };
		BC45C661238794DA0096EBD2 /* UsersServicing.swift */ = {isa = PBXFileReference; lastKnownFileType = sourcecode.swift; path = UsersServicing.swift; sourceTree = "<group>"; };
		BC45C663238794E10096EBD2 /* UsersService.swift */ = {isa = PBXFileReference; lastKnownFileType = sourcecode.swift; path = UsersService.swift; sourceTree = "<group>"; };
		BC45C666238796500096EBD2 /* ServiceResult.swift */ = {isa = PBXFileReference; lastKnownFileType = sourcecode.swift; path = ServiceResult.swift; sourceTree = "<group>"; };
		BC45C668238796C10096EBD2 /* ServiceCompletion.swift */ = {isa = PBXFileReference; lastKnownFileType = sourcecode.swift; path = ServiceCompletion.swift; sourceTree = "<group>"; };
		BC604C432384EA9D00FA5588 /* Services.framework */ = {isa = PBXFileReference; explicitFileType = wrapper.framework; includeInIndex = 0; path = Services.framework; sourceTree = BUILT_PRODUCTS_DIR; };
		BC604C462384EA9D00FA5588 /* Services.h */ = {isa = PBXFileReference; lastKnownFileType = sourcecode.c.h; path = Services.h; sourceTree = "<group>"; };
		BC604C472384EA9D00FA5588 /* Info.plist */ = {isa = PBXFileReference; lastKnownFileType = text.plist.xml; path = Info.plist; sourceTree = "<group>"; };
		BC604C4C2384EA9E00FA5588 /* ServicesUnitTests.xctest */ = {isa = PBXFileReference; explicitFileType = wrapper.cfbundle; includeInIndex = 0; path = ServicesUnitTests.xctest; sourceTree = BUILT_PRODUCTS_DIR; };
		BC604C512384EA9E00FA5588 /* ServicesTests.swift */ = {isa = PBXFileReference; lastKnownFileType = sourcecode.swift; path = ServicesTests.swift; sourceTree = "<group>"; };
		BC604C532384EA9E00FA5588 /* Info.plist */ = {isa = PBXFileReference; lastKnownFileType = text.plist.xml; path = Info.plist; sourceTree = "<group>"; };
		BCC302F82396171000914EB1 /* LogoutServicing.swift */ = {isa = PBXFileReference; lastKnownFileType = sourcecode.swift; path = LogoutServicing.swift; sourceTree = "<group>"; };
		BCC302FA2396171400914EB1 /* LogoutService.swift */ = {isa = PBXFileReference; lastKnownFileType = sourcecode.swift; path = LogoutService.swift; sourceTree = "<group>"; };
		BCE3221C238AF11300792F50 /* GamesServicing.swift */ = {isa = PBXFileReference; lastKnownFileType = sourcecode.swift; path = GamesServicing.swift; sourceTree = "<group>"; };
		BCE3221E238AF13000792F50 /* GamesService.swift */ = {isa = PBXFileReference; lastKnownFileType = sourcecode.swift; path = GamesService.swift; sourceTree = "<group>"; };
		BD06CB512914A8A1DC5750B7 /* Pods-Services.release.xcconfig */ = {isa = PBXFileReference; includeInIndex = 1; lastKnownFileType = text.xcconfig; name = "Pods-Services.release.xcconfig"; path = "Target Support Files/Pods-Services/Pods-Services.release.xcconfig"; sourceTree = "<group>"; };
		BDB04B20E6E09FD8997043A6 /* Pods_Services.framework */ = {isa = PBXFileReference; explicitFileType = wrapper.framework; includeInIndex = 0; path = Pods_Services.framework; sourceTree = BUILT_PRODUCTS_DIR; };
/* End PBXFileReference section */

/* Begin PBXFrameworksBuildPhase section */
		BC604C402384EA9D00FA5588 /* Frameworks */ = {
			isa = PBXFrameworksBuildPhase;
			buildActionMask = 2147483647;
			files = (
				BC45C65F238792CF0096EBD2 /* APIClient.framework in Frameworks */,
				BC45C65B238792CA0096EBD2 /* Storages.framework in Frameworks */,
				FFF202B99D13C26B49D052C6 /* Pods_Services.framework in Frameworks */,
			);
			runOnlyForDeploymentPostprocessing = 0;
		};
		BC604C492384EA9E00FA5588 /* Frameworks */ = {
			isa = PBXFrameworksBuildPhase;
			buildActionMask = 2147483647;
			files = (
				BC604C4D2384EA9E00FA5588 /* Services.framework in Frameworks */,
			);
			runOnlyForDeploymentPostprocessing = 0;
		};
/* End PBXFrameworksBuildPhase section */

/* Begin PBXGroup section */
		2A9D6880AD332B0A27AC7F82 /* Pods */ = {
			isa = PBXGroup;
			children = (
				072C0B2F49E4FB33C1A52442 /* Pods-Services.debug.xcconfig */,
				BD06CB512914A8A1DC5750B7 /* Pods-Services.release.xcconfig */,
			);
			name = Pods;
			path = ../Pods;
			sourceTree = "<group>";
		};
		BC044839239923EC008BEA66 /* GameStatsSyncService */ = {
			isa = PBXGroup;
			children = (
				BC04483A23992418008BEA66 /* GameStatsSyncService.swift */,
				BC04483C2399241E008BEA66 /* GameStatsSyncServicing.swift */,
			);
			path = GameStatsSyncService;
			sourceTree = "<group>";
		};
		BC45C659238792CA0096EBD2 /* Frameworks */ = {
			isa = PBXGroup;
			children = (
				BC45C65E238792CF0096EBD2 /* APIClient.framework */,
				BC45C65A238792CA0096EBD2 /* Storages.framework */,
				BDB04B20E6E09FD8997043A6 /* Pods_Services.framework */,
			);
			name = Frameworks;
			sourceTree = "<group>";
		};
		BC45C6652387963D0096EBD2 /* Common */ = {
			isa = PBXGroup;
			children = (
				BC45C666238796500096EBD2 /* ServiceResult.swift */,
				BC45C668238796C10096EBD2 /* ServiceCompletion.swift */,
			);
			path = Common;
			sourceTree = "<group>";
		};
		BC604C392384EA9D00FA5588 = {
			isa = PBXGroup;
			children = (
				BC604C452384EA9D00FA5588 /* Main */,
				BC604C502384EA9E00FA5588 /* UnitTests */,
				BC604C442384EA9D00FA5588 /* Products */,
				BC45C659238792CA0096EBD2 /* Frameworks */,
				2A9D6880AD332B0A27AC7F82 /* Pods */,
			);
			sourceTree = "<group>";
		};
		BC604C442384EA9D00FA5588 /* Products */ = {
			isa = PBXGroup;
			children = (
				BC604C432384EA9D00FA5588 /* Services.framework */,
				BC604C4C2384EA9E00FA5588 /* ServicesUnitTests.xctest */,
			);
			name = Products;
			sourceTree = "<group>";
		};
		BC604C452384EA9D00FA5588 /* Main */ = {
			isa = PBXGroup;
			children = (
				BC044839239923EC008BEA66 /* GameStatsSyncService */,
				BCC302F7239616FD00914EB1 /* LogoutService */,
				BC45C6652387963D0096EBD2 /* Common */,
				BC8C1B21238698F9000A80BA /* UserService */,
				BCE3221B238AF0FE00792F50 /* GamesService */,
				BC604C462384EA9D00FA5588 /* Services.h */,
				BC604C472384EA9D00FA5588 /* Info.plist */,
			);
			path = Main;
			sourceTree = "<group>";
		};
		BC604C502384EA9E00FA5588 /* UnitTests */ = {
			isa = PBXGroup;
			children = (
				BC604C512384EA9E00FA5588 /* ServicesTests.swift */,
				BC604C532384EA9E00FA5588 /* Info.plist */,
			);
			path = UnitTests;
			sourceTree = "<group>";
		};
		BC8C1B21238698F9000A80BA /* UserService */ = {
			isa = PBXGroup;
			children = (
				BC45C661238794DA0096EBD2 /* UsersServicing.swift */,
				BC45C663238794E10096EBD2 /* UsersService.swift */,
			);
			path = UserService;
			sourceTree = "<group>";
		};
		BCC302F7239616FD00914EB1 /* LogoutService */ = {
			isa = PBXGroup;
			children = (
				BCC302F82396171000914EB1 /* LogoutServicing.swift */,
				BCC302FA2396171400914EB1 /* LogoutService.swift */,
			);
			path = LogoutService;
			sourceTree = "<group>";
		};
		BCE3221B238AF0FE00792F50 /* GamesService */ = {
			isa = PBXGroup;
			children = (
				BCE3221C238AF11300792F50 /* GamesServicing.swift */,
				BCE3221E238AF13000792F50 /* GamesService.swift */,
			);
			path = GamesService;
			sourceTree = "<group>";
		};
/* End PBXGroup section */

/* Begin PBXHeadersBuildPhase section */
		BC604C3E2384EA9D00FA5588 /* Headers */ = {
			isa = PBXHeadersBuildPhase;
			buildActionMask = 2147483647;
			files = (
				BC604C542384EA9E00FA5588 /* Services.h in Headers */,
			);
			runOnlyForDeploymentPostprocessing = 0;
		};
/* End PBXHeadersBuildPhase section */

/* Begin PBXNativeTarget section */
		BC604C422384EA9D00FA5588 /* Services */ = {
			isa = PBXNativeTarget;
			buildConfigurationList = BC604C572384EA9E00FA5588 /* Build configuration list for PBXNativeTarget "Services" */;
			buildPhases = (
				795F53A53F29D4063F58EFDC /* [CP] Check Pods Manifest.lock */,
				BC604C3E2384EA9D00FA5588 /* Headers */,
				BC604C3F2384EA9D00FA5588 /* Sources */,
				BC604C402384EA9D00FA5588 /* Frameworks */,
				BC604C412384EA9D00FA5588 /* Resources */,
				BC45C65D238792CA0096EBD2 /* Embed Frameworks */,
			);
			buildRules = (
			);
			dependencies = (
			);
			name = Services;
			productName = Services;
			productReference = BC604C432384EA9D00FA5588 /* Services.framework */;
			productType = "com.apple.product-type.framework";
		};
		BC604C4B2384EA9E00FA5588 /* ServicesUnitTests */ = {
			isa = PBXNativeTarget;
			buildConfigurationList = BC604C5A2384EA9E00FA5588 /* Build configuration list for PBXNativeTarget "ServicesUnitTests" */;
			buildPhases = (
				BC604C482384EA9E00FA5588 /* Sources */,
				BC604C492384EA9E00FA5588 /* Frameworks */,
				BC604C4A2384EA9E00FA5588 /* Resources */,
			);
			buildRules = (
			);
			dependencies = (
				BC604C4F2384EA9E00FA5588 /* PBXTargetDependency */,
			);
			name = ServicesUnitTests;
			productName = ServicesTests;
			productReference = BC604C4C2384EA9E00FA5588 /* ServicesUnitTests.xctest */;
			productType = "com.apple.product-type.bundle.unit-test";
		};
/* End PBXNativeTarget section */

/* Begin PBXProject section */
		BC604C3A2384EA9D00FA5588 /* Project object */ = {
			isa = PBXProject;
			attributes = {
				LastSwiftUpdateCheck = 1120;
				LastUpgradeCheck = 1120;
				ORGANIZATIONNAME = FrozenApps;
				TargetAttributes = {
					BC604C422384EA9D00FA5588 = {
						CreatedOnToolsVersion = 11.2.1;
						LastSwiftMigration = 1120;
					};
					BC604C4B2384EA9E00FA5588 = {
						CreatedOnToolsVersion = 11.2.1;
					};
				};
			};
			buildConfigurationList = BC604C3D2384EA9D00FA5588 /* Build configuration list for PBXProject "Services" */;
			compatibilityVersion = "Xcode 9.3";
			developmentRegion = en;
			hasScannedForEncodings = 0;
			knownRegions = (
				en,
				Base,
			);
			mainGroup = BC604C392384EA9D00FA5588;
			productRefGroup = BC604C442384EA9D00FA5588 /* Products */;
			projectDirPath = "";
			projectRoot = "";
			targets = (
				BC604C422384EA9D00FA5588 /* Services */,
				BC604C4B2384EA9E00FA5588 /* ServicesUnitTests */,
			);
		};
/* End PBXProject section */

/* Begin PBXResourcesBuildPhase section */
		BC604C412384EA9D00FA5588 /* Resources */ = {
			isa = PBXResourcesBuildPhase;
			buildActionMask = 2147483647;
			files = (
			);
			runOnlyForDeploymentPostprocessing = 0;
		};
		BC604C4A2384EA9E00FA5588 /* Resources */ = {
			isa = PBXResourcesBuildPhase;
			buildActionMask = 2147483647;
			files = (
			);
			runOnlyForDeploymentPostprocessing = 0;
		};
/* End PBXResourcesBuildPhase section */

/* Begin PBXShellScriptBuildPhase section */
		795F53A53F29D4063F58EFDC /* [CP] Check Pods Manifest.lock */ = {
			isa = PBXShellScriptBuildPhase;
			buildActionMask = 2147483647;
			files = (
			);
			inputFileListPaths = (
			);
			inputPaths = (
				"${PODS_PODFILE_DIR_PATH}/Podfile.lock",
				"${PODS_ROOT}/Manifest.lock",
			);
			name = "[CP] Check Pods Manifest.lock";
			outputFileListPaths = (
			);
			outputPaths = (
				"$(DERIVED_FILE_DIR)/Pods-Services-checkManifestLockResult.txt",
			);
			runOnlyForDeploymentPostprocessing = 0;
			shellPath = /bin/sh;
			shellScript = "diff \"${PODS_PODFILE_DIR_PATH}/Podfile.lock\" \"${PODS_ROOT}/Manifest.lock\" > /dev/null\nif [ $? != 0 ] ; then\n    # print error to STDERR\n    echo \"error: The sandbox is not in sync with the Podfile.lock. Run 'pod install' or update your CocoaPods installation.\" >&2\n    exit 1\nfi\n# This output is used by Xcode 'outputs' to avoid re-running this script phase.\necho \"SUCCESS\" > \"${SCRIPT_OUTPUT_FILE_0}\"\n";
			showEnvVarsInLog = 0;
		};
/* End PBXShellScriptBuildPhase section */

/* Begin PBXSourcesBuildPhase section */
		BC604C3F2384EA9D00FA5588 /* Sources */ = {
			isa = PBXSourcesBuildPhase;
			buildActionMask = 2147483647;
			files = (
				BC45C667238796500096EBD2 /* ServiceResult.swift in Sources */,
				BCC302FB2396171400914EB1 /* LogoutService.swift in Sources */,
				BCC302F92396171000914EB1 /* LogoutServicing.swift in Sources */,
				BC04483D2399241E008BEA66 /* GameStatsSyncServicing.swift in Sources */,
				BC04483B23992418008BEA66 /* GameStatsSyncService.swift in Sources */,
				BC45C669238796C10096EBD2 /* ServiceCompletion.swift in Sources */,
				BC45C664238794E10096EBD2 /* UsersService.swift in Sources */,
				BCE3221F238AF13000792F50 /* GamesService.swift in Sources */,
				BC45C662238794DA0096EBD2 /* UsersServicing.swift in Sources */,
				BCE3221D238AF11300792F50 /* GamesServicing.swift in Sources */,
			);
			runOnlyForDeploymentPostprocessing = 0;
		};
		BC604C482384EA9E00FA5588 /* Sources */ = {
			isa = PBXSourcesBuildPhase;
			buildActionMask = 2147483647;
			files = (
				BC604C522384EA9E00FA5588 /* ServicesTests.swift in Sources */,
			);
			runOnlyForDeploymentPostprocessing = 0;
		};
/* End PBXSourcesBuildPhase section */

/* Begin PBXTargetDependency section */
		BC604C4F2384EA9E00FA5588 /* PBXTargetDependency */ = {
			isa = PBXTargetDependency;
			target = BC604C422384EA9D00FA5588 /* Services */;
			targetProxy = BC604C4E2384EA9E00FA5588 /* PBXContainerItemProxy */;
		};
/* End PBXTargetDependency section */

/* Begin XCBuildConfiguration section */
		BC604C552384EA9E00FA5588 /* Debug */ = {
			isa = XCBuildConfiguration;
			buildSettings = {
				ALWAYS_SEARCH_USER_PATHS = NO;
				CLANG_ANALYZER_NONNULL = YES;
				CLANG_ANALYZER_NUMBER_OBJECT_CONVERSION = YES_AGGRESSIVE;
				CLANG_CXX_LANGUAGE_STANDARD = "gnu++14";
				CLANG_CXX_LIBRARY = "libc++";
				CLANG_ENABLE_MODULES = YES;
				CLANG_ENABLE_OBJC_ARC = YES;
				CLANG_ENABLE_OBJC_WEAK = YES;
				CLANG_WARN_BLOCK_CAPTURE_AUTORELEASING = YES;
				CLANG_WARN_BOOL_CONVERSION = YES;
				CLANG_WARN_COMMA = YES;
				CLANG_WARN_CONSTANT_CONVERSION = YES;
				CLANG_WARN_DEPRECATED_OBJC_IMPLEMENTATIONS = YES;
				CLANG_WARN_DIRECT_OBJC_ISA_USAGE = YES_ERROR;
				CLANG_WARN_DOCUMENTATION_COMMENTS = YES;
				CLANG_WARN_EMPTY_BODY = YES;
				CLANG_WARN_ENUM_CONVERSION = YES;
				CLANG_WARN_INFINITE_RECURSION = YES;
				CLANG_WARN_INT_CONVERSION = YES;
				CLANG_WARN_NON_LITERAL_NULL_CONVERSION = YES;
				CLANG_WARN_OBJC_IMPLICIT_RETAIN_SELF = YES;
				CLANG_WARN_OBJC_LITERAL_CONVERSION = YES;
				CLANG_WARN_OBJC_ROOT_CLASS = YES_ERROR;
				CLANG_WARN_RANGE_LOOP_ANALYSIS = YES;
				CLANG_WARN_STRICT_PROTOTYPES = YES;
				CLANG_WARN_SUSPICIOUS_MOVE = YES;
				CLANG_WARN_UNGUARDED_AVAILABILITY = YES_AGGRESSIVE;
				CLANG_WARN_UNREACHABLE_CODE = YES;
				CLANG_WARN__DUPLICATE_METHOD_MATCH = YES;
				COPY_PHASE_STRIP = NO;
				CURRENT_PROJECT_VERSION = 1;
				DEBUG_INFORMATION_FORMAT = dwarf;
				ENABLE_STRICT_OBJC_MSGSEND = YES;
				ENABLE_TESTABILITY = YES;
				GCC_C_LANGUAGE_STANDARD = gnu11;
				GCC_DYNAMIC_NO_PIC = NO;
				GCC_NO_COMMON_BLOCKS = YES;
				GCC_OPTIMIZATION_LEVEL = 0;
				GCC_PREPROCESSOR_DEFINITIONS = (
					"DEBUG=1",
					"$(inherited)",
				);
				GCC_WARN_64_TO_32_BIT_CONVERSION = YES;
				GCC_WARN_ABOUT_RETURN_TYPE = YES_ERROR;
				GCC_WARN_UNDECLARED_SELECTOR = YES;
				GCC_WARN_UNINITIALIZED_AUTOS = YES_AGGRESSIVE;
				GCC_WARN_UNUSED_FUNCTION = YES;
				GCC_WARN_UNUSED_VARIABLE = YES;
				IPHONEOS_DEPLOYMENT_TARGET = 10.0;
				MTL_ENABLE_DEBUG_INFO = INCLUDE_SOURCE;
				MTL_FAST_MATH = YES;
				ONLY_ACTIVE_ARCH = YES;
				SDKROOT = iphoneos;
				SWIFT_ACTIVE_COMPILATION_CONDITIONS = DEBUG;
				SWIFT_OPTIMIZATION_LEVEL = "-Onone";
				VERSIONING_SYSTEM = "apple-generic";
				VERSION_INFO_PREFIX = "";
			};
			name = Debug;
		};
		BC604C562384EA9E00FA5588 /* Release */ = {
			isa = XCBuildConfiguration;
			buildSettings = {
				ALWAYS_SEARCH_USER_PATHS = NO;
				CLANG_ANALYZER_NONNULL = YES;
				CLANG_ANALYZER_NUMBER_OBJECT_CONVERSION = YES_AGGRESSIVE;
				CLANG_CXX_LANGUAGE_STANDARD = "gnu++14";
				CLANG_CXX_LIBRARY = "libc++";
				CLANG_ENABLE_MODULES = YES;
				CLANG_ENABLE_OBJC_ARC = YES;
				CLANG_ENABLE_OBJC_WEAK = YES;
				CLANG_WARN_BLOCK_CAPTURE_AUTORELEASING = YES;
				CLANG_WARN_BOOL_CONVERSION = YES;
				CLANG_WARN_COMMA = YES;
				CLANG_WARN_CONSTANT_CONVERSION = YES;
				CLANG_WARN_DEPRECATED_OBJC_IMPLEMENTATIONS = YES;
				CLANG_WARN_DIRECT_OBJC_ISA_USAGE = YES_ERROR;
				CLANG_WARN_DOCUMENTATION_COMMENTS = YES;
				CLANG_WARN_EMPTY_BODY = YES;
				CLANG_WARN_ENUM_CONVERSION = YES;
				CLANG_WARN_INFINITE_RECURSION = YES;
				CLANG_WARN_INT_CONVERSION = YES;
				CLANG_WARN_NON_LITERAL_NULL_CONVERSION = YES;
				CLANG_WARN_OBJC_IMPLICIT_RETAIN_SELF = YES;
				CLANG_WARN_OBJC_LITERAL_CONVERSION = YES;
				CLANG_WARN_OBJC_ROOT_CLASS = YES_ERROR;
				CLANG_WARN_RANGE_LOOP_ANALYSIS = YES;
				CLANG_WARN_STRICT_PROTOTYPES = YES;
				CLANG_WARN_SUSPICIOUS_MOVE = YES;
				CLANG_WARN_UNGUARDED_AVAILABILITY = YES_AGGRESSIVE;
				CLANG_WARN_UNREACHABLE_CODE = YES;
				CLANG_WARN__DUPLICATE_METHOD_MATCH = YES;
				COPY_PHASE_STRIP = NO;
				CURRENT_PROJECT_VERSION = 1;
				DEBUG_INFORMATION_FORMAT = "dwarf-with-dsym";
				ENABLE_NS_ASSERTIONS = NO;
				ENABLE_STRICT_OBJC_MSGSEND = YES;
				GCC_C_LANGUAGE_STANDARD = gnu11;
				GCC_NO_COMMON_BLOCKS = YES;
				GCC_WARN_64_TO_32_BIT_CONVERSION = YES;
				GCC_WARN_ABOUT_RETURN_TYPE = YES_ERROR;
				GCC_WARN_UNDECLARED_SELECTOR = YES;
				GCC_WARN_UNINITIALIZED_AUTOS = YES_AGGRESSIVE;
				GCC_WARN_UNUSED_FUNCTION = YES;
				GCC_WARN_UNUSED_VARIABLE = YES;
				IPHONEOS_DEPLOYMENT_TARGET = 10.0;
				MTL_ENABLE_DEBUG_INFO = NO;
				MTL_FAST_MATH = YES;
				SDKROOT = iphoneos;
				SWIFT_COMPILATION_MODE = wholemodule;
				SWIFT_OPTIMIZATION_LEVEL = "-O";
				VALIDATE_PRODUCT = YES;
				VERSIONING_SYSTEM = "apple-generic";
				VERSION_INFO_PREFIX = "";
			};
			name = Release;
		};
		BC604C582384EA9E00FA5588 /* Debug */ = {
			isa = XCBuildConfiguration;
			baseConfigurationReference = 072C0B2F49E4FB33C1A52442 /* Pods-Services.debug.xcconfig */;
			buildSettings = {
				CLANG_ENABLE_MODULES = YES;
				CODE_SIGN_STYLE = Automatic;
				DEFINES_MODULE = YES;
				DYLIB_COMPATIBILITY_VERSION = 1;
				DYLIB_CURRENT_VERSION = 1;
				DYLIB_INSTALL_NAME_BASE = "@rpath";
				INFOPLIST_FILE = Main/Info.plist;
				INSTALL_PATH = "$(LOCAL_LIBRARY_DIR)/Frameworks";
				LD_RUNPATH_SEARCH_PATHS = (
					"$(inherited)",
					"@executable_path/Frameworks",
					"@loader_path/Frameworks",
				);
				PRODUCT_BUNDLE_IDENTIFIER = com.frozenlion.steamanalytics.Services;
				PRODUCT_NAME = "$(TARGET_NAME:c99extidentifier)";
				SKIP_INSTALL = YES;
				SWIFT_OPTIMIZATION_LEVEL = "-Onone";
				SWIFT_VERSION = 5.0;
				TARGETED_DEVICE_FAMILY = "1,2";
			};
			name = Debug;
		};
		BC604C592384EA9E00FA5588 /* Release */ = {
			isa = XCBuildConfiguration;
			baseConfigurationReference = BD06CB512914A8A1DC5750B7 /* Pods-Services.release.xcconfig */;
			buildSettings = {
				CLANG_ENABLE_MODULES = YES;
				CODE_SIGN_STYLE = Automatic;
				DEFINES_MODULE = YES;
				DYLIB_COMPATIBILITY_VERSION = 1;
				DYLIB_CURRENT_VERSION = 1;
				DYLIB_INSTALL_NAME_BASE = "@rpath";
				INFOPLIST_FILE = Main/Info.plist;
				INSTALL_PATH = "$(LOCAL_LIBRARY_DIR)/Frameworks";
				LD_RUNPATH_SEARCH_PATHS = (
					"$(inherited)",
					"@executable_path/Frameworks",
					"@loader_path/Frameworks",
				);
				PRODUCT_BUNDLE_IDENTIFIER = com.frozenlion.steamanalytics.Services;
				PRODUCT_NAME = "$(TARGET_NAME:c99extidentifier)";
				SKIP_INSTALL = YES;
				SWIFT_VERSION = 5.0;
				TARGETED_DEVICE_FAMILY = "1,2";
			};
			name = Release;
		};
		BC604C5B2384EA9E00FA5588 /* Debug */ = {
			isa = XCBuildConfiguration;
			buildSettings = {
				ALWAYS_EMBED_SWIFT_STANDARD_LIBRARIES = YES;
				CODE_SIGN_STYLE = Automatic;
				INFOPLIST_FILE = UnitTests/Info.plist;
				LD_RUNPATH_SEARCH_PATHS = (
					"$(inherited)",
					"@executable_path/Frameworks",
					"@loader_path/Frameworks",
				);
				PRODUCT_BUNDLE_IDENTIFIER = com.frozenlion.steamanalytics.ServicesTests;
				PRODUCT_NAME = "$(TARGET_NAME)";
				SWIFT_VERSION = 5.0;
				TARGETED_DEVICE_FAMILY = "1,2";
			};
			name = Debug;
		};
		BC604C5C2384EA9E00FA5588 /* Release */ = {
			isa = XCBuildConfiguration;
			buildSettings = {
				ALWAYS_EMBED_SWIFT_STANDARD_LIBRARIES = YES;
				CODE_SIGN_STYLE = Automatic;
				INFOPLIST_FILE = UnitTests/Info.plist;
				LD_RUNPATH_SEARCH_PATHS = (
					"$(inherited)",
					"@executable_path/Frameworks",
					"@loader_path/Frameworks",
				);
				PRODUCT_BUNDLE_IDENTIFIER = com.frozenlion.steamanalytics.ServicesTests;
				PRODUCT_NAME = "$(TARGET_NAME)";
				SWIFT_VERSION = 5.0;
				TARGETED_DEVICE_FAMILY = "1,2";
			};
			name = Release;
		};
/* End XCBuildConfiguration section */

/* Begin XCConfigurationList section */
		BC604C3D2384EA9D00FA5588 /* Build configuration list for PBXProject "Services" */ = {
			isa = XCConfigurationList;
			buildConfigurations = (
				BC604C552384EA9E00FA5588 /* Debug */,
				BC604C562384EA9E00FA5588 /* Release */,
			);
			defaultConfigurationIsVisible = 0;
			defaultConfigurationName = Release;
		};
		BC604C572384EA9E00FA5588 /* Build configuration list for PBXNativeTarget "Services" */ = {
			isa = XCConfigurationList;
			buildConfigurations = (
				BC604C582384EA9E00FA5588 /* Debug */,
				BC604C592384EA9E00FA5588 /* Release */,
			);
			defaultConfigurationIsVisible = 0;
			defaultConfigurationName = Release;
		};
		BC604C5A2384EA9E00FA5588 /* Build configuration list for PBXNativeTarget "ServicesUnitTests" */ = {
			isa = XCConfigurationList;
			buildConfigurations = (
				BC604C5B2384EA9E00FA5588 /* Debug */,
				BC604C5C2384EA9E00FA5588 /* Release */,
			);
			defaultConfigurationIsVisible = 0;
			defaultConfigurationName = Release;
		};
/* End XCConfigurationList section */
	};
	rootObject = BC604C3A2384EA9D00FA5588 /* Project object */;
}
