// !$*UTF8*$!
{
	archiveVersion = 1;
	classes = {
	};
	objectVersion = 50;
	objects = {

/* Begin PBXBuildFile section */
		36FD2AF7E06C33968326961E /* Pods_APIClient.framework in Frameworks */ = {isa = PBXBuildFile; fileRef = C7DB97357BCFE94B638D3EDB /* Pods_APIClient.framework */; };
		BC2C9A92239AA699006F7D14 /* GameNewsQuery.swift in Sources */ = {isa = PBXBuildFile; fileRef = BC2C9A91239AA699006F7D14 /* GameNewsQuery.swift */; };
		BC311C2323867AD600E5F6AC /* Requestable.swift in Sources */ = {isa = PBXBuildFile; fileRef = BC311C2223867AD600E5F6AC /* Requestable.swift */; };
		BC45C65223878ED00096EBD2 /* FriendsResponse.swift in Sources */ = {isa = PBXBuildFile; fileRef = BC45C65123878ED00096EBD2 /* FriendsResponse.swift */; };
		BC45C654238792140096EBD2 /* UserQuery.swift in Sources */ = {isa = PBXBuildFile; fileRef = BC45C653238792140096EBD2 /* UserQuery.swift */; };
		BC604C292384E9E600FA5588 /* APIClient.framework in Frameworks */ = {isa = PBXBuildFile; fileRef = BC604C1F2384E9E600FA5588 /* APIClient.framework */; };
		BC604C2E2384E9E600FA5588 /* APIClientTests.swift in Sources */ = {isa = PBXBuildFile; fileRef = BC604C2D2384E9E600FA5588 /* APIClientTests.swift */; };
		BC604C302384E9E600FA5588 /* APIClient.h in Headers */ = {isa = PBXBuildFile; fileRef = BC604C222384E9E600FA5588 /* APIClient.h */; settings = {ATTRIBUTES = (Public, ); }; };
		BC8BF39B23896CE600B754AF /* Core.framework in Frameworks */ = {isa = PBXBuildFile; fileRef = BC8BF39A23896CE600B754AF /* Core.framework */; };
		BC8BF39C23896CE600B754AF /* Core.framework in Embed Frameworks */ = {isa = PBXBuildFile; fileRef = BC8BF39A23896CE600B754AF /* Core.framework */; settings = {ATTRIBUTES = (CodeSignOnCopy, RemoveHeadersOnCopy, ); }; };
		BC8BF3A023896D0200B754AF /* User+Codable.swift in Sources */ = {isa = PBXBuildFile; fileRef = BC8BF39F23896D0200B754AF /* User+Codable.swift */; };
		BC8BF3B3238AE5B000B754AF /* Game+Codable.swift in Sources */ = {isa = PBXBuildFile; fileRef = BC8BF3B2238AE5B000B754AF /* Game+Codable.swift */; };
		BC8BF3B9238AE5E700B754AF /* Stat+Codable.swift in Sources */ = {isa = PBXBuildFile; fileRef = BC8BF3B8238AE5E700B754AF /* Stat+Codable.swift */; };
		BC8BF3BB238AE63600B754AF /* Achievement+Codable.swift in Sources */ = {isa = PBXBuildFile; fileRef = BC8BF3BA238AE63600B754AF /* Achievement+Codable.swift */; };
		BC8BF3BE238AE71C00B754AF /* GameQuery.swift in Sources */ = {isa = PBXBuildFile; fileRef = BC8BF3BC238AE71C00B754AF /* GameQuery.swift */; };
		BC8BF3BF238AE71C00B754AF /* UserGamesQuery.swift in Sources */ = {isa = PBXBuildFile; fileRef = BC8BF3BD238AE71C00B754AF /* UserGamesQuery.swift */; };
		BC8BF3C1238AE8A900B754AF /* UserGamesResponse.swift in Sources */ = {isa = PBXBuildFile; fileRef = BC8BF3C0238AE8A900B754AF /* UserGamesResponse.swift */; };
		BC8BF3C3238AEC4700B754AF /* GameSchemaResponse.swift in Sources */ = {isa = PBXBuildFile; fileRef = BC8BF3C2238AEC4700B754AF /* GameSchemaResponse.swift */; };
		BC8BF3C5238AED0A00B754AF /* GameStatsResponse.swift in Sources */ = {isa = PBXBuildFile; fileRef = BC8BF3C4238AED0A00B754AF /* GameStatsResponse.swift */; };
		BC8BF3C7238AED7F00B754AF /* GameStatsQuery.swift in Sources */ = {isa = PBXBuildFile; fileRef = BC8BF3C6238AED7F00B754AF /* GameStatsQuery.swift */; };
		BC93839B239A834700A147BE /* NewsEntry+Codable.swift in Sources */ = {isa = PBXBuildFile; fileRef = BC93839A239A834700A147BE /* NewsEntry+Codable.swift */; };
		BC93839D239A847E00A147BE /* GameNewsResponse.swift in Sources */ = {isa = PBXBuildFile; fileRef = BC93839C239A847E00A147BE /* GameNewsResponse.swift */; };
		BCCEDC87238639BD00986E16 /* MethodPath.swift in Sources */ = {isa = PBXBuildFile; fileRef = BCCEDC86238639BD00986E16 /* MethodPath.swift */; };
		BCCEDC8923863A0F00986E16 /* URLFactoring.swift in Sources */ = {isa = PBXBuildFile; fileRef = BCCEDC8823863A0F00986E16 /* URLFactoring.swift */; };
		BCCEDC8B23863A4E00986E16 /* URLFactory.swift in Sources */ = {isa = PBXBuildFile; fileRef = BCCEDC8A23863A4E00986E16 /* URLFactory.swift */; };
		BCCEDC8D23863B0300986E16 /* NetworkingError.swift in Sources */ = {isa = PBXBuildFile; fileRef = BCCEDC8C23863B0300986E16 /* NetworkingError.swift */; };
		BCCEDC9123863C9A00986E16 /* QueryItemsRepresentable.swift in Sources */ = {isa = PBXBuildFile; fileRef = BCCEDC9023863C9A00986E16 /* QueryItemsRepresentable.swift */; };
		BCCEDC9423863D7C00986E16 /* URLRequestFactoring.swift in Sources */ = {isa = PBXBuildFile; fileRef = BCCEDC9323863D7C00986E16 /* URLRequestFactoring.swift */; };
		BCCEDC9623863DF900986E16 /* URLRequestFactory.swift in Sources */ = {isa = PBXBuildFile; fileRef = BCCEDC9523863DF900986E16 /* URLRequestFactory.swift */; };
		BCCEDC9823863E8E00986E16 /* URLExtensions.swift in Sources */ = {isa = PBXBuildFile; fileRef = BCCEDC9723863E8E00986E16 /* URLExtensions.swift */; };
		BCCEDC9A2386407100986E16 /* UsersQuery.swift in Sources */ = {isa = PBXBuildFile; fileRef = BCCEDC992386407100986E16 /* UsersQuery.swift */; };
		BCCEDCA323864B4700986E16 /* UsersAPIClienting.swift in Sources */ = {isa = PBXBuildFile; fileRef = BCCEDCA223864B4700986E16 /* UsersAPIClienting.swift */; };
		BCCEDCA523864C2A00986E16 /* AlamofireUsersAPIClient.swift in Sources */ = {isa = PBXBuildFile; fileRef = BCCEDCA423864C2A00986E16 /* AlamofireUsersAPIClient.swift */; };
		BCD22C39238D5B650020885E /* AchievementValue+Codable.swift in Sources */ = {isa = PBXBuildFile; fileRef = BCD22C37238D5B650020885E /* AchievementValue+Codable.swift */; };
		BCD22C3A238D5B650020885E /* StatValue+Codable.swift in Sources */ = {isa = PBXBuildFile; fileRef = BCD22C38238D5B650020885E /* StatValue+Codable.swift */; };
		BCE32216238AEF6000792F50 /* UsersResponse.swift in Sources */ = {isa = PBXBuildFile; fileRef = BCE32215238AEF6000792F50 /* UsersResponse.swift */; };
		BCE32218238AEFA400792F50 /* GamesAPIClienting.swift in Sources */ = {isa = PBXBuildFile; fileRef = BCE32217238AEFA400792F50 /* GamesAPIClienting.swift */; };
		BCE3221A238AEFF700792F50 /* AlamofireGamesAPIClient.swift in Sources */ = {isa = PBXBuildFile; fileRef = BCE32219238AEFF700792F50 /* AlamofireGamesAPIClient.swift */; };
/* End PBXBuildFile section */

/* Begin PBXContainerItemProxy section */
		BC604C2A2384E9E600FA5588 /* PBXContainerItemProxy */ = {
			isa = PBXContainerItemProxy;
			containerPortal = BC604C162384E9E600FA5588 /* Project object */;
			proxyType = 1;
			remoteGlobalIDString = BC604C1E2384E9E600FA5588;
			remoteInfo = APIClient;
		};
/* End PBXContainerItemProxy section */

/* Begin PBXCopyFilesBuildPhase section */
		BC8BF39D23896CE600B754AF /* Embed Frameworks */ = {
			isa = PBXCopyFilesBuildPhase;
			buildActionMask = 2147483647;
			dstPath = "";
			dstSubfolderSpec = 10;
			files = (
				BC8BF39C23896CE600B754AF /* Core.framework in Embed Frameworks */,
			);
			name = "Embed Frameworks";
			runOnlyForDeploymentPostprocessing = 0;
		};
/* End PBXCopyFilesBuildPhase section */

/* Begin PBXFileReference section */
		54C0CB38BC28C7F4B36CBA98 /* Pods-APIClient.debug.xcconfig */ = {isa = PBXFileReference; includeInIndex = 1; lastKnownFileType = text.xcconfig; name = "Pods-APIClient.debug.xcconfig"; path = "Target Support Files/Pods-APIClient/Pods-APIClient.debug.xcconfig"; sourceTree = "<group>"; };
		BC2C9A91239AA699006F7D14 /* GameNewsQuery.swift */ = {isa = PBXFileReference; fileEncoding = 4; lastKnownFileType = sourcecode.swift; path = GameNewsQuery.swift; sourceTree = "<group>"; };
		BC311C2223867AD600E5F6AC /* Requestable.swift */ = {isa = PBXFileReference; lastKnownFileType = sourcecode.swift; path = Requestable.swift; sourceTree = "<group>"; };
		BC45C65123878ED00096EBD2 /* FriendsResponse.swift */ = {isa = PBXFileReference; lastKnownFileType = sourcecode.swift; path = FriendsResponse.swift; sourceTree = "<group>"; };
		BC45C653238792140096EBD2 /* UserQuery.swift */ = {isa = PBXFileReference; fileEncoding = 4; lastKnownFileType = sourcecode.swift; path = UserQuery.swift; sourceTree = "<group>"; };
		BC604C1F2384E9E600FA5588 /* APIClient.framework */ = {isa = PBXFileReference; explicitFileType = wrapper.framework; includeInIndex = 0; path = APIClient.framework; sourceTree = BUILT_PRODUCTS_DIR; };
		BC604C222384E9E600FA5588 /* APIClient.h */ = {isa = PBXFileReference; lastKnownFileType = sourcecode.c.h; path = APIClient.h; sourceTree = "<group>"; };
		BC604C232384E9E600FA5588 /* Info.plist */ = {isa = PBXFileReference; lastKnownFileType = text.plist.xml; path = Info.plist; sourceTree = "<group>"; };
		BC604C282384E9E600FA5588 /* APIClientUnitTests.xctest */ = {isa = PBXFileReference; explicitFileType = wrapper.cfbundle; includeInIndex = 0; path = APIClientUnitTests.xctest; sourceTree = BUILT_PRODUCTS_DIR; };
		BC604C2D2384E9E600FA5588 /* APIClientTests.swift */ = {isa = PBXFileReference; lastKnownFileType = sourcecode.swift; path = APIClientTests.swift; sourceTree = "<group>"; };
		BC604C2F2384E9E600FA5588 /* Info.plist */ = {isa = PBXFileReference; lastKnownFileType = text.plist.xml; path = Info.plist; sourceTree = "<group>"; };
		BC8BF39A23896CE600B754AF /* Core.framework */ = {isa = PBXFileReference; explicitFileType = wrapper.framework; path = Core.framework; sourceTree = BUILT_PRODUCTS_DIR; };
		BC8BF39F23896D0200B754AF /* User+Codable.swift */ = {isa = PBXFileReference; lastKnownFileType = sourcecode.swift; path = "User+Codable.swift"; sourceTree = "<group>"; };
		BC8BF3B2238AE5B000B754AF /* Game+Codable.swift */ = {isa = PBXFileReference; lastKnownFileType = sourcecode.swift; path = "Game+Codable.swift"; sourceTree = "<group>"; };
		BC8BF3B8238AE5E700B754AF /* Stat+Codable.swift */ = {isa = PBXFileReference; lastKnownFileType = sourcecode.swift; path = "Stat+Codable.swift"; sourceTree = "<group>"; };
		BC8BF3BA238AE63600B754AF /* Achievement+Codable.swift */ = {isa = PBXFileReference; lastKnownFileType = sourcecode.swift; path = "Achievement+Codable.swift"; sourceTree = "<group>"; };
		BC8BF3BC238AE71C00B754AF /* GameQuery.swift */ = {isa = PBXFileReference; fileEncoding = 4; lastKnownFileType = sourcecode.swift; path = GameQuery.swift; sourceTree = "<group>"; };
		BC8BF3BD238AE71C00B754AF /* UserGamesQuery.swift */ = {isa = PBXFileReference; fileEncoding = 4; lastKnownFileType = sourcecode.swift; path = UserGamesQuery.swift; sourceTree = "<group>"; };
		BC8BF3C0238AE8A900B754AF /* UserGamesResponse.swift */ = {isa = PBXFileReference; lastKnownFileType = sourcecode.swift; path = UserGamesResponse.swift; sourceTree = "<group>"; };
		BC8BF3C2238AEC4700B754AF /* GameSchemaResponse.swift */ = {isa = PBXFileReference; lastKnownFileType = sourcecode.swift; path = GameSchemaResponse.swift; sourceTree = "<group>"; };
		BC8BF3C4238AED0A00B754AF /* GameStatsResponse.swift */ = {isa = PBXFileReference; lastKnownFileType = sourcecode.swift; path = GameStatsResponse.swift; sourceTree = "<group>"; };
		BC8BF3C6238AED7F00B754AF /* GameStatsQuery.swift */ = {isa = PBXFileReference; fileEncoding = 4; lastKnownFileType = sourcecode.swift; path = GameStatsQuery.swift; sourceTree = "<group>"; };
		BC93839A239A834700A147BE /* NewsEntry+Codable.swift */ = {isa = PBXFileReference; lastKnownFileType = sourcecode.swift; path = "NewsEntry+Codable.swift"; sourceTree = "<group>"; };
		BC93839C239A847E00A147BE /* GameNewsResponse.swift */ = {isa = PBXFileReference; lastKnownFileType = sourcecode.swift; path = GameNewsResponse.swift; sourceTree = "<group>"; };
		BCCEDC86238639BD00986E16 /* MethodPath.swift */ = {isa = PBXFileReference; lastKnownFileType = sourcecode.swift; path = MethodPath.swift; sourceTree = "<group>"; };
		BCCEDC8823863A0F00986E16 /* URLFactoring.swift */ = {isa = PBXFileReference; lastKnownFileType = sourcecode.swift; path = URLFactoring.swift; sourceTree = "<group>"; };
		BCCEDC8A23863A4E00986E16 /* URLFactory.swift */ = {isa = PBXFileReference; lastKnownFileType = sourcecode.swift; path = URLFactory.swift; sourceTree = "<group>"; };
		BCCEDC8C23863B0300986E16 /* NetworkingError.swift */ = {isa = PBXFileReference; lastKnownFileType = sourcecode.swift; path = NetworkingError.swift; sourceTree = "<group>"; };
		BCCEDC9023863C9A00986E16 /* QueryItemsRepresentable.swift */ = {isa = PBXFileReference; lastKnownFileType = sourcecode.swift; path = QueryItemsRepresentable.swift; sourceTree = "<group>"; };
		BCCEDC9323863D7C00986E16 /* URLRequestFactoring.swift */ = {isa = PBXFileReference; lastKnownFileType = sourcecode.swift; path = URLRequestFactoring.swift; sourceTree = "<group>"; };
		BCCEDC9523863DF900986E16 /* URLRequestFactory.swift */ = {isa = PBXFileReference; lastKnownFileType = sourcecode.swift; path = URLRequestFactory.swift; sourceTree = "<group>"; };
		BCCEDC9723863E8E00986E16 /* URLExtensions.swift */ = {isa = PBXFileReference; lastKnownFileType = sourcecode.swift; path = URLExtensions.swift; sourceTree = "<group>"; };
		BCCEDC992386407100986E16 /* UsersQuery.swift */ = {isa = PBXFileReference; lastKnownFileType = sourcecode.swift; path = UsersQuery.swift; sourceTree = "<group>"; };
		BCCEDCA223864B4700986E16 /* UsersAPIClienting.swift */ = {isa = PBXFileReference; lastKnownFileType = sourcecode.swift; path = UsersAPIClienting.swift; sourceTree = "<group>"; };
		BCCEDCA423864C2A00986E16 /* AlamofireUsersAPIClient.swift */ = {isa = PBXFileReference; lastKnownFileType = sourcecode.swift; path = AlamofireUsersAPIClient.swift; sourceTree = "<group>"; };
		BCD22C37238D5B650020885E /* AchievementValue+Codable.swift */ = {isa = PBXFileReference; fileEncoding = 4; lastKnownFileType = sourcecode.swift; path = "AchievementValue+Codable.swift"; sourceTree = "<group>"; };
		BCD22C38238D5B650020885E /* StatValue+Codable.swift */ = {isa = PBXFileReference; fileEncoding = 4; lastKnownFileType = sourcecode.swift; path = "StatValue+Codable.swift"; sourceTree = "<group>"; };
		BCE32215238AEF6000792F50 /* UsersResponse.swift */ = {isa = PBXFileReference; fileEncoding = 4; lastKnownFileType = sourcecode.swift; path = UsersResponse.swift; sourceTree = "<group>"; };
		BCE32217238AEFA400792F50 /* GamesAPIClienting.swift */ = {isa = PBXFileReference; lastKnownFileType = sourcecode.swift; path = GamesAPIClienting.swift; sourceTree = "<group>"; };
		BCE32219238AEFF700792F50 /* AlamofireGamesAPIClient.swift */ = {isa = PBXFileReference; lastKnownFileType = sourcecode.swift; path = AlamofireGamesAPIClient.swift; sourceTree = "<group>"; };
		C7DB97357BCFE94B638D3EDB /* Pods_APIClient.framework */ = {isa = PBXFileReference; explicitFileType = wrapper.framework; includeInIndex = 0; path = Pods_APIClient.framework; sourceTree = BUILT_PRODUCTS_DIR; };
		DB4604C46AF491F0DE03C219 /* Pods-APIClient.release.xcconfig */ = {isa = PBXFileReference; includeInIndex = 1; lastKnownFileType = text.xcconfig; name = "Pods-APIClient.release.xcconfig"; path = "Target Support Files/Pods-APIClient/Pods-APIClient.release.xcconfig"; sourceTree = "<group>"; };
/* End PBXFileReference section */

/* Begin PBXFrameworksBuildPhase section */
		BC604C1C2384E9E600FA5588 /* Frameworks */ = {
			isa = PBXFrameworksBuildPhase;
			buildActionMask = 2147483647;
			files = (
				36FD2AF7E06C33968326961E /* Pods_APIClient.framework in Frameworks */,
				BC8BF39B23896CE600B754AF /* Core.framework in Frameworks */,
			);
			runOnlyForDeploymentPostprocessing = 0;
		};
		BC604C252384E9E600FA5588 /* Frameworks */ = {
			isa = PBXFrameworksBuildPhase;
			buildActionMask = 2147483647;
			files = (
				BC604C292384E9E600FA5588 /* APIClient.framework in Frameworks */,
			);
			runOnlyForDeploymentPostprocessing = 0;
		};
/* End PBXFrameworksBuildPhase section */

/* Begin PBXGroup section */
		011278C3CFD12C3AFF1857D3 /* Pods */ = {
			isa = PBXGroup;
			children = (
				54C0CB38BC28C7F4B36CBA98 /* Pods-APIClient.debug.xcconfig */,
				DB4604C46AF491F0DE03C219 /* Pods-APIClient.release.xcconfig */,
			);
			name = Pods;
			path = ../Pods;
			sourceTree = "<group>";
		};
		BC604C152384E9E600FA5588 = {
			isa = PBXGroup;
			children = (
				BC604C212384E9E600FA5588 /* Main */,
				BC604C2C2384E9E600FA5588 /* UnitTests */,
				BC604C202384E9E600FA5588 /* Products */,
				011278C3CFD12C3AFF1857D3 /* Pods */,
				F283203910BB38932AC2804E /* Frameworks */,
			);
			sourceTree = "<group>";
		};
		BC604C202384E9E600FA5588 /* Products */ = {
			isa = PBXGroup;
			children = (
				BC604C1F2384E9E600FA5588 /* APIClient.framework */,
				BC604C282384E9E600FA5588 /* APIClientUnitTests.xctest */,
			);
			name = Products;
			sourceTree = "<group>";
		};
		BC604C212384E9E600FA5588 /* Main */ = {
			isa = PBXGroup;
			children = (
				BCCEDC8F23863B5500986E16 /* Common */,
				BC8BF3B0238AE57700B754AF /* Games */,
				BCCEDC7F238636EB00986E16 /* Users */,
				BC604C222384E9E600FA5588 /* APIClient.h */,
				BC604C232384E9E600FA5588 /* Info.plist */,
			);
			path = Main;
			sourceTree = "<group>";
		};
		BC604C2C2384E9E600FA5588 /* UnitTests */ = {
			isa = PBXGroup;
			children = (
				BC604C2D2384E9E600FA5588 /* APIClientTests.swift */,
				BC604C2F2384E9E600FA5588 /* Info.plist */,
			);
			path = UnitTests;
			sourceTree = "<group>";
		};
		BC8BF39E23896CFA00B754AF /* Codable */ = {
			isa = PBXGroup;
			children = (
				BC8BF39F23896D0200B754AF /* User+Codable.swift */,
			);
			path = Codable;
			sourceTree = "<group>";
		};
		BC8BF3B0238AE57700B754AF /* Games */ = {
			isa = PBXGroup;
			children = (
				BC8BF3B1238AE59900B754AF /* Codable */,
				BC8BF3B4238AE5B600B754AF /* Query */,
				BC8BF3B5238AE5C000B754AF /* Response */,
				BC8BF3B6238AE5CF00B754AF /* Client */,
			);
			path = Games;
			sourceTree = "<group>";
		};
		BC8BF3B1238AE59900B754AF /* Codable */ = {
			isa = PBXGroup;
			children = (
				BC8BF3B2238AE5B000B754AF /* Game+Codable.swift */,
				BC8BF3B8238AE5E700B754AF /* Stat+Codable.swift */,
				BCD22C38238D5B650020885E /* StatValue+Codable.swift */,
				BC8BF3BA238AE63600B754AF /* Achievement+Codable.swift */,
				BCD22C37238D5B650020885E /* AchievementValue+Codable.swift */,
				BC93839A239A834700A147BE /* NewsEntry+Codable.swift */,
			);
			path = Codable;
			sourceTree = "<group>";
		};
		BC8BF3B4238AE5B600B754AF /* Query */ = {
			isa = PBXGroup;
			children = (
				BC8BF3BC238AE71C00B754AF /* GameQuery.swift */,
				BC2C9A91239AA699006F7D14 /* GameNewsQuery.swift */,
				BC8BF3BD238AE71C00B754AF /* UserGamesQuery.swift */,
				BC8BF3C6238AED7F00B754AF /* GameStatsQuery.swift */,
			);
			path = Query;
			sourceTree = "<group>";
		};
		BC8BF3B5238AE5C000B754AF /* Response */ = {
			isa = PBXGroup;
			children = (
				BC8BF3C0238AE8A900B754AF /* UserGamesResponse.swift */,
				BC8BF3C2238AEC4700B754AF /* GameSchemaResponse.swift */,
				BC8BF3C4238AED0A00B754AF /* GameStatsResponse.swift */,
				BC93839C239A847E00A147BE /* GameNewsResponse.swift */,
			);
			path = Response;
			sourceTree = "<group>";
		};
		BC8BF3B6238AE5CF00B754AF /* Client */ = {
			isa = PBXGroup;
			children = (
				BCE32217238AEFA400792F50 /* GamesAPIClienting.swift */,
				BCE32219238AEFF700792F50 /* AlamofireGamesAPIClient.swift */,
			);
			path = Client;
			sourceTree = "<group>";
		};
		BCCEDC7F238636EB00986E16 /* Users */ = {
			isa = PBXGroup;
			children = (
				BC8BF39E23896CFA00B754AF /* Codable */,
				BCCEDC8E23863B4D00986E16 /* Query */,
				BCCEDC842386392F00986E16 /* Response */,
				BCCEDCA123864B2A00986E16 /* Client */,
			);
			path = Users;
			sourceTree = "<group>";
		};
		BCCEDC842386392F00986E16 /* Response */ = {
			isa = PBXGroup;
			children = (
				BCE32215238AEF6000792F50 /* UsersResponse.swift */,
				BC45C65123878ED00096EBD2 /* FriendsResponse.swift */,
			);
			path = Response;
			sourceTree = "<group>";
		};
		BCCEDC852386399100986E16 /* URLFactory */ = {
			isa = PBXGroup;
			children = (
				BCCEDC86238639BD00986E16 /* MethodPath.swift */,
				BCCEDC8823863A0F00986E16 /* URLFactoring.swift */,
				BCCEDC8A23863A4E00986E16 /* URLFactory.swift */,
				BCCEDC8C23863B0300986E16 /* NetworkingError.swift */,
			);
			path = URLFactory;
			sourceTree = "<group>";
		};
		BCCEDC8E23863B4D00986E16 /* Query */ = {
			isa = PBXGroup;
			children = (
				BC45C653238792140096EBD2 /* UserQuery.swift */,
				BCCEDC992386407100986E16 /* UsersQuery.swift */,
			);
			path = Query;
			sourceTree = "<group>";
		};
		BCCEDC8F23863B5500986E16 /* Common */ = {
			isa = PBXGroup;
			children = (
				BCCEDC9223863D7400986E16 /* URLRequestFactory */,
				BCCEDC852386399100986E16 /* URLFactory */,
				BCCEDC9023863C9A00986E16 /* QueryItemsRepresentable.swift */,
				BCCEDC9723863E8E00986E16 /* URLExtensions.swift */,
				BC311C2223867AD600E5F6AC /* Requestable.swift */,
			);
			path = Common;
			sourceTree = "<group>";
		};
		BCCEDC9223863D7400986E16 /* URLRequestFactory */ = {
			isa = PBXGroup;
			children = (
				BCCEDC9323863D7C00986E16 /* URLRequestFactoring.swift */,
				BCCEDC9523863DF900986E16 /* URLRequestFactory.swift */,
			);
			path = URLRequestFactory;
			sourceTree = "<group>";
		};
		BCCEDCA123864B2A00986E16 /* Client */ = {
			isa = PBXGroup;
			children = (
				BCCEDCA223864B4700986E16 /* UsersAPIClienting.swift */,
				BCCEDCA423864C2A00986E16 /* AlamofireUsersAPIClient.swift */,
			);
			path = Client;
			sourceTree = "<group>";
		};
		F283203910BB38932AC2804E /* Frameworks */ = {
			isa = PBXGroup;
			children = (
				BC8BF39A23896CE600B754AF /* Core.framework */,
				C7DB97357BCFE94B638D3EDB /* Pods_APIClient.framework */,
			);
			name = Frameworks;
			sourceTree = "<group>";
		};
/* End PBXGroup section */

/* Begin PBXHeadersBuildPhase section */
		BC604C1A2384E9E600FA5588 /* Headers */ = {
			isa = PBXHeadersBuildPhase;
			buildActionMask = 2147483647;
			files = (
				BC604C302384E9E600FA5588 /* APIClient.h in Headers */,
			);
			runOnlyForDeploymentPostprocessing = 0;
		};
/* End PBXHeadersBuildPhase section */

/* Begin PBXNativeTarget section */
		BC604C1E2384E9E600FA5588 /* APIClient */ = {
			isa = PBXNativeTarget;
			buildConfigurationList = BC604C332384E9E600FA5588 /* Build configuration list for PBXNativeTarget "APIClient" */;
			buildPhases = (
				F5A4AC5B28848EBB4CD5FD71 /* [CP] Check Pods Manifest.lock */,
				BC604C1A2384E9E600FA5588 /* Headers */,
				BC604C1B2384E9E600FA5588 /* Sources */,
				BC604C1C2384E9E600FA5588 /* Frameworks */,
				BC604C1D2384E9E600FA5588 /* Resources */,
				BC8BF39D23896CE600B754AF /* Embed Frameworks */,
			);
			buildRules = (
			);
			dependencies = (
			);
			name = APIClient;
			productName = APIClient;
			productReference = BC604C1F2384E9E600FA5588 /* APIClient.framework */;
			productType = "com.apple.product-type.framework";
		};
		BC604C272384E9E600FA5588 /* APIClientUnitTests */ = {
			isa = PBXNativeTarget;
			buildConfigurationList = BC604C362384E9E600FA5588 /* Build configuration list for PBXNativeTarget "APIClientUnitTests" */;
			buildPhases = (
				BC604C242384E9E600FA5588 /* Sources */,
				BC604C252384E9E600FA5588 /* Frameworks */,
				BC604C262384E9E600FA5588 /* Resources */,
			);
			buildRules = (
			);
			dependencies = (
				BC604C2B2384E9E600FA5588 /* PBXTargetDependency */,
			);
			name = APIClientUnitTests;
			productName = APIClientTests;
			productReference = BC604C282384E9E600FA5588 /* APIClientUnitTests.xctest */;
			productType = "com.apple.product-type.bundle.unit-test";
		};
/* End PBXNativeTarget section */

/* Begin PBXProject section */
		BC604C162384E9E600FA5588 /* Project object */ = {
			isa = PBXProject;
			attributes = {
				LastSwiftUpdateCheck = 1120;
				LastUpgradeCheck = 1120;
				ORGANIZATIONNAME = FrozenApps;
				TargetAttributes = {
					BC604C1E2384E9E600FA5588 = {
						CreatedOnToolsVersion = 11.2.1;
						LastSwiftMigration = 1120;
					};
					BC604C272384E9E600FA5588 = {
						CreatedOnToolsVersion = 11.2.1;
					};
				};
			};
			buildConfigurationList = BC604C192384E9E600FA5588 /* Build configuration list for PBXProject "APIClient" */;
			compatibilityVersion = "Xcode 9.3";
			developmentRegion = en;
			hasScannedForEncodings = 0;
			knownRegions = (
				en,
				Base,
			);
			mainGroup = BC604C152384E9E600FA5588;
			productRefGroup = BC604C202384E9E600FA5588 /* Products */;
			projectDirPath = "";
			projectRoot = "";
			targets = (
				BC604C1E2384E9E600FA5588 /* APIClient */,
				BC604C272384E9E600FA5588 /* APIClientUnitTests */,
			);
		};
/* End PBXProject section */

/* Begin PBXResourcesBuildPhase section */
		BC604C1D2384E9E600FA5588 /* Resources */ = {
			isa = PBXResourcesBuildPhase;
			buildActionMask = 2147483647;
			files = (
			);
			runOnlyForDeploymentPostprocessing = 0;
		};
		BC604C262384E9E600FA5588 /* Resources */ = {
			isa = PBXResourcesBuildPhase;
			buildActionMask = 2147483647;
			files = (
			);
			runOnlyForDeploymentPostprocessing = 0;
		};
/* End PBXResourcesBuildPhase section */

/* Begin PBXShellScriptBuildPhase section */
		F5A4AC5B28848EBB4CD5FD71 /* [CP] Check Pods Manifest.lock */ = {
			isa = PBXShellScriptBuildPhase;
			buildActionMask = 2147483647;
			files = (
			);
			inputFileListPaths = (
			);
			inputPaths = (
				"${PODS_PODFILE_DIR_PATH}/Podfile.lock",
				"${PODS_ROOT}/Manifest.lock",
			);
			name = "[CP] Check Pods Manifest.lock";
			outputFileListPaths = (
			);
			outputPaths = (
				"$(DERIVED_FILE_DIR)/Pods-APIClient-checkManifestLockResult.txt",
			);
			runOnlyForDeploymentPostprocessing = 0;
			shellPath = /bin/sh;
			shellScript = "diff \"${PODS_PODFILE_DIR_PATH}/Podfile.lock\" \"${PODS_ROOT}/Manifest.lock\" > /dev/null\nif [ $? != 0 ] ; then\n    # print error to STDERR\n    echo \"error: The sandbox is not in sync with the Podfile.lock. Run 'pod install' or update your CocoaPods installation.\" >&2\n    exit 1\nfi\n# This output is used by Xcode 'outputs' to avoid re-running this script phase.\necho \"SUCCESS\" > \"${SCRIPT_OUTPUT_FILE_0}\"\n";
			showEnvVarsInLog = 0;
		};
/* End PBXShellScriptBuildPhase section */

/* Begin PBXSourcesBuildPhase section */
		BC604C1B2384E9E600FA5588 /* Sources */ = {
			isa = PBXSourcesBuildPhase;
			buildActionMask = 2147483647;
			files = (
				BC8BF3B9238AE5E700B754AF /* Stat+Codable.swift in Sources */,
				BCCEDCA323864B4700986E16 /* UsersAPIClienting.swift in Sources */,
				BC8BF3BF238AE71C00B754AF /* UserGamesQuery.swift in Sources */,
				BC8BF3C7238AED7F00B754AF /* GameStatsQuery.swift in Sources */,
				BC8BF3A023896D0200B754AF /* User+Codable.swift in Sources */,
				BCCEDC8D23863B0300986E16 /* NetworkingError.swift in Sources */,
				BCCEDC87238639BD00986E16 /* MethodPath.swift in Sources */,
				BCCEDC9A2386407100986E16 /* UsersQuery.swift in Sources */,
				BC8BF3BB238AE63600B754AF /* Achievement+Codable.swift in Sources */,
				BC45C654238792140096EBD2 /* UserQuery.swift in Sources */,
				BC8BF3B3238AE5B000B754AF /* Game+Codable.swift in Sources */,
				BC93839D239A847E00A147BE /* GameNewsResponse.swift in Sources */,
				BC8BF3C1238AE8A900B754AF /* UserGamesResponse.swift in Sources */,
				BCCEDC8B23863A4E00986E16 /* URLFactory.swift in Sources */,
				BCCEDC9823863E8E00986E16 /* URLExtensions.swift in Sources */,
				BCE32218238AEFA400792F50 /* GamesAPIClienting.swift in Sources */,
				BC8BF3C3238AEC4700B754AF /* GameSchemaResponse.swift in Sources */,
				BCCEDC9123863C9A00986E16 /* QueryItemsRepresentable.swift in Sources */,
				BCE3221A238AEFF700792F50 /* AlamofireGamesAPIClient.swift in Sources */,
				BCCEDC9423863D7C00986E16 /* URLRequestFactoring.swift in Sources */,
				BCE32216238AEF6000792F50 /* UsersResponse.swift in Sources */,
				BCD22C3A238D5B650020885E /* StatValue+Codable.swift in Sources */,
				BCCEDC9623863DF900986E16 /* URLRequestFactory.swift in Sources */,
				BC8BF3C5238AED0A00B754AF /* GameStatsResponse.swift in Sources */,
				BC311C2323867AD600E5F6AC /* Requestable.swift in Sources */,
				BCCEDCA523864C2A00986E16 /* AlamofireUsersAPIClient.swift in Sources */,
				BCD22C39238D5B650020885E /* AchievementValue+Codable.swift in Sources */,
				BC2C9A92239AA699006F7D14 /* GameNewsQuery.swift in Sources */,
				BC93839B239A834700A147BE /* NewsEntry+Codable.swift in Sources */,
				BC8BF3BE238AE71C00B754AF /* GameQuery.swift in Sources */,
				BC45C65223878ED00096EBD2 /* FriendsResponse.swift in Sources */,
				BCCEDC8923863A0F00986E16 /* URLFactoring.swift in Sources */,
			);
			runOnlyForDeploymentPostprocessing = 0;
		};
		BC604C242384E9E600FA5588 /* Sources */ = {
			isa = PBXSourcesBuildPhase;
			buildActionMask = 2147483647;
			files = (
				BC604C2E2384E9E600FA5588 /* APIClientTests.swift in Sources */,
			);
			runOnlyForDeploymentPostprocessing = 0;
		};
/* End PBXSourcesBuildPhase section */

/* Begin PBXTargetDependency section */
		BC604C2B2384E9E600FA5588 /* PBXTargetDependency */ = {
			isa = PBXTargetDependency;
			target = BC604C1E2384E9E600FA5588 /* APIClient */;
			targetProxy = BC604C2A2384E9E600FA5588 /* PBXContainerItemProxy */;
		};
/* End PBXTargetDependency section */

/* Begin XCBuildConfiguration section */
		BC604C312384E9E600FA5588 /* Debug */ = {
			isa = XCBuildConfiguration;
			buildSettings = {
				ALWAYS_SEARCH_USER_PATHS = NO;
				CLANG_ANALYZER_NONNULL = YES;
				CLANG_ANALYZER_NUMBER_OBJECT_CONVERSION = YES_AGGRESSIVE;
				CLANG_CXX_LANGUAGE_STANDARD = "gnu++14";
				CLANG_CXX_LIBRARY = "libc++";
				CLANG_ENABLE_MODULES = YES;
				CLANG_ENABLE_OBJC_ARC = YES;
				CLANG_ENABLE_OBJC_WEAK = YES;
				CLANG_WARN_BLOCK_CAPTURE_AUTORELEASING = YES;
				CLANG_WARN_BOOL_CONVERSION = YES;
				CLANG_WARN_COMMA = YES;
				CLANG_WARN_CONSTANT_CONVERSION = YES;
				CLANG_WARN_DEPRECATED_OBJC_IMPLEMENTATIONS = YES;
				CLANG_WARN_DIRECT_OBJC_ISA_USAGE = YES_ERROR;
				CLANG_WARN_DOCUMENTATION_COMMENTS = YES;
				CLANG_WARN_EMPTY_BODY = YES;
				CLANG_WARN_ENUM_CONVERSION = YES;
				CLANG_WARN_INFINITE_RECURSION = YES;
				CLANG_WARN_INT_CONVERSION = YES;
				CLANG_WARN_NON_LITERAL_NULL_CONVERSION = YES;
				CLANG_WARN_OBJC_IMPLICIT_RETAIN_SELF = YES;
				CLANG_WARN_OBJC_LITERAL_CONVERSION = YES;
				CLANG_WARN_OBJC_ROOT_CLASS = YES_ERROR;
				CLANG_WARN_RANGE_LOOP_ANALYSIS = YES;
				CLANG_WARN_STRICT_PROTOTYPES = YES;
				CLANG_WARN_SUSPICIOUS_MOVE = YES;
				CLANG_WARN_UNGUARDED_AVAILABILITY = YES_AGGRESSIVE;
				CLANG_WARN_UNREACHABLE_CODE = YES;
				CLANG_WARN__DUPLICATE_METHOD_MATCH = YES;
				COPY_PHASE_STRIP = NO;
				CURRENT_PROJECT_VERSION = 1;
				DEBUG_INFORMATION_FORMAT = dwarf;
				ENABLE_STRICT_OBJC_MSGSEND = YES;
				ENABLE_TESTABILITY = YES;
				GCC_C_LANGUAGE_STANDARD = gnu11;
				GCC_DYNAMIC_NO_PIC = NO;
				GCC_NO_COMMON_BLOCKS = YES;
				GCC_OPTIMIZATION_LEVEL = 0;
				GCC_PREPROCESSOR_DEFINITIONS = (
					"DEBUG=1",
					"$(inherited)",
				);
				GCC_WARN_64_TO_32_BIT_CONVERSION = YES;
				GCC_WARN_ABOUT_RETURN_TYPE = YES_ERROR;
				GCC_WARN_UNDECLARED_SELECTOR = YES;
				GCC_WARN_UNINITIALIZED_AUTOS = YES_AGGRESSIVE;
				GCC_WARN_UNUSED_FUNCTION = YES;
				GCC_WARN_UNUSED_VARIABLE = YES;
				IPHONEOS_DEPLOYMENT_TARGET = 10.0;
				MTL_ENABLE_DEBUG_INFO = INCLUDE_SOURCE;
				MTL_FAST_MATH = YES;
				ONLY_ACTIVE_ARCH = YES;
				SDKROOT = iphoneos;
				SWIFT_ACTIVE_COMPILATION_CONDITIONS = DEBUG;
				SWIFT_OPTIMIZATION_LEVEL = "-Onone";
				VERSIONING_SYSTEM = "apple-generic";
				VERSION_INFO_PREFIX = "";
			};
			name = Debug;
		};
		BC604C322384E9E600FA5588 /* Release */ = {
			isa = XCBuildConfiguration;
			buildSettings = {
				ALWAYS_SEARCH_USER_PATHS = NO;
				CLANG_ANALYZER_NONNULL = YES;
				CLANG_ANALYZER_NUMBER_OBJECT_CONVERSION = YES_AGGRESSIVE;
				CLANG_CXX_LANGUAGE_STANDARD = "gnu++14";
				CLANG_CXX_LIBRARY = "libc++";
				CLANG_ENABLE_MODULES = YES;
				CLANG_ENABLE_OBJC_ARC = YES;
				CLANG_ENABLE_OBJC_WEAK = YES;
				CLANG_WARN_BLOCK_CAPTURE_AUTORELEASING = YES;
				CLANG_WARN_BOOL_CONVERSION = YES;
				CLANG_WARN_COMMA = YES;
				CLANG_WARN_CONSTANT_CONVERSION = YES;
				CLANG_WARN_DEPRECATED_OBJC_IMPLEMENTATIONS = YES;
				CLANG_WARN_DIRECT_OBJC_ISA_USAGE = YES_ERROR;
				CLANG_WARN_DOCUMENTATION_COMMENTS = YES;
				CLANG_WARN_EMPTY_BODY = YES;
				CLANG_WARN_ENUM_CONVERSION = YES;
				CLANG_WARN_INFINITE_RECURSION = YES;
				CLANG_WARN_INT_CONVERSION = YES;
				CLANG_WARN_NON_LITERAL_NULL_CONVERSION = YES;
				CLANG_WARN_OBJC_IMPLICIT_RETAIN_SELF = YES;
				CLANG_WARN_OBJC_LITERAL_CONVERSION = YES;
				CLANG_WARN_OBJC_ROOT_CLASS = YES_ERROR;
				CLANG_WARN_RANGE_LOOP_ANALYSIS = YES;
				CLANG_WARN_STRICT_PROTOTYPES = YES;
				CLANG_WARN_SUSPICIOUS_MOVE = YES;
				CLANG_WARN_UNGUARDED_AVAILABILITY = YES_AGGRESSIVE;
				CLANG_WARN_UNREACHABLE_CODE = YES;
				CLANG_WARN__DUPLICATE_METHOD_MATCH = YES;
				COPY_PHASE_STRIP = NO;
				CURRENT_PROJECT_VERSION = 1;
				DEBUG_INFORMATION_FORMAT = "dwarf-with-dsym";
				ENABLE_NS_ASSERTIONS = NO;
				ENABLE_STRICT_OBJC_MSGSEND = YES;
				GCC_C_LANGUAGE_STANDARD = gnu11;
				GCC_NO_COMMON_BLOCKS = YES;
				GCC_WARN_64_TO_32_BIT_CONVERSION = YES;
				GCC_WARN_ABOUT_RETURN_TYPE = YES_ERROR;
				GCC_WARN_UNDECLARED_SELECTOR = YES;
				GCC_WARN_UNINITIALIZED_AUTOS = YES_AGGRESSIVE;
				GCC_WARN_UNUSED_FUNCTION = YES;
				GCC_WARN_UNUSED_VARIABLE = YES;
				IPHONEOS_DEPLOYMENT_TARGET = 10.0;
				MTL_ENABLE_DEBUG_INFO = NO;
				MTL_FAST_MATH = YES;
				SDKROOT = iphoneos;
				SWIFT_COMPILATION_MODE = wholemodule;
				SWIFT_OPTIMIZATION_LEVEL = "-O";
				VALIDATE_PRODUCT = YES;
				VERSIONING_SYSTEM = "apple-generic";
				VERSION_INFO_PREFIX = "";
			};
			name = Release;
		};
		BC604C342384E9E600FA5588 /* Debug */ = {
			isa = XCBuildConfiguration;
			baseConfigurationReference = 54C0CB38BC28C7F4B36CBA98 /* Pods-APIClient.debug.xcconfig */;
			buildSettings = {
				CLANG_ENABLE_MODULES = YES;
				CODE_SIGN_STYLE = Automatic;
				DEFINES_MODULE = YES;
				DYLIB_COMPATIBILITY_VERSION = 1;
				DYLIB_CURRENT_VERSION = 1;
				DYLIB_INSTALL_NAME_BASE = "@rpath";
				INFOPLIST_FILE = Main/Info.plist;
				INSTALL_PATH = "$(LOCAL_LIBRARY_DIR)/Frameworks";
				LD_RUNPATH_SEARCH_PATHS = (
					"$(inherited)",
					"@executable_path/Frameworks",
					"@loader_path/Frameworks",
				);
				PRODUCT_BUNDLE_IDENTIFIER = com.frozenlion.steamanalytics.APIClient;
				PRODUCT_NAME = "$(TARGET_NAME:c99extidentifier)";
				SKIP_INSTALL = YES;
				SWIFT_INSTALL_OBJC_HEADER = NO;
				SWIFT_OPTIMIZATION_LEVEL = "-Onone";
				SWIFT_VERSION = 5.0;
				TARGETED_DEVICE_FAMILY = "1,2";
			};
			name = Debug;
		};
		BC604C352384E9E600FA5588 /* Release */ = {
			isa = XCBuildConfiguration;
			baseConfigurationReference = DB4604C46AF491F0DE03C219 /* Pods-APIClient.release.xcconfig */;
			buildSettings = {
				CLANG_ENABLE_MODULES = YES;
				CODE_SIGN_STYLE = Automatic;
				DEFINES_MODULE = YES;
				DYLIB_COMPATIBILITY_VERSION = 1;
				DYLIB_CURRENT_VERSION = 1;
				DYLIB_INSTALL_NAME_BASE = "@rpath";
				INFOPLIST_FILE = Main/Info.plist;
				INSTALL_PATH = "$(LOCAL_LIBRARY_DIR)/Frameworks";
				LD_RUNPATH_SEARCH_PATHS = (
					"$(inherited)",
					"@executable_path/Frameworks",
					"@loader_path/Frameworks",
				);
				PRODUCT_BUNDLE_IDENTIFIER = com.frozenlion.steamanalytics.APIClient;
				PRODUCT_NAME = "$(TARGET_NAME:c99extidentifier)";
				SKIP_INSTALL = YES;
				SWIFT_INSTALL_OBJC_HEADER = NO;
				SWIFT_VERSION = 5.0;
				TARGETED_DEVICE_FAMILY = "1,2";
			};
			name = Release;
		};
		BC604C372384E9E600FA5588 /* Debug */ = {
			isa = XCBuildConfiguration;
			buildSettings = {
				ALWAYS_EMBED_SWIFT_STANDARD_LIBRARIES = YES;
				CODE_SIGN_STYLE = Automatic;
				INFOPLIST_FILE = UnitTests/Info.plist;
				LD_RUNPATH_SEARCH_PATHS = (
					"$(inherited)",
					"@executable_path/Frameworks",
					"@loader_path/Frameworks",
				);
				PRODUCT_BUNDLE_IDENTIFIER = com.frozenlion.steamanalytics.APIClientTests;
				PRODUCT_NAME = "$(TARGET_NAME)";
				SWIFT_VERSION = 5.0;
				TARGETED_DEVICE_FAMILY = "1,2";
			};
			name = Debug;
		};
		BC604C382384E9E600FA5588 /* Release */ = {
			isa = XCBuildConfiguration;
			buildSettings = {
				ALWAYS_EMBED_SWIFT_STANDARD_LIBRARIES = YES;
				CODE_SIGN_STYLE = Automatic;
				INFOPLIST_FILE = UnitTests/Info.plist;
				LD_RUNPATH_SEARCH_PATHS = (
					"$(inherited)",
					"@executable_path/Frameworks",
					"@loader_path/Frameworks",
				);
				PRODUCT_BUNDLE_IDENTIFIER = com.frozenlion.steamanalytics.APIClientTests;
				PRODUCT_NAME = "$(TARGET_NAME)";
				SWIFT_VERSION = 5.0;
				TARGETED_DEVICE_FAMILY = "1,2";
			};
			name = Release;
		};
/* End XCBuildConfiguration section */

/* Begin XCConfigurationList section */
		BC604C192384E9E600FA5588 /* Build configuration list for PBXProject "APIClient" */ = {
			isa = XCConfigurationList;
			buildConfigurations = (
				BC604C312384E9E600FA5588 /* Debug */,
				BC604C322384E9E600FA5588 /* Release */,
			);
			defaultConfigurationIsVisible = 0;
			defaultConfigurationName = Release;
		};
		BC604C332384E9E600FA5588 /* Build configuration list for PBXNativeTarget "APIClient" */ = {
			isa = XCConfigurationList;
			buildConfigurations = (
				BC604C342384E9E600FA5588 /* Debug */,
				BC604C352384E9E600FA5588 /* Release */,
			);
			defaultConfigurationIsVisible = 0;
			defaultConfigurationName = Release;
		};
		BC604C362384E9E600FA5588 /* Build configuration list for PBXNativeTarget "APIClientUnitTests" */ = {
			isa = XCConfigurationList;
			buildConfigurations = (
				BC604C372384E9E600FA5588 /* Debug */,
				BC604C382384E9E600FA5588 /* Release */,
			);
			defaultConfigurationIsVisible = 0;
			defaultConfigurationName = Release;
		};
/* End XCConfigurationList section */
	};
	rootObject = BC604C162384E9E600FA5588 /* Project object */;
}
